<?xml version="1.0" encoding="utf-8"?>
<Project ToolsVersion="15.0" xmlns="http://schemas.microsoft.com/developer/msbuild/2003">
  <ItemGroup>
    <Filter Include="Resources">
      <UniqueIdentifier>accd3aa8-1ba0-4223-9bbe-0c431709210b</UniqueIdentifier>
      <Extensions>rc;ico;cur;bmp;dlg;rc2;rct;bin;rgs;gif;jpg;jpeg;jpe;resx;tga;tiff;tif;png;wav;mfcribbon-ms</Extensions>
    </Filter>
    <Filter Include="Generated Files">
      <UniqueIdentifier>{926ab91d-31b4-48c3-b9a4-e681349f27f0}</UniqueIdentifier>
    </Filter>
  </ItemGroup>
  <ItemGroup>
    <ClCompile Include="pch.cpp" />
    <ClCompile Include="ProjectItem.cpp" />
    <ClCompile Include="$(GeneratedFilesDir)module.g.cpp" />
    <ClCompile Include="PhotobookWin.cpp" />
    <ClCompile Include="ImageUIData.cpp" />
    <ClCompile Include="PlatformHelper.cpp" />
    <ClCompile Include="PhotobookListener.cpp" />
    <ClCompile Include="ImageMonitor.cpp" />
    <ClCompile Include="ImageResources.cpp" />
    <ClCompile Include="ImageViews.cpp" />
    <ClCompile Include="PBError.cpp" />
    <ClCompile Include="ProgressInfo.cpp" />
    <ClCompile Include="StagedImages.cpp" />
    <ClCompile Include="VirtualImagePtr.cpp" />
    <ClCompile Include="Settings.cpp" />
    <ClCompile Include="PaperSettings.cpp" />
    <ClCompile Include="Project.cpp" />
    <ClCompile Include="ProjectMetadataEntry.cpp" />
    <ClCompile Include="VICollectionStatefulIterator.cpp" />
    <ClCompile Include="StagedImagesListener.cpp" />
  </ItemGroup>
  <ItemGroup>
    <ClInclude Include="pch.h" />
    <ClInclude Include="PhotobookWin.h" />
    <ClInclude Include="ImageUIData.h" />
    <ClInclude Include="PlatformHelper.h" />
    <ClInclude Include="PhotobookListener.h" />
    <ClInclude Include="ProgressInfo.h" />
    <ClInclude Include="VirtualImagePtr.h" />
    <ClInclude Include="Settings.h" />
    <ClInclude Include="ProjectMetadataEntry.h" />
    <ClInclude Include="VICollectionStatefulIterator.h" />
    <ClInclude Include="StagedImagesListener.h" />
  </ItemGroup>
  <ItemGroup>
    <Midl Include="PhotobookWin.idl" />
    <Midl Include="ImageUIData.idl" />
    <Midl Include="ProjectItem.idl" />
    <Midl Include="PhotobookListener.idl" />
    <Midl Include="ProgressInfo.idl" />
    <Midl Include="VirtualImagePtr.idl" />
    <Midl Include="Settings.idl" />
    <Midl Include="ProjectMetadataEntry.idl" />
    <Midl Include="VICollectionStatefulIterator.idl" />
    <Midl Include="PBError.idl" />
    <Midl Include="ImageResources.idl" />
    <Midl Include="StagedImages.idl" />
    <Midl Include="ImageMonitor.idl" />
    <Midl Include="ImageViews.idl" />
    <Midl Include="Project.idl" />
    <Midl Include="PaperSettings.idl" />
    <Midl Include="StagedImagesListener.idl" />
    <Midl Include="ImageMonitorListener.idl" />
    <Midl Include="Int32Pair.idl" />
  </ItemGroup>
  <ItemGroup>
    <None Include="PhotobookRuntimeComponent.def" />
    <None Include="packages.config" />
  </ItemGroup>
  <ItemGroup>
    <Text Include="readme.txt" />
  </ItemGroup>
  <ItemGroup>
    <Natvis Include="$(MSBuildThisFileDirectory)..\..\natvis\wil.natvis" />
  </ItemGroup>
</Project>