
Microsoft Visual Studio Solution File, Format Version 12.00
# Visual Studio Version 17
VisualStudioVersion = 17.7.34018.315
MinimumVisualStudioVersion = 10.0.40219.1
Project("{FAE04EC0-301F-11D3-BF4B-00C04F79EFBC}") = "EasyPhotoBook", "EasyPhotoBook\EasyPhotoBook.csproj", "{39878B8B-B5E0-4FF0-BDD2-276644D867A7}"
EndProject
Global
	GlobalSection(SolutionConfigurationPlatforms) = preSolution
		Debug|Any CPU = Debug|Any CPU
		Release|Any CPU = Release|Any CPU
	EndGlobalSection
	GlobalSection(ProjectConfigurationPlatforms) = postSolution
		{39878B8B-B5E0-4FF0-BDD2-276644D867A7}.Debug|Any CPU.ActiveCfg = Debug|Any CPU
		{39878B8B-B5E0-4FF0-BDD2-276644D867A7}.Debug|Any CPU.Build.0 = Debug|Any CPU
		{39878B8B-B5E0-4FF0-BDD2-276644D867A7}.Debug|Any CPU.Deploy.0 = Debug|Any CPU
		{39878B8B-B5E0-4FF0-BDD2-276644D867A7}.Release|Any CPU.ActiveCfg = Release|Any CPU
		{39878B8B-B5E0-4FF0-BDD2-276644D867A7}.Release|Any CPU.Build.0 = Release|Any CPU
		{39878B8B-B5E0-4FF0-BDD2-276644D867A7}.Release|Any CPU.Deploy.0 = Release|Any CPU
	EndGlobalSection
	GlobalSection(SolutionProperties) = preSolution
		HideSolutionNode = FALSE
	EndGlobalSection
	GlobalSection(ExtensibilityGlobals) = postSolution
		SolutionGuid = {F9F83FCD-822B-4653-B0D6-29EAD1B12867}
	EndGlobalSection
EndGlobal
