// !$*UTF8*$!
{
	archiveVersion = 1;
	classes = {
	};
	objectVersion = 77;
	objects = {

/* Begin PBXBuildFile section */
		73023A3C2CD7B9FD005EA3CF /* PhotobookUIListener.swift in Sources */ = {isa = PBXBuildFile; fileRef = 73023A3B2CD7B9F3005EA3CF /* PhotobookUIListener.swift */; };
		73049E212C160EA9009EA667 /* PhotoBook-Bridging-Header.m in Sources */ = {isa = PBXBuildFile; fileRef = 73049E202C160EA9009EA667 /* PhotoBook-Bridging-Header.m */; };
		73049EB72C162BDB009EA667 /* OpenCL.framework in Frameworks */ = {isa = PBXBuildFile; fileRef = 73049EB62C162BDB009EA667 /* OpenCL.framework */; platformFilters = (macos, ); };
		7321EB862C18B8E800B3D27F /* Photobook.mm in Sources */ = {isa = PBXBuildFile; fileRef = 7321EB852C18B8E800B3D27F /* Photobook.mm */; };
		7356B06B2D16D12A0019FAEB /* NoirUIListener.swift in Sources */ = {isa = PBXBuildFile; fileRef = 7356B06A2D16D11D0019FAEB /* NoirUIListener.swift */; };
		737EEE7E2D4E4090003C342E /* Info.plist in Resources */ = {isa = PBXBuildFile; fileRef = 737EEE7D2D4E4090003C342E /* Info.plist */; };
		737EEEE32D4FBF95003C342E /* Bugsnag in Frameworks */ = {isa = PBXBuildFile; productRef = 737EEEE22D4FBF95003C342E /* Bugsnag */; };
		737EEEE52D4FBF95003C342E /* BugsnagNetworkRequestPlugin in Frameworks */ = {isa = PBXBuildFile; productRef = 737EEEE42D4FBF95003C342E /* BugsnagNetworkRequestPlugin */; };
		737EEEE72D4FC16C003C342E /* Bugsnag in Frameworks */ = {isa = PBXBuildFile; productRef = 737EEEE62D4FC16C003C342E /* Bugsnag */; };
		737EEEE92D4FC16C003C342E /* BugsnagNetworkRequestPlugin in Frameworks */ = {isa = PBXBuildFile; productRef = 737EEEE82D4FC16C003C342E /* BugsnagNetworkRequestPlugin */; };
		7391647E2CC4F7E200703394 /* svg-templates in Resources */ = {isa = PBXBuildFile; fileRef = 7391647A2CC4F7E200703394 /* svg-templates */; };
		7391647F2CC4F7E200703394 /* shaders in Resources */ = {isa = PBXBuildFile; fileRef = 7391647B2CC4F7E200703394 /* shaders */; };
		739164802CC4F7E200703394 /* film-luts in Resources */ = {isa = PBXBuildFile; fileRef = 7391647C2CC4F7E200703394 /* film-luts */; };
		739164812CC4F7E200703394 /* others in Resources */ = {isa = PBXBuildFile; fileRef = 7391647D2CC4F7E200703394 /* others */; };
		739DA5E32CDA98A800CB0B58 /* ColorExtension.swift in Sources */ = {isa = PBXBuildFile; fileRef = 739DA5E22CDA98A100CB0B58 /* ColorExtension.swift */; };
		73C4ECA62AA0C0E3006C4108 /* Assets.xcassets in Resources */ = {isa = PBXBuildFile; fileRef = 73C4ECA52AA0C0E3006C4108 /* Assets.xcassets */; };
		73C4ECAA2AA0C0E3006C4108 /* Preview Assets.xcassets in Resources */ = {isa = PBXBuildFile; fileRef = 73C4ECA92AA0C0E3006C4108 /* Preview Assets.xcassets */; };
		73C4ECB42AA0C0E3006C4108 /* PhotoBookTests.swift in Sources */ = {isa = PBXBuildFile; fileRef = 73C4ECB32AA0C0E3006C4108 /* PhotoBookTests.swift */; };
		73C4ECBE2AA0C0E3006C4108 /* PhotoBookUITests.swift in Sources */ = {isa = PBXBuildFile; fileRef = 73C4ECBD2AA0C0E3006C4108 /* PhotoBookUITests.swift */; };
		73C4ECC02AA0C0E3006C4108 /* PhotoBookUITestsLaunchTests.swift in Sources */ = {isa = PBXBuildFile; fileRef = 73C4ECBF2AA0C0E3006C4108 /* PhotoBookUITestsLaunchTests.swift */; };
		73F364092D7CB41000108765 /* PhotoLinesModel.swift in Sources */ = {isa = PBXBuildFile; fileRef = 73F364082D7CB40B00108765 /* PhotoLinesModel.swift */; };
		73F93E592D87055000C388A1 /* Photobook.mm in Sources */ = {isa = PBXBuildFile; fileRef = 7321EB852C18B8E800B3D27F /* Photobook.mm */; };
		73F93E5A2D87055000C388A1 /* ColorExtension.swift in Sources */ = {isa = PBXBuildFile; fileRef = 739DA5E22CDA98A100CB0B58 /* ColorExtension.swift */; };
		73F93E5B2D87055000C388A1 /* PhotoBook-Bridging-Header.m in Sources */ = {isa = PBXBuildFile; fileRef = 73049E202C160EA9009EA667 /* PhotoBook-Bridging-Header.m */; };
		73F93E5C2D87055000C388A1 /* NoirUIListener.swift in Sources */ = {isa = PBXBuildFile; fileRef = 7356B06A2D16D11D0019FAEB /* NoirUIListener.swift */; };
		73F93E5D2D87055000C388A1 /* PhotoLinesModel.swift in Sources */ = {isa = PBXBuildFile; fileRef = 73F364082D7CB40B00108765 /* PhotoLinesModel.swift */; };
		73F93E5E2D87055000C388A1 /* PhotobookUIListener.swift in Sources */ = {isa = PBXBuildFile; fileRef = 73023A3B2CD7B9F3005EA3CF /* PhotobookUIListener.swift */; };
		73F93E662D87055000C388A1 /* svg-templates in Resources */ = {isa = PBXBuildFile; fileRef = 7391647A2CC4F7E200703394 /* svg-templates */; };
		73F93E672D87055000C388A1 /* shaders in Resources */ = {isa = PBXBuildFile; fileRef = 7391647B2CC4F7E200703394 /* shaders */; };
		73F93E682D87055000C388A1 /* film-luts in Resources */ = {isa = PBXBuildFile; fileRef = 7391647C2CC4F7E200703394 /* film-luts */; };
		73F93E692D87055000C388A1 /* others in Resources */ = {isa = PBXBuildFile; fileRef = 7391647D2CC4F7E200703394 /* others */; };
		73F93E6A2D87055000C388A1 /* Preview Assets.xcassets in Resources */ = {isa = PBXBuildFile; fileRef = 73C4ECA92AA0C0E3006C4108 /* Preview Assets.xcassets */; };
		73F93E6B2D87055000C388A1 /* Info.plist in Resources */ = {isa = PBXBuildFile; fileRef = 737EEE7D2D4E4090003C342E /* Info.plist */; };
		73F93E6C2D87055000C388A1 /* Assets.xcassets in Resources */ = {isa = PBXBuildFile; fileRef = 73C4ECA52AA0C0E3006C4108 /* Assets.xcassets */; };
		73F947702D870B5300C388A1 /* libiconv.tbd in Frameworks */ = {isa = PBXBuildFile; fileRef = 73F9476F2D870B4000C388A1 /* libiconv.tbd */; };
		73F948E62D870EB100C388A1 /* Bugsnag in Frameworks */ = {isa = PBXBuildFile; productRef = 73F948E52D870EB100C388A1 /* Bugsnag */; };
		73F948E82D870EB100C388A1 /* BugsnagNetworkRequestPlugin in Frameworks */ = {isa = PBXBuildFile; productRef = 73F948E72D870EB100C388A1 /* BugsnagNetworkRequestPlugin */; };
		73F949362D8710FE00C388A1 /* libiconv.tbd in Frameworks */ = {isa = PBXBuildFile; fileRef = 73F9476F2D870B4000C388A1 /* libiconv.tbd */; };
/* End PBXBuildFile section */

/* Begin PBXContainerItemProxy section */
		734C64FE2CFBA4A700F8F9D6 /* PBXContainerItemProxy */ = {
			isa = PBXContainerItemProxy;
			containerPortal = 734C64DD2CFBA4A400F8F9D6 /* all.xcodeproj */;
			proxyType = 2;
			remoteGlobalIDString = 1E32C771B4E795FF82CAD210;
			remoteInfo = sources;
		};
		73C4ECB02AA0C0E3006C4108 /* PBXContainerItemProxy */ = {
			isa = PBXContainerItemProxy;
			containerPortal = 73C4EC962AA0C0E0006C4108 /* Project object */;
			proxyType = 1;
			remoteGlobalIDString = 73C4EC9D2AA0C0E1006C4108;
			remoteInfo = PhotoBook;
		};
		73C4ECBA2AA0C0E3006C4108 /* PBXContainerItemProxy */ = {
			isa = PBXContainerItemProxy;
			containerPortal = 73C4EC962AA0C0E0006C4108 /* Project object */;
			proxyType = 1;
			remoteGlobalIDString = 73C4EC9D2AA0C0E1006C4108;
			remoteInfo = PhotoBook;
		};
/* End PBXContainerItemProxy section */

/* Begin PBXCopyFilesBuildPhase section */
		73F948EC2D870F1C00C388A1 /* Embed Frameworks */ = {
			isa = PBXCopyFilesBuildPhase;
			buildActionMask = 2147483647;
			dstPath = "";
			dstSubfolderSpec = 10;
			files = (
			);
			name = "Embed Frameworks";
			runOnlyForDeploymentPostprocessing = 0;
		};
		73F949382D8711D300C388A1 /* Embed Libraries */ = {
			isa = PBXCopyFilesBuildPhase;
			buildActionMask = 2147483647;
			dstPath = "";
			dstSubfolderSpec = 10;
			files = (
			);
			name = "Embed Libraries";
			runOnlyForDeploymentPostprocessing = 0;
		};
/* End PBXCopyFilesBuildPhase section */

/* Begin PBXFileReference section */
		73023A3B2CD7B9F3005EA3CF /* PhotobookUIListener.swift */ = {isa = PBXFileReference; lastKnownFileType = sourcecode.swift; path = PhotobookUIListener.swift; sourceTree = "<group>"; };
		7302B2E42C15F06B003777D1 /* PhotoBook-Bridging-Header.h */ = {isa = PBXFileReference; explicitFileType = sourcecode.c.h; path = "PhotoBook-Bridging-Header.h"; sourceTree = "<group>"; };
		73049E202C160EA9009EA667 /* PhotoBook-Bridging-Header.m */ = {isa = PBXFileReference; lastKnownFileType = sourcecode.c.objc; path = "PhotoBook-Bridging-Header.m"; sourceTree = "<group>"; };
		73049EB62C162BDB009EA667 /* OpenCL.framework */ = {isa = PBXFileReference; lastKnownFileType = wrapper.framework; name = OpenCL.framework; path = System/Library/Frameworks/OpenCL.framework; sourceTree = SDKROOT; };
		7321EB842C18B7F800B3D27F /* Photobook.h */ = {isa = PBXFileReference; explicitFileType = sourcecode.c.h; path = Photobook.h; sourceTree = "<group>"; };
		7321EB852C18B8E800B3D27F /* Photobook.mm */ = {isa = PBXFileReference; explicitFileType = sourcecode.cpp.objcpp; fileEncoding = 4; path = Photobook.mm; sourceTree = "<group>"; };
		734C64DD2CFBA4A400F8F9D6 /* all.xcodeproj */ = {isa = PBXFileReference; lastKnownFileType = "wrapper.pb-project"; name = all.xcodeproj; path = "/Users/cosminmihai/cpp-exercise-photobook/PB/third-party/osx/skia/x86_64/all.xcodeproj"; sourceTree = "<absolute>"; };
		7356B06A2D16D11D0019FAEB /* NoirUIListener.swift */ = {isa = PBXFileReference; lastKnownFileType = sourcecode.swift; path = NoirUIListener.swift; sourceTree = "<group>"; };
		737EEE7D2D4E4090003C342E /* Info.plist */ = {isa = PBXFileReference; lastKnownFileType = text.plist.xml; path = Info.plist; sourceTree = "<group>"; };
		7391647A2CC4F7E200703394 /* svg-templates */ = {isa = PBXFileReference; lastKnownFileType = folder; name = "svg-templates"; path = "../../PB/pb-assets/svg-templates"; sourceTree = "<group>"; };
		7391647B2CC4F7E200703394 /* shaders */ = {isa = PBXFileReference; lastKnownFileType = folder; name = shaders; path = "../../PB/pb-assets/shaders"; sourceTree = "<group>"; };
		7391647C2CC4F7E200703394 /* film-luts */ = {isa = PBXFileReference; lastKnownFileType = folder; name = "film-luts"; path = "../../PB/pb-assets/film-luts"; sourceTree = "<group>"; };
		7391647D2CC4F7E200703394 /* others */ = {isa = PBXFileReference; lastKnownFileType = folder; name = others; path = "../../PB/pb-assets/others"; sourceTree = "<group>"; };
		7391648C2CC575E900703394 /* Foundation.framework */ = {isa = PBXFileReference; lastKnownFileType = wrapper.framework; name = Foundation.framework; path = Platforms/iPhoneOS.platform/Developer/SDKs/iPhoneOS18.0.sdk/System/Library/Frameworks/Foundation.framework; sourceTree = DEVELOPER_DIR; };
		739DA5E22CDA98A100CB0B58 /* ColorExtension.swift */ = {isa = PBXFileReference; lastKnownFileType = sourcecode.swift; path = ColorExtension.swift; sourceTree = "<group>"; };
		73C4EC9E2AA0C0E1006C4108 /* PhotoBook.app */ = {isa = PBXFileReference; explicitFileType = wrapper.application; includeInIndex = 0; path = PhotoBook.app; sourceTree = BUILT_PRODUCTS_DIR; };
		73C4ECA52AA0C0E3006C4108 /* Assets.xcassets */ = {isa = PBXFileReference; lastKnownFileType = folder.assetcatalog; path = Assets.xcassets; sourceTree = "<group>"; };
		73C4ECA72AA0C0E3006C4108 /* PhotoBook.entitlements */ = {isa = PBXFileReference; lastKnownFileType = text.plist.entitlements; path = PhotoBook.entitlements; sourceTree = "<group>"; };
		73C4ECA92AA0C0E3006C4108 /* Preview Assets.xcassets */ = {isa = PBXFileReference; lastKnownFileType = folder.assetcatalog; path = "Preview Assets.xcassets"; sourceTree = "<group>"; };
		73C4ECAF2AA0C0E3006C4108 /* PhotoBookTests.xctest */ = {isa = PBXFileReference; explicitFileType = wrapper.cfbundle; includeInIndex = 0; path = PhotoBookTests.xctest; sourceTree = BUILT_PRODUCTS_DIR; };
		73C4ECB32AA0C0E3006C4108 /* PhotoBookTests.swift */ = {isa = PBXFileReference; lastKnownFileType = sourcecode.swift; path = PhotoBookTests.swift; sourceTree = "<group>"; };
		73C4ECB92AA0C0E3006C4108 /* PhotoBookUITests.xctest */ = {isa = PBXFileReference; explicitFileType = wrapper.cfbundle; includeInIndex = 0; path = PhotoBookUITests.xctest; sourceTree = BUILT_PRODUCTS_DIR; };
		73C4ECBD2AA0C0E3006C4108 /* PhotoBookUITests.swift */ = {isa = PBXFileReference; lastKnownFileType = sourcecode.swift; path = PhotoBookUITests.swift; sourceTree = "<group>"; };
		73C4ECBF2AA0C0E3006C4108 /* PhotoBookUITestsLaunchTests.swift */ = {isa = PBXFileReference; lastKnownFileType = sourcecode.swift; path = PhotoBookUITestsLaunchTests.swift; sourceTree = "<group>"; };
		73F364082D7CB40B00108765 /* PhotoLinesModel.swift */ = {isa = PBXFileReference; lastKnownFileType = sourcecode.swift; path = PhotoLinesModel.swift; sourceTree = "<group>"; };
		73F93E702D87055000C388A1 /* PhotoBook-Release.app */ = {isa = PBXFileReference; explicitFileType = wrapper.application; includeInIndex = 0; path = "PhotoBook-Release.app"; sourceTree = BUILT_PRODUCTS_DIR; };
		73F93E7D2D87055100C388A1 /* PhotoBook copy-Info.plist */ = {isa = PBXFileReference; lastKnownFileType = text.plist.xml; name = "PhotoBook copy-Info.plist"; path = "/Users/cosminmihai/cpp-exercise-photobook/osx/PhotoBook/PhotoBook copy-Info.plist"; sourceTree = "<absolute>"; };
		73F9476F2D870B4000C388A1 /* libiconv.tbd */ = {isa = PBXFileReference; lastKnownFileType = "sourcecode.text-based-dylib-definition"; name = libiconv.tbd; path = Platforms/iPhoneOS.platform/Developer/SDKs/iPhoneOS18.2.sdk/usr/lib/libiconv.tbd; sourceTree = DEVELOPER_DIR; };
		73F948E92D870F1C00C388A1 /* XCTest.framework */ = {isa = PBXFileReference; lastKnownFileType = wrapper.framework; name = XCTest.framework; path = Platforms/MacOSX.platform/Developer/Library/Frameworks/XCTest.framework; sourceTree = DEVELOPER_DIR; };
/* End PBXFileReference section */

/* Begin PBXFileSystemSynchronizedGroupBuildPhaseMembershipExceptionSet section */
		73F97C462D88B41C00C388A1 /* Exceptions for "macos-debug" folder in "Embed Libraries" phase from "PhotoBook" target */ = {
			isa = PBXFileSystemSynchronizedGroupBuildPhaseMembershipExceptionSet;
			attributesByRelativePath = {
				libvulkan.1.3.296.dylib = (CodeSignOnCopy, );
				libvulkan.1.dylib = (CodeSignOnCopy, );
				libvulkan.dylib = (CodeSignOnCopy, );
			};
			buildPhase = 73F949382D8711D300C388A1 /* Embed Libraries */;
			membershipExceptions = (
				libvulkan.1.3.296.dylib,
				libvulkan.1.dylib,
				libvulkan.dylib,
			);
		};
		73F97C4A2D88B43100C388A1 /* Exceptions for "macos-release" folder in "Embed Frameworks" phase from "PhotoBook-Release" target */ = {
			isa = PBXFileSystemSynchronizedGroupBuildPhaseMembershipExceptionSet;
			attributesByRelativePath = {
				libvulkan.1.3.296.dylib = (CodeSignOnCopy, );
				libvulkan.1.dylib = (CodeSignOnCopy, );
				libvulkan.dylib = (CodeSignOnCopy, );
			};
			buildPhase = 73F948EC2D870F1C00C388A1 /* Embed Frameworks */;
			membershipExceptions = (
				libvulkan.1.3.296.dylib,
				libvulkan.1.dylib,
				libvulkan.dylib,
			);
		};
/* End PBXFileSystemSynchronizedGroupBuildPhaseMembershipExceptionSet section */

/* Begin PBXFileSystemSynchronizedRootGroup section */
		73AC50252D458306001E19C8 /* Canvas */ = {
			isa = PBXFileSystemSynchronizedRootGroup;
			path = Canvas;
			sourceTree = "<group>";
		};
		73AC50262D45835A001E19C8 /* Lut */ = {
			isa = PBXFileSystemSynchronizedRootGroup;
			path = Lut;
			sourceTree = "<group>";
		};
		73AC50272D458370001E19C8 /* Collages */ = {
			isa = PBXFileSystemSynchronizedRootGroup;
			path = Collages;
			sourceTree = "<group>";
		};
		73AC50282D4583D3001E19C8 /* UPL */ = {
			isa = PBXFileSystemSynchronizedRootGroup;
			path = UPL;
			sourceTree = "<group>";
		};
		73AC50292D45887F001E19C8 /* DashboardDialogs */ = {
			isa = PBXFileSystemSynchronizedRootGroup;
			path = DashboardDialogs;
			sourceTree = "<group>";
		};
		73AC502A2D4588AA001E19C8 /* Media */ = {
			isa = PBXFileSystemSynchronizedRootGroup;
			path = Media;
			sourceTree = "<group>";
		};
		73AC502B2D4588C2001E19C8 /* TableDialogs */ = {
			isa = PBXFileSystemSynchronizedRootGroup;
			path = TableDialogs;
			sourceTree = "<group>";
		};
		73AC502C2D4588E0001E19C8 /* SPL */ = {
			isa = PBXFileSystemSynchronizedRootGroup;
			path = SPL;
			sourceTree = "<group>";
		};
		73AC502D2D45890A001E19C8 /* Wrappers */ = {
			isa = PBXFileSystemSynchronizedRootGroup;
			path = Wrappers;
			sourceTree = "<group>";
		};
		73AC50302D458966001E19C8 /* Pages */ = {
			isa = PBXFileSystemSynchronizedRootGroup;
			path = Pages;
			sourceTree = "<group>";
		};
		73AE020E2D72E602001E2B33 /* BasicTransformations */ = {
			isa = PBXFileSystemSynchronizedRootGroup;
			path = BasicTransformations;
			sourceTree = "<group>";
		};
		73F363912D7C977600108765 /* DPL */ = {
			isa = PBXFileSystemSynchronizedRootGroup;
			path = DPL;
			sourceTree = "<group>";
		};
		73F93FC32D87079C00C388A1 /* macos */ = {
			isa = PBXFileSystemSynchronizedRootGroup;
			path = macos;
			sourceTree = "<group>";
		};
		73F97A5E2D88B3C900C388A1 /* macos-debug */ = {
			isa = PBXFileSystemSynchronizedRootGroup;
			exceptions = (
				73F97C462D88B41C00C388A1 /* Exceptions for "macos-debug" folder in "Embed Libraries" phase from "PhotoBook" target */,
			);
			path = "macos-debug";
			sourceTree = "<group>";
		};
		73F97BA12D88B3D600C388A1 /* macos-release */ = {
			isa = PBXFileSystemSynchronizedRootGroup;
			exceptions = (
				73F97C4A2D88B43100C388A1 /* Exceptions for "macos-release" folder in "Embed Frameworks" phase from "PhotoBook-Release" target */,
			);
			path = "macos-release";
			sourceTree = "<group>";
		};
/* End PBXFileSystemSynchronizedRootGroup section */

/* Begin PBXFrameworksBuildPhase section */
		73C4EC9B2AA0C0E1006C4108 /* Frameworks */ = {
			isa = PBXFrameworksBuildPhase;
			buildActionMask = 2147483647;
			files = (
				737EEEE72D4FC16C003C342E /* Bugsnag in Frameworks */,
				737EEEE92D4FC16C003C342E /* BugsnagNetworkRequestPlugin in Frameworks */,
				73049EB72C162BDB009EA667 /* OpenCL.framework in Frameworks */,
				737EEEE52D4FBF95003C342E /* BugsnagNetworkRequestPlugin in Frameworks */,
				73F947702D870B5300C388A1 /* libiconv.tbd in Frameworks */,
				737EEEE32D4FBF95003C342E /* Bugsnag in Frameworks */,
			);
			runOnlyForDeploymentPostprocessing = 0;
		};
		73C4ECAC2AA0C0E3006C4108 /* Frameworks */ = {
			isa = PBXFrameworksBuildPhase;
			buildActionMask = 2147483647;
			files = (
			);
			runOnlyForDeploymentPostprocessing = 0;
		};
		73C4ECB62AA0C0E3006C4108 /* Frameworks */ = {
			isa = PBXFrameworksBuildPhase;
			buildActionMask = 2147483647;
			files = (
			);
			runOnlyForDeploymentPostprocessing = 0;
		};
		73F93E5F2D87055000C388A1 /* Frameworks */ = {
			isa = PBXFrameworksBuildPhase;
			buildActionMask = 2147483647;
			files = (
				73F948E62D870EB100C388A1 /* Bugsnag in Frameworks */,
				73F949362D8710FE00C388A1 /* libiconv.tbd in Frameworks */,
				73F948E82D870EB100C388A1 /* BugsnagNetworkRequestPlugin in Frameworks */,
			);
			runOnlyForDeploymentPostprocessing = 0;
		};
/* End PBXFrameworksBuildPhase section */

/* Begin PBXGroup section */
		73049E222C16271C009EA667 /* Frameworks */ = {
			isa = PBXGroup;
			children = (
				73F948E92D870F1C00C388A1 /* XCTest.framework */,
				73F9476F2D870B4000C388A1 /* libiconv.tbd */,
				73F93FC32D87079C00C388A1 /* macos */,
				7391648C2CC575E900703394 /* Foundation.framework */,
				73049EB62C162BDB009EA667 /* OpenCL.framework */,
				73F97A5E2D88B3C900C388A1 /* macos-debug */,
				73F97BA12D88B3D600C388A1 /* macos-release */,
			);
			name = Frameworks;
			sourceTree = "<group>";
		};
		734C64E02CFBA4A500F8F9D6 /* Products */ = {
			isa = PBXGroup;
			children = (
				734C64FF2CFBA4A700F8F9D6 /* sources */,
			);
			name = Products;
			sourceTree = "<group>";
		};
		73C4EC952AA0C0E0006C4108 = {
			isa = PBXGroup;
			children = (
				737EEE7D2D4E4090003C342E /* Info.plist */,
				7391647C2CC4F7E200703394 /* film-luts */,
				7391647D2CC4F7E200703394 /* others */,
				7391647B2CC4F7E200703394 /* shaders */,
				7391647A2CC4F7E200703394 /* svg-templates */,
				73C4ECA02AA0C0E1006C4108 /* PhotoBook */,
				73C4ECB22AA0C0E3006C4108 /* PhotoBookTests */,
				73C4ECBC2AA0C0E3006C4108 /* PhotoBookUITests */,
				73C4EC9F2AA0C0E1006C4108 /* Products */,
				73049E222C16271C009EA667 /* Frameworks */,
				734C64DD2CFBA4A400F8F9D6 /* all.xcodeproj */,
				73F93E7D2D87055100C388A1 /* PhotoBook copy-Info.plist */,
			);
			sourceTree = "<group>";
		};
		73C4EC9F2AA0C0E1006C4108 /* Products */ = {
			isa = PBXGroup;
			children = (
				73C4EC9E2AA0C0E1006C4108 /* PhotoBook.app */,
				73C4ECAF2AA0C0E3006C4108 /* PhotoBookTests.xctest */,
				73C4ECB92AA0C0E3006C4108 /* PhotoBookUITests.xctest */,
				73F93E702D87055000C388A1 /* PhotoBook-Release.app */,
			);
			name = Products;
			sourceTree = "<group>";
		};
		73C4ECA02AA0C0E1006C4108 /* PhotoBook */ = {
			isa = PBXGroup;
			children = (
				73F364082D7CB40B00108765 /* PhotoLinesModel.swift */,
				73F363912D7C977600108765 /* DPL */,
				73AE020E2D72E602001E2B33 /* BasicTransformations */,
				73AC50302D458966001E19C8 /* Pages */,
				73AC502B2D4588C2001E19C8 /* TableDialogs */,
				73AC50292D45887F001E19C8 /* DashboardDialogs */,
				73AC502A2D4588AA001E19C8 /* Media */,
				73AC502C2D4588E0001E19C8 /* SPL */,
				73AC50282D4583D3001E19C8 /* UPL */,
				73AC50272D458370001E19C8 /* Collages */,
				73AC50262D45835A001E19C8 /* Lut */,
				73AC50252D458306001E19C8 /* Canvas */,
				73AC502D2D45890A001E19C8 /* Wrappers */,
				7356B06A2D16D11D0019FAEB /* NoirUIListener.swift */,
				73023A3B2CD7B9F3005EA3CF /* PhotobookUIListener.swift */,
				739DA5E22CDA98A100CB0B58 /* ColorExtension.swift */,
				7321EB852C18B8E800B3D27F /* Photobook.mm */,
				7321EB842C18B7F800B3D27F /* Photobook.h */,
				73C4ECA52AA0C0E3006C4108 /* Assets.xcassets */,
				73C4ECA72AA0C0E3006C4108 /* PhotoBook.entitlements */,
				73C4ECA82AA0C0E3006C4108 /* Preview Content */,
				7302B2E42C15F06B003777D1 /* PhotoBook-Bridging-Header.h */,
				73049E202C160EA9009EA667 /* PhotoBook-Bridging-Header.m */,
			);
			path = PhotoBook;
			sourceTree = "<group>";
		};
		73C4ECA82AA0C0E3006C4108 /* Preview Content */ = {
			isa = PBXGroup;
			children = (
				73C4ECA92AA0C0E3006C4108 /* Preview Assets.xcassets */,
			);
			path = "Preview Content";
			sourceTree = "<group>";
		};
		73C4ECB22AA0C0E3006C4108 /* PhotoBookTests */ = {
			isa = PBXGroup;
			children = (
				73C4ECB32AA0C0E3006C4108 /* PhotoBookTests.swift */,
			);
			path = PhotoBookTests;
			sourceTree = "<group>";
		};
		73C4ECBC2AA0C0E3006C4108 /* PhotoBookUITests */ = {
			isa = PBXGroup;
			children = (
				73C4ECBD2AA0C0E3006C4108 /* PhotoBookUITests.swift */,
				73C4ECBF2AA0C0E3006C4108 /* PhotoBookUITestsLaunchTests.swift */,
			);
			path = PhotoBookUITests;
			sourceTree = "<group>";
		};
/* End PBXGroup section */

/* Begin PBXNativeTarget section */
		73C4EC9D2AA0C0E1006C4108 /* PhotoBook */ = {
			isa = PBXNativeTarget;
			buildConfigurationList = 73C4ECC32AA0C0E3006C4108 /* Build configuration list for PBXNativeTarget "PhotoBook" */;
			buildPhases = (
				73C4EC9A2AA0C0E1006C4108 /* Sources */,
				73C4EC9B2AA0C0E1006C4108 /* Frameworks */,
				73C4EC9C2AA0C0E1006C4108 /* Resources */,
				73F949382D8711D300C388A1 /* Embed Libraries */,
			);
			buildRules = (
			);
			dependencies = (
			);
			fileSystemSynchronizedGroups = (
				73AC50252D458306001E19C8 /* Canvas */,
				73AC50262D45835A001E19C8 /* Lut */,
				73AC50272D458370001E19C8 /* Collages */,
				73AC50282D4583D3001E19C8 /* UPL */,
				73AC50292D45887F001E19C8 /* DashboardDialogs */,
				73AC502A2D4588AA001E19C8 /* Media */,
				73AC502B2D4588C2001E19C8 /* TableDialogs */,
				73AC502C2D4588E0001E19C8 /* SPL */,
				73AC502D2D45890A001E19C8 /* Wrappers */,
				73AC50302D458966001E19C8 /* Pages */,
				73AE020E2D72E602001E2B33 /* BasicTransformations */,
				73F363912D7C977600108765 /* DPL */,
				73F93FC32D87079C00C388A1 /* macos */,
				73F97A5E2D88B3C900C388A1 /* macos-debug */,
			);
			name = PhotoBook;
			productName = PhotoBook;
			productReference = 73C4EC9E2AA0C0E1006C4108 /* PhotoBook.app */;
			productType = "com.apple.product-type.application";
		};
		73C4ECAE2AA0C0E3006C4108 /* PhotoBookTests */ = {
			isa = PBXNativeTarget;
			buildConfigurationList = 73C4ECC62AA0C0E3006C4108 /* Build configuration list for PBXNativeTarget "PhotoBookTests" */;
			buildPhases = (
				73C4ECAB2AA0C0E3006C4108 /* Sources */,
				73C4ECAC2AA0C0E3006C4108 /* Frameworks */,
				73C4ECAD2AA0C0E3006C4108 /* Resources */,
			);
			buildRules = (
			);
			dependencies = (
				73C4ECB12AA0C0E3006C4108 /* PBXTargetDependency */,
			);
			name = PhotoBookTests;
			productName = PhotoBookTests;
			productReference = 73C4ECAF2AA0C0E3006C4108 /* PhotoBookTests.xctest */;
			productType = "com.apple.product-type.bundle.unit-test";
		};
		73C4ECB82AA0C0E3006C4108 /* PhotoBookUITests */ = {
			isa = PBXNativeTarget;
			buildConfigurationList = 73C4ECC92AA0C0E3006C4108 /* Build configuration list for PBXNativeTarget "PhotoBookUITests" */;
			buildPhases = (
				73C4ECB52AA0C0E3006C4108 /* Sources */,
				73C4ECB62AA0C0E3006C4108 /* Frameworks */,
				73C4ECB72AA0C0E3006C4108 /* Resources */,
			);
			buildRules = (
			);
			dependencies = (
				73C4ECBB2AA0C0E3006C4108 /* PBXTargetDependency */,
			);
			name = PhotoBookUITests;
			productName = PhotoBookUITests;
			productReference = 73C4ECB92AA0C0E3006C4108 /* PhotoBookUITests.xctest */;
			productType = "com.apple.product-type.bundle.ui-testing";
		};
		73F93E572D87055000C388A1 /* PhotoBook-Release */ = {
			isa = PBXNativeTarget;
			buildConfigurationList = 73F93E6D2D87055000C388A1 /* Build configuration list for PBXNativeTarget "PhotoBook-Release" */;
			buildPhases = (
				73F93E582D87055000C388A1 /* Sources */,
				73F93E5F2D87055000C388A1 /* Frameworks */,
				73F93E652D87055000C388A1 /* Resources */,
				73F948EC2D870F1C00C388A1 /* Embed Frameworks */,
			);
			buildRules = (
			);
			dependencies = (
			);
			fileSystemSynchronizedGroups = (
				73AC50252D458306001E19C8 /* Canvas */,
				73AC50262D45835A001E19C8 /* Lut */,
				73AC50272D458370001E19C8 /* Collages */,
				73AC50282D4583D3001E19C8 /* UPL */,
				73AC50292D45887F001E19C8 /* DashboardDialogs */,
				73AC502A2D4588AA001E19C8 /* Media */,
				73AC502B2D4588C2001E19C8 /* TableDialogs */,
				73AC502C2D4588E0001E19C8 /* SPL */,
				73AC502D2D45890A001E19C8 /* Wrappers */,
				73AC50302D458966001E19C8 /* Pages */,
				73AE020E2D72E602001E2B33 /* BasicTransformations */,
				73F363912D7C977600108765 /* DPL */,
				73F93FC32D87079C00C388A1 /* macos */,
				73F97BA12D88B3D600C388A1 /* macos-release */,
			);
			name = "PhotoBook-Release";
			productName = PhotoBook;
			productReference = 73F93E702D87055000C388A1 /* PhotoBook-Release.app */;
			productType = "com.apple.product-type.application";
		};
/* End PBXNativeTarget section */

/* Begin PBXProject section */
		73C4EC962AA0C0E0006C4108 /* Project object */ = {
			isa = PBXProject;
			attributes = {
				BuildIndependentTargetsInParallel = 1;
				LastSwiftUpdateCheck = 1430;
				LastUpgradeCheck = 1430;
				TargetAttributes = {
					73C4EC9D2AA0C0E1006C4108 = {
						CreatedOnToolsVersion = 14.3.1;
						LastSwiftMigration = 1540;
					};
					73C4ECAE2AA0C0E3006C4108 = {
						CreatedOnToolsVersion = 14.3.1;
						TestTargetID = 73C4EC9D2AA0C0E1006C4108;
					};
					73C4ECB82AA0C0E3006C4108 = {
						CreatedOnToolsVersion = 14.3.1;
						TestTargetID = 73C4EC9D2AA0C0E1006C4108;
					};
				};
			};
			buildConfigurationList = 73C4EC992AA0C0E0006C4108 /* Build configuration list for PBXProject "PhotoBook" */;
			developmentRegion = en;
			hasScannedForEncodings = 0;
			knownRegions = (
				en,
				Base,
			);
			mainGroup = 73C4EC952AA0C0E0006C4108;
			packageReferences = (
				737EEEE12D4FBF95003C342E /* XCRemoteSwiftPackageReference "bugsnag-cocoa" */,
			);
			preferredProjectObjectVersion = 77;
			productRefGroup = 73C4EC9F2AA0C0E1006C4108 /* Products */;
			projectDirPath = "";
			projectReferences = (
				{
					ProductGroup = 734C64E02CFBA4A500F8F9D6 /* Products */;
					ProjectRef = 734C64DD2CFBA4A400F8F9D6 /* all.xcodeproj */;
				},
			);
			projectRoot = "";
			targets = (
				73C4EC9D2AA0C0E1006C4108 /* PhotoBook */,
				73C4ECAE2AA0C0E3006C4108 /* PhotoBookTests */,
				73C4ECB82AA0C0E3006C4108 /* PhotoBookUITests */,
				73F93E572D87055000C388A1 /* PhotoBook-Release */,
			);
		};
/* End PBXProject section */

/* Begin PBXReferenceProxy section */
		734C64FF2CFBA4A700F8F9D6 /* sources */ = {
			isa = PBXReferenceProxy;
			fileType = "compiled.mach-o.executable";
			path = sources;
			remoteRef = 734C64FE2CFBA4A700F8F9D6 /* PBXContainerItemProxy */;
			sourceTree = BUILT_PRODUCTS_DIR;
		};
/* End PBXReferenceProxy section */

/* Begin PBXResourcesBuildPhase section */
		73C4EC9C2AA0C0E1006C4108 /* Resources */ = {
			isa = PBXResourcesBuildPhase;
			buildActionMask = 2147483647;
			files = (
				7391647E2CC4F7E200703394 /* svg-templates in Resources */,
				7391647F2CC4F7E200703394 /* shaders in Resources */,
				739164802CC4F7E200703394 /* film-luts in Resources */,
				739164812CC4F7E200703394 /* others in Resources */,
				73C4ECAA2AA0C0E3006C4108 /* Preview Assets.xcassets in Resources */,
				737EEE7E2D4E4090003C342E /* Info.plist in Resources */,
				73C4ECA62AA0C0E3006C4108 /* Assets.xcassets in Resources */,
			);
			runOnlyForDeploymentPostprocessing = 0;
		};
		73C4ECAD2AA0C0E3006C4108 /* Resources */ = {
			isa = PBXResourcesBuildPhase;
			buildActionMask = 2147483647;
			files = (
			);
			runOnlyForDeploymentPostprocessing = 0;
		};
		73C4ECB72AA0C0E3006C4108 /* Resources */ = {
			isa = PBXResourcesBuildPhase;
			buildActionMask = 2147483647;
			files = (
			);
			runOnlyForDeploymentPostprocessing = 0;
		};
		73F93E652D87055000C388A1 /* Resources */ = {
			isa = PBXResourcesBuildPhase;
			buildActionMask = 2147483647;
			files = (
				73F93E662D87055000C388A1 /* svg-templates in Resources */,
				73F93E672D87055000C388A1 /* shaders in Resources */,
				73F93E682D87055000C388A1 /* film-luts in Resources */,
				73F93E692D87055000C388A1 /* others in Resources */,
				73F93E6A2D87055000C388A1 /* Preview Assets.xcassets in Resources */,
				73F93E6B2D87055000C388A1 /* Info.plist in Resources */,
				73F93E6C2D87055000C388A1 /* Assets.xcassets in Resources */,
			);
			runOnlyForDeploymentPostprocessing = 0;
		};
/* End PBXResourcesBuildPhase section */

/* Begin PBXSourcesBuildPhase section */
		73C4EC9A2AA0C0E1006C4108 /* Sources */ = {
			isa = PBXSourcesBuildPhase;
			buildActionMask = 2147483647;
			files = (
				7321EB862C18B8E800B3D27F /* Photobook.mm in Sources */,
				739DA5E32CDA98A800CB0B58 /* ColorExtension.swift in Sources */,
				73049E212C160EA9009EA667 /* PhotoBook-Bridging-Header.m in Sources */,
				7356B06B2D16D12A0019FAEB /* NoirUIListener.swift in Sources */,
				73F364092D7CB41000108765 /* PhotoLinesModel.swift in Sources */,
				73023A3C2CD7B9FD005EA3CF /* PhotobookUIListener.swift in Sources */,
			);
			runOnlyForDeploymentPostprocessing = 0;
		};
		73C4ECAB2AA0C0E3006C4108 /* Sources */ = {
			isa = PBXSourcesBuildPhase;
			buildActionMask = 2147483647;
			files = (
				73C4ECB42AA0C0E3006C4108 /* PhotoBookTests.swift in Sources */,
			);
			runOnlyForDeploymentPostprocessing = 0;
		};
		73C4ECB52AA0C0E3006C4108 /* Sources */ = {
			isa = PBXSourcesBuildPhase;
			buildActionMask = 2147483647;
			files = (
				73C4ECC02AA0C0E3006C4108 /* PhotoBookUITestsLaunchTests.swift in Sources */,
				73C4ECBE2AA0C0E3006C4108 /* PhotoBookUITests.swift in Sources */,
			);
			runOnlyForDeploymentPostprocessing = 0;
		};
		73F93E582D87055000C388A1 /* Sources */ = {
			isa = PBXSourcesBuildPhase;
			buildActionMask = 2147483647;
			files = (
				73F93E592D87055000C388A1 /* Photobook.mm in Sources */,
				73F93E5A2D87055000C388A1 /* ColorExtension.swift in Sources */,
				73F93E5B2D87055000C388A1 /* PhotoBook-Bridging-Header.m in Sources */,
				73F93E5C2D87055000C388A1 /* NoirUIListener.swift in Sources */,
				73F93E5D2D87055000C388A1 /* PhotoLinesModel.swift in Sources */,
				73F93E5E2D87055000C388A1 /* PhotobookUIListener.swift in Sources */,
			);
			runOnlyForDeploymentPostprocessing = 0;
		};
/* End PBXSourcesBuildPhase section */

/* Begin PBXTargetDependency section */
		73C4ECB12AA0C0E3006C4108 /* PBXTargetDependency */ = {
			isa = PBXTargetDependency;
			target = 73C4EC9D2AA0C0E1006C4108 /* PhotoBook */;
			targetProxy = 73C4ECB02AA0C0E3006C4108 /* PBXContainerItemProxy */;
		};
		73C4ECBB2AA0C0E3006C4108 /* PBXTargetDependency */ = {
			isa = PBXTargetDependency;
			target = 73C4EC9D2AA0C0E1006C4108 /* PhotoBook */;
			targetProxy = 73C4ECBA2AA0C0E3006C4108 /* PBXContainerItemProxy */;
		};
/* End PBXTargetDependency section */

/* Begin XCBuildConfiguration section */
		73C4ECC12AA0C0E3006C4108 /* Debug */ = {
			isa = XCBuildConfiguration;
			buildSettings = {
				ALWAYS_SEARCH_USER_PATHS = NO;
				CC = /usr/local/opt/llvm/bin/clang;
				CLANG_ANALYZER_NONNULL = YES;
				CLANG_ANALYZER_NUMBER_OBJECT_CONVERSION = YES_AGGRESSIVE;
				CLANG_CXX_LANGUAGE_STANDARD = "c++20";
				CLANG_ENABLE_MODULES = YES;
				CLANG_ENABLE_OBJC_ARC = YES;
				CLANG_ENABLE_OBJC_WEAK = YES;
				CLANG_WARN_BLOCK_CAPTURE_AUTORELEASING = YES;
				CLANG_WARN_BOOL_CONVERSION = YES;
				CLANG_WARN_COMMA = YES;
				CLANG_WARN_CONSTANT_CONVERSION = YES;
				CLANG_WARN_DEPRECATED_OBJC_IMPLEMENTATIONS = YES;
				CLANG_WARN_DIRECT_OBJC_ISA_USAGE = YES_ERROR;
				CLANG_WARN_DOCUMENTATION_COMMENTS = YES;
				CLANG_WARN_EMPTY_BODY = YES;
				CLANG_WARN_ENUM_CONVERSION = YES;
				CLANG_WARN_INFINITE_RECURSION = YES;
				CLANG_WARN_INT_CONVERSION = YES;
				CLANG_WARN_NON_LITERAL_NULL_CONVERSION = YES;
				CLANG_WARN_OBJC_IMPLICIT_RETAIN_SELF = YES;
				CLANG_WARN_OBJC_LITERAL_CONVERSION = YES;
				CLANG_WARN_OBJC_ROOT_CLASS = YES_ERROR;
				CLANG_WARN_QUOTED_INCLUDE_IN_FRAMEWORK_HEADER = YES;
				CLANG_WARN_RANGE_LOOP_ANALYSIS = YES;
				CLANG_WARN_STRICT_PROTOTYPES = YES;
				CLANG_WARN_SUSPICIOUS_MOVE = YES;
				CLANG_WARN_UNGUARDED_AVAILABILITY = YES_AGGRESSIVE;
				CLANG_WARN_UNREACHABLE_CODE = YES;
				CLANG_WARN__DUPLICATE_METHOD_MATCH = YES;
				COMPILER_INDEX_STORE_ENABLE = NO;
				COPY_PHASE_STRIP = NO;
				CXX = "/usr/local/opt/llvm/bin/clang++";
				DEBUG_INFORMATION_FORMAT = dwarf;
				ENABLE_STRICT_OBJC_MSGSEND = YES;
				ENABLE_TESTABILITY = YES;
				GCC_C_LANGUAGE_STANDARD = gnu11;
				GCC_DYNAMIC_NO_PIC = NO;
				GCC_INPUT_FILETYPE = sourcecode.cpp.objcpp;
				GCC_NO_COMMON_BLOCKS = YES;
				GCC_OPTIMIZATION_LEVEL = 0;
				GCC_PREPROCESSOR_DEFINITIONS = (
					"DEBUG=1",
					"$(inherited)",
				);
				GCC_VERSION = "";
				GCC_WARN_64_TO_32_BIT_CONVERSION = YES;
				GCC_WARN_ABOUT_RETURN_TYPE = YES_ERROR;
				GCC_WARN_UNDECLARED_SELECTOR = YES;
				GCC_WARN_UNINITIALIZED_AUTOS = YES_AGGRESSIVE;
				GCC_WARN_UNUSED_FUNCTION = YES;
				GCC_WARN_UNUSED_VARIABLE = YES;
				"HEADER_SEARCH_PATHS[sdk=iphoneos*][arch=arm64]" = (
					../../pb/include,
					"../../vcpkg/installed/x64-ios/include",
					"../../vcpkg/installed/x64-ios/include/thread-pool-0.6.2",
					"../../vcpkg/installed/x64-ios/include/opencv4",
					"../../pb/third-party/ios/skia/include",
				);
				"HEADER_SEARCH_PATHS[sdk=macosx*]" = (
					../../pb/include,
					"../../vcpkg/installed/x64-osx/include",
					"../../vcpkg/installed/x64-osx/include/thread-pool-0.6.2",
					"../../pb/third-party/osx/skia/include",
					"../../vcpkg/installed/x64-osx/include/opencv4",
				);
				"LIBRARY_SEARCH_PATHS[sdk=iphoneos*][arch=arm64]" = (
					"../../pb/arm64-ios",
					"../../vcpkg/installed/x64-ios/debug/lib",
					"../../pb/third-party/ios/skia/x86_64",
				);
				"LIBRARY_SEARCH_PATHS[sdk=macosx*][arch=arm64]" = (
					../../PB/build,
					"../../PB/vcpkg-fat",
					"../../PB/skia-fat",
				);
				"LIBRARY_SEARCH_PATHS[sdk=macosx*][arch=x86_64]" = (
					../../PB/build,
					"../../PB/vcpkg-fat",
					"../../PB/skia-fat",
				);
				MTL_ENABLE_DEBUG_INFO = INCLUDE_SOURCE;
				MTL_FAST_MATH = YES;
				ONLY_ACTIVE_ARCH = YES;
				SWIFT_ACTIVE_COMPILATION_CONDITIONS = DEBUG;
				SWIFT_OPTIMIZATION_LEVEL = "-Onone";
			};
			name = Debug;
		};
		73C4ECC22AA0C0E3006C4108 /* Release */ = {
			isa = XCBuildConfiguration;
			buildSettings = {
				ALWAYS_SEARCH_USER_PATHS = NO;
				CLANG_ANALYZER_NONNULL = YES;
				CLANG_ANALYZER_NUMBER_OBJECT_CONVERSION = YES_AGGRESSIVE;
				CLANG_CXX_LANGUAGE_STANDARD = "c++20";
				CLANG_ENABLE_MODULES = YES;
				CLANG_ENABLE_OBJC_ARC = YES;
				CLANG_ENABLE_OBJC_WEAK = YES;
				CLANG_WARN_BLOCK_CAPTURE_AUTORELEASING = YES;
				CLANG_WARN_BOOL_CONVERSION = YES;
				CLANG_WARN_COMMA = YES;
				CLANG_WARN_CONSTANT_CONVERSION = YES;
				CLANG_WARN_DEPRECATED_OBJC_IMPLEMENTATIONS = YES;
				CLANG_WARN_DIRECT_OBJC_ISA_USAGE = YES_ERROR;
				CLANG_WARN_DOCUMENTATION_COMMENTS = YES;
				CLANG_WARN_EMPTY_BODY = YES;
				CLANG_WARN_ENUM_CONVERSION = YES;
				CLANG_WARN_INFINITE_RECURSION = YES;
				CLANG_WARN_INT_CONVERSION = YES;
				CLANG_WARN_NON_LITERAL_NULL_CONVERSION = YES;
				CLANG_WARN_OBJC_IMPLICIT_RETAIN_SELF = YES;
				CLANG_WARN_OBJC_LITERAL_CONVERSION = YES;
				CLANG_WARN_OBJC_ROOT_CLASS = YES_ERROR;
				CLANG_WARN_QUOTED_INCLUDE_IN_FRAMEWORK_HEADER = YES;
				CLANG_WARN_RANGE_LOOP_ANALYSIS = YES;
				CLANG_WARN_STRICT_PROTOTYPES = YES;
				CLANG_WARN_SUSPICIOUS_MOVE = YES;
				CLANG_WARN_UNGUARDED_AVAILABILITY = YES_AGGRESSIVE;
				CLANG_WARN_UNREACHABLE_CODE = YES;
				CLANG_WARN__DUPLICATE_METHOD_MATCH = YES;
				COMPILER_INDEX_STORE_ENABLE = NO;
				COPY_PHASE_STRIP = NO;
				DEBUG_INFORMATION_FORMAT = "dwarf-with-dsym";
				ENABLE_NS_ASSERTIONS = NO;
				ENABLE_STRICT_OBJC_MSGSEND = YES;
				GCC_C_LANGUAGE_STANDARD = gnu11;
				GCC_INPUT_FILETYPE = sourcecode.cpp.objcpp;
				GCC_NO_COMMON_BLOCKS = YES;
				GCC_VERSION = "";
				GCC_WARN_64_TO_32_BIT_CONVERSION = YES;
				GCC_WARN_ABOUT_RETURN_TYPE = YES_ERROR;
				GCC_WARN_UNDECLARED_SELECTOR = YES;
				GCC_WARN_UNINITIALIZED_AUTOS = YES_AGGRESSIVE;
				GCC_WARN_UNUSED_FUNCTION = YES;
				GCC_WARN_UNUSED_VARIABLE = YES;
				MTL_ENABLE_DEBUG_INFO = NO;
				MTL_FAST_MATH = YES;
				SWIFT_COMPILATION_MODE = wholemodule;
				SWIFT_OPTIMIZATION_LEVEL = "-O";
			};
			name = Release;
		};
		73C4ECC42AA0C0E3006C4108 /* Debug */ = {
			isa = XCBuildConfiguration;
			buildSettings = {
				ASSETCATALOG_COMPILER_APPICON_NAME = AppIcon;
				ASSETCATALOG_COMPILER_GLOBAL_ACCENT_COLOR_NAME = AccentColor;
				CC = "";
				CLANG_ENABLE_MODULES = YES;
				CODE_SIGN_ENTITLEMENTS = PhotoBook/PhotoBook.entitlements;
				CODE_SIGN_STYLE = Automatic;
				CURRENT_PROJECT_VERSION = 1;
				CXX = "";
				DEVELOPMENT_ASSET_PATHS = "\"PhotoBook/Preview Content\"";
				DEVELOPMENT_TEAM = T672CQXP54;
				ENABLE_PREVIEWS = YES;
				GCC_VERSION = "";
				GENERATE_INFOPLIST_FILE = YES;
				HEADER_SEARCH_PATHS = "";
				"HEADER_SEARCH_PATHS[sdk=iphoneos*][arch=arm64]" = (
					"$(SRCROOT)/../../pb/include",
					"$(SRCROOT)/../../pb/third-party/ios/skia/include",
					"$(SRCROOT)/../../vcpkg/installed/arm64-ios/include/thread-pool-0.6.2",
					"$(SRCROOT)/../../vcpkg/installed/arm64-ios/include",
					"$(SRCROOT)/../../vcpkg/installed/arm64-ios/include/opencv4",
				);
				"HEADER_SEARCH_PATHS[sdk=macosx*]" = (
					"$(SRCROOT)/../../pb/include",
					"$(SRCROOT)/../../pb/third-party/osx/skia/include",
					"$(SRCROOT)/../../vcpkg/installed/x64-osx/include/thread-pool-0.6.2",
					"$(SRCROOT)/../../vcpkg/installed/x64-osx/include",
					"$(SRCROOT)/../../vcpkg/installed/x64-osx/include/opencv4",
				);
				INFOPLIST_FILE = "$(SRCROOT)/Info.plist";
				INFOPLIST_KEY_LSApplicationCategoryType = "public.app-category.graphics-design";
				"INFOPLIST_KEY_UIApplicationSceneManifest_Generation[sdk=iphoneos*]" = YES;
				"INFOPLIST_KEY_UIApplicationSceneManifest_Generation[sdk=iphonesimulator*]" = YES;
				"INFOPLIST_KEY_UIApplicationSupportsIndirectInputEvents[sdk=iphoneos*]" = YES;
				"INFOPLIST_KEY_UIApplicationSupportsIndirectInputEvents[sdk=iphonesimulator*]" = YES;
				"INFOPLIST_KEY_UILaunchScreen_Generation[sdk=iphoneos*]" = YES;
				"INFOPLIST_KEY_UILaunchScreen_Generation[sdk=iphonesimulator*]" = YES;
				"INFOPLIST_KEY_UIStatusBarStyle[sdk=iphoneos*]" = UIStatusBarStyleDefault;
				"INFOPLIST_KEY_UIStatusBarStyle[sdk=iphonesimulator*]" = UIStatusBarStyleDefault;
				INFOPLIST_KEY_UISupportedInterfaceOrientations = "UIInterfaceOrientationLandscapeLeft UIInterfaceOrientationLandscapeRight";
				INFOPLIST_KEY_UISupportedInterfaceOrientations_iPad = "UIInterfaceOrientationLandscapeLeft UIInterfaceOrientationLandscapeRight UIInterfaceOrientationPortraitUpsideDown";
				IPHONEOS_DEPLOYMENT_TARGET = 18.0;
				LD_RUNPATH_SEARCH_PATHS = "@executable_path/Frameworks";
				"LD_RUNPATH_SEARCH_PATHS[sdk=macosx*]" = "@executable_path/../Frameworks";
				LIBRARY_SEARCH_PATHS = (
					"$(PROJECT_DIR)/macos-release",
					"$(PROJECT_DIR)/macos",
					"$(PROJECT_DIR)/macos-debug",
				);
				"LIBRARY_SEARCH_PATHS[sdk=iphoneos*][arch=arm64]" = (
					"$(PROJECT_DIR)/macos",
					"$(SDKROOT)/usr/lib/i18n",
					"$(PROJECT_DIR)/macos-debug",
				);
				"LIBRARY_SEARCH_PATHS[sdk=macosx*][arch=arm64]" = "";
				"LIBRARY_SEARCH_PATHS[sdk=macosx*][arch=x86_64]" = (
					"$(PROJECT_DIR)/macos",
					"$(SDKROOT)/usr/lib/i18n",
					"$(PROJECT_DIR)/macos-debug",
				);
				MACOSX_DEPLOYMENT_TARGET = 15.0;
				MARKETING_VERSION = 1.0;
				OTHER_CPLUSPLUSFLAGS = (
					"$(OTHER_CFLAGS)",
					"-fexperimental-library",
					"-Wno-module-import-in-extern-c",
				);
				PRODUCT_BUNDLE_IDENTIFIER = com.mandelbrotsc.PhotoBook;
				PRODUCT_NAME = "$(TARGET_NAME)";
				SDKROOT = auto;
				SUPPORTED_PLATFORMS = "iphoneos iphonesimulator macosx";
				SWIFT_EMIT_LOC_STRINGS = YES;
				SWIFT_OBJC_BRIDGING_HEADER = "PhotoBook/PhotoBook-Bridging-Header.h";
				SWIFT_OPTIMIZATION_LEVEL = "-Onone";
				SWIFT_PRECOMPILE_BRIDGING_HEADER = YES;
				SWIFT_VERSION = 5.0;
				TARGETED_DEVICE_FAMILY = "1,2";
			};
			name = Debug;
		};
		73C4ECC52AA0C0E3006C4108 /* Release */ = {
			isa = XCBuildConfiguration;
			buildSettings = {
				ASSETCATALOG_COMPILER_APPICON_NAME = AppIcon;
				ASSETCATALOG_COMPILER_GLOBAL_ACCENT_COLOR_NAME = AccentColor;
				CLANG_ENABLE_MODULES = YES;
				CODE_SIGN_ENTITLEMENTS = PhotoBook/PhotoBook.entitlements;
				CODE_SIGN_STYLE = Automatic;
				CURRENT_PROJECT_VERSION = 1;
				DEVELOPMENT_ASSET_PATHS = "\"PhotoBook/Preview Content\"";
				DEVELOPMENT_TEAM = T672CQXP54;
				ENABLE_PREVIEWS = YES;
				GCC_VERSION = "";
				GENERATE_INFOPLIST_FILE = YES;
				HEADER_SEARCH_PATHS = "";
				INFOPLIST_FILE = "$(SRCROOT)/Info.plist";
				INFOPLIST_KEY_LSApplicationCategoryType = "public.app-category.graphics-design";
				"INFOPLIST_KEY_UIApplicationSceneManifest_Generation[sdk=iphoneos*]" = YES;
				"INFOPLIST_KEY_UIApplicationSceneManifest_Generation[sdk=iphonesimulator*]" = YES;
				"INFOPLIST_KEY_UIApplicationSupportsIndirectInputEvents[sdk=iphoneos*]" = YES;
				"INFOPLIST_KEY_UIApplicationSupportsIndirectInputEvents[sdk=iphonesimulator*]" = YES;
				"INFOPLIST_KEY_UILaunchScreen_Generation[sdk=iphoneos*]" = YES;
				"INFOPLIST_KEY_UILaunchScreen_Generation[sdk=iphonesimulator*]" = YES;
				"INFOPLIST_KEY_UIStatusBarStyle[sdk=iphoneos*]" = UIStatusBarStyleDefault;
				"INFOPLIST_KEY_UIStatusBarStyle[sdk=iphonesimulator*]" = UIStatusBarStyleDefault;
				INFOPLIST_KEY_UISupportedInterfaceOrientations = "UIInterfaceOrientationLandscapeLeft UIInterfaceOrientationLandscapeRight";
				INFOPLIST_KEY_UISupportedInterfaceOrientations_iPad = "UIInterfaceOrientationLandscapeLeft UIInterfaceOrientationLandscapeRight UIInterfaceOrientationPortraitUpsideDown";
				IPHONEOS_DEPLOYMENT_TARGET = 18.0;
				LD_RUNPATH_SEARCH_PATHS = "@executable_path/Frameworks";
				"LD_RUNPATH_SEARCH_PATHS[sdk=macosx*]" = "@executable_path/../Frameworks";
				LIBRARY_SEARCH_PATHS = (
					"$(PROJECT_DIR)/macos-release",
					"$(PROJECT_DIR)/macos",
					"$(PROJECT_DIR)/macos-debug",
				);
				"LIBRARY_SEARCH_PATHS[arch=arm64]" = "";
				"LIBRARY_SEARCH_PATHS[arch=x86_64]" = "";
				MACOSX_DEPLOYMENT_TARGET = 15.0;
				MARKETING_VERSION = 1.0;
				OTHER_CPLUSPLUSFLAGS = (
					"$(OTHER_CFLAGS)",
					"-fexperimental-library",
					"-Wno-module-import-in-extern-c",
				);
				PRODUCT_BUNDLE_IDENTIFIER = com.mandelbrotsc.PhotoBook;
				PRODUCT_NAME = "$(TARGET_NAME)";
				SDKROOT = auto;
				SUPPORTED_PLATFORMS = "iphoneos iphonesimulator macosx";
				SWIFT_EMIT_LOC_STRINGS = YES;
				SWIFT_OBJC_BRIDGING_HEADER = "PhotoBook/PhotoBook-Bridging-Header.h";
				SWIFT_PRECOMPILE_BRIDGING_HEADER = YES;
				SWIFT_VERSION = 5.0;
				TARGETED_DEVICE_FAMILY = "1,2";
			};
			name = Release;
		};
		73C4ECC72AA0C0E3006C4108 /* Debug */ = {
			isa = XCBuildConfiguration;
			buildSettings = {
				ALWAYS_EMBED_SWIFT_STANDARD_LIBRARIES = YES;
				BUNDLE_LOADER = "$(TEST_HOST)";
				CODE_SIGN_STYLE = Automatic;
				CURRENT_PROJECT_VERSION = 1;
				GENERATE_INFOPLIST_FILE = YES;
				IPHONEOS_DEPLOYMENT_TARGET = 16.4;
				MACOSX_DEPLOYMENT_TARGET = 13.3;
				MARKETING_VERSION = 1.0;
				PRODUCT_BUNDLE_IDENTIFIER = com.mandelbrotsc.PhotoBookTests;
				PRODUCT_NAME = "$(TARGET_NAME)";
				SDKROOT = auto;
				SUPPORTED_PLATFORMS = "iphoneos iphonesimulator macosx";
				SWIFT_EMIT_LOC_STRINGS = NO;
				SWIFT_VERSION = 5.0;
				TARGETED_DEVICE_FAMILY = "1,2";
				TEST_HOST = "$(BUILT_PRODUCTS_DIR)/PhotoBook.app/$(BUNDLE_EXECUTABLE_FOLDER_PATH)/PhotoBook";
			};
			name = Debug;
		};
		73C4ECC82AA0C0E3006C4108 /* Release */ = {
			isa = XCBuildConfiguration;
			buildSettings = {
				ALWAYS_EMBED_SWIFT_STANDARD_LIBRARIES = YES;
				BUNDLE_LOADER = "$(TEST_HOST)";
				CODE_SIGN_STYLE = Automatic;
				CURRENT_PROJECT_VERSION = 1;
				GENERATE_INFOPLIST_FILE = YES;
				IPHONEOS_DEPLOYMENT_TARGET = 16.4;
				MACOSX_DEPLOYMENT_TARGET = 13.3;
				MARKETING_VERSION = 1.0;
				PRODUCT_BUNDLE_IDENTIFIER = com.mandelbrotsc.PhotoBookTests;
				PRODUCT_NAME = "$(TARGET_NAME)";
				SDKROOT = auto;
				SUPPORTED_PLATFORMS = "iphoneos iphonesimulator macosx";
				SWIFT_EMIT_LOC_STRINGS = NO;
				SWIFT_VERSION = 5.0;
				TARGETED_DEVICE_FAMILY = "1,2";
				TEST_HOST = "$(BUILT_PRODUCTS_DIR)/PhotoBook.app/$(BUNDLE_EXECUTABLE_FOLDER_PATH)/PhotoBook";
			};
			name = Release;
		};
		73C4ECCA2AA0C0E3006C4108 /* Debug */ = {
			isa = XCBuildConfiguration;
			buildSettings = {
				ALWAYS_EMBED_SWIFT_STANDARD_LIBRARIES = YES;
				CODE_SIGN_STYLE = Automatic;
				CURRENT_PROJECT_VERSION = 1;
				GENERATE_INFOPLIST_FILE = YES;
				IPHONEOS_DEPLOYMENT_TARGET = 16.4;
				MACOSX_DEPLOYMENT_TARGET = 13.3;
				MARKETING_VERSION = 1.0;
				PRODUCT_BUNDLE_IDENTIFIER = com.mandelbrotsc.PhotoBookUITests;
				PRODUCT_NAME = "$(TARGET_NAME)";
				SDKROOT = auto;
				SUPPORTED_PLATFORMS = "iphoneos iphonesimulator macosx";
				SWIFT_EMIT_LOC_STRINGS = NO;
				SWIFT_VERSION = 5.0;
				TARGETED_DEVICE_FAMILY = "1,2";
				TEST_TARGET_NAME = PhotoBook;
			};
			name = Debug;
		};
		73C4ECCB2AA0C0E3006C4108 /* Release */ = {
			isa = XCBuildConfiguration;
			buildSettings = {
				ALWAYS_EMBED_SWIFT_STANDARD_LIBRARIES = YES;
				CODE_SIGN_STYLE = Automatic;
				CURRENT_PROJECT_VERSION = 1;
				GENERATE_INFOPLIST_FILE = YES;
				IPHONEOS_DEPLOYMENT_TARGET = 16.4;
				MACOSX_DEPLOYMENT_TARGET = 13.3;
				MARKETING_VERSION = 1.0;
				PRODUCT_BUNDLE_IDENTIFIER = com.mandelbrotsc.PhotoBookUITests;
				PRODUCT_NAME = "$(TARGET_NAME)";
				SDKROOT = auto;
				SUPPORTED_PLATFORMS = "iphoneos iphonesimulator macosx";
				SWIFT_EMIT_LOC_STRINGS = NO;
				SWIFT_VERSION = 5.0;
				TARGETED_DEVICE_FAMILY = "1,2";
				TEST_TARGET_NAME = PhotoBook;
			};
			name = Release;
		};
		73F93E6E2D87055000C388A1 /* Debug */ = {
			isa = XCBuildConfiguration;
			buildSettings = {
				ASSETCATALOG_COMPILER_APPICON_NAME = AppIcon;
				ASSETCATALOG_COMPILER_GLOBAL_ACCENT_COLOR_NAME = AccentColor;
				CC = "";
				CLANG_ENABLE_MODULES = YES;
				CODE_SIGN_ENTITLEMENTS = PhotoBook/PhotoBook.entitlements;
				CODE_SIGN_STYLE = Automatic;
				CURRENT_PROJECT_VERSION = 1;
				CXX = "";
				DEVELOPMENT_ASSET_PATHS = "\"PhotoBook/Preview Content\"";
				DEVELOPMENT_TEAM = T672CQXP54;
				ENABLE_PREVIEWS = YES;
				GCC_VERSION = "";
				GENERATE_INFOPLIST_FILE = YES;
				HEADER_SEARCH_PATHS = "";
				"HEADER_SEARCH_PATHS[sdk=iphoneos*][arch=arm64]" = "";
				"HEADER_SEARCH_PATHS[sdk=macosx*]" = "";
				INFOPLIST_FILE = "PhotoBook copy-Info.plist";
				INFOPLIST_KEY_LSApplicationCategoryType = "public.app-category.graphics-design";
				"INFOPLIST_KEY_UIApplicationSceneManifest_Generation[sdk=iphoneos*]" = YES;
				"INFOPLIST_KEY_UIApplicationSceneManifest_Generation[sdk=iphonesimulator*]" = YES;
				"INFOPLIST_KEY_UIApplicationSupportsIndirectInputEvents[sdk=iphoneos*]" = YES;
				"INFOPLIST_KEY_UIApplicationSupportsIndirectInputEvents[sdk=iphonesimulator*]" = YES;
				"INFOPLIST_KEY_UILaunchScreen_Generation[sdk=iphoneos*]" = YES;
				"INFOPLIST_KEY_UILaunchScreen_Generation[sdk=iphonesimulator*]" = YES;
				"INFOPLIST_KEY_UIStatusBarStyle[sdk=iphoneos*]" = UIStatusBarStyleDefault;
				"INFOPLIST_KEY_UIStatusBarStyle[sdk=iphonesimulator*]" = UIStatusBarStyleDefault;
				INFOPLIST_KEY_UISupportedInterfaceOrientations = "UIInterfaceOrientationLandscapeLeft UIInterfaceOrientationLandscapeRight";
				INFOPLIST_KEY_UISupportedInterfaceOrientations_iPad = "UIInterfaceOrientationLandscapeLeft UIInterfaceOrientationLandscapeRight UIInterfaceOrientationPortraitUpsideDown";
				IPHONEOS_DEPLOYMENT_TARGET = 18.0;
				LD_RUNPATH_SEARCH_PATHS = "@executable_path/Frameworks";
				"LD_RUNPATH_SEARCH_PATHS[sdk=macosx*]" = "@executable_path/../Frameworks";
				LIBRARY_SEARCH_PATHS = (
					"$(inherited)",
					"$(PROJECT_DIR)/macos",
					"$(PROJECT_DIR)/macos-release",
					"$(PROJECT_DIR)/macos-debug",
				);
				"LIBRARY_SEARCH_PATHS[sdk=iphoneos*][arch=arm64]" = "";
				"LIBRARY_SEARCH_PATHS[sdk=macosx*][arch=arm64]" = "";
				"LIBRARY_SEARCH_PATHS[sdk=macosx*][arch=x86_64]" = "";
				MACOSX_DEPLOYMENT_TARGET = 15.0;
				MARKETING_VERSION = 1.0;
				ONLY_ACTIVE_ARCH = NO;
				OTHER_CPLUSPLUSFLAGS = (
					"$(OTHER_CFLAGS)",
					"-fexperimental-library",
					"-Wno-module-import-in-extern-c",
				);
				PRODUCT_BUNDLE_IDENTIFIER = com.mandelbrotsc.PhotoBook;
				PRODUCT_NAME = "$(TARGET_NAME)";
				SDKROOT = auto;
				SUPPORTED_PLATFORMS = "iphoneos iphonesimulator macosx";
				SWIFT_EMIT_LOC_STRINGS = YES;
				SWIFT_OBJC_BRIDGING_HEADER = "PhotoBook/PhotoBook-Bridging-Header.h";
				SWIFT_OPTIMIZATION_LEVEL = "-Onone";
				SWIFT_PRECOMPILE_BRIDGING_HEADER = YES;
				SWIFT_VERSION = 5.0;
				TARGETED_DEVICE_FAMILY = "1,2";
			};
			name = Debug;
		};
		73F93E6F2D87055000C388A1 /* Release */ = {
			isa = XCBuildConfiguration;
			buildSettings = {
				ASSETCATALOG_COMPILER_APPICON_NAME = AppIcon;
				ASSETCATALOG_COMPILER_GLOBAL_ACCENT_COLOR_NAME = AccentColor;
				CLANG_ENABLE_MODULES = YES;
				CODE_SIGN_ENTITLEMENTS = PhotoBook/PhotoBook.entitlements;
				CODE_SIGN_STYLE = Automatic;
				CURRENT_PROJECT_VERSION = 1;
				DEVELOPMENT_ASSET_PATHS = "\"PhotoBook/Preview Content\"";
				DEVELOPMENT_TEAM = T672CQXP54;
				ENABLE_PREVIEWS = YES;
				GCC_VERSION = "";
				GENERATE_INFOPLIST_FILE = YES;
				HEADER_SEARCH_PATHS = (
					"$(SRCROOT)/../../pb/include",
					"$(SRCROOT)/../../pb/third-party/osx/skia/include",
					"$(SRCROOT)/../../vcpkg/installed/x64-osx/include/thread-pool-0.6.2",
					"$(SRCROOT)/../../vcpkg/installed/x64-osx/include",
					"$(SRCROOT)/../../vcpkg/installed/x64-osx/include/opencv4",
				);
				INFOPLIST_FILE = "PhotoBook copy-Info.plist";
				INFOPLIST_KEY_LSApplicationCategoryType = "public.app-category.graphics-design";
				"INFOPLIST_KEY_UIApplicationSceneManifest_Generation[sdk=iphoneos*]" = YES;
				"INFOPLIST_KEY_UIApplicationSceneManifest_Generation[sdk=iphonesimulator*]" = YES;
				"INFOPLIST_KEY_UIApplicationSupportsIndirectInputEvents[sdk=iphoneos*]" = YES;
				"INFOPLIST_KEY_UIApplicationSupportsIndirectInputEvents[sdk=iphonesimulator*]" = YES;
				"INFOPLIST_KEY_UILaunchScreen_Generation[sdk=iphoneos*]" = YES;
				"INFOPLIST_KEY_UILaunchScreen_Generation[sdk=iphonesimulator*]" = YES;
				"INFOPLIST_KEY_UIStatusBarStyle[sdk=iphoneos*]" = UIStatusBarStyleDefault;
				"INFOPLIST_KEY_UIStatusBarStyle[sdk=iphonesimulator*]" = UIStatusBarStyleDefault;
				INFOPLIST_KEY_UISupportedInterfaceOrientations = "UIInterfaceOrientationLandscapeLeft UIInterfaceOrientationLandscapeRight";
				INFOPLIST_KEY_UISupportedInterfaceOrientations_iPad = "UIInterfaceOrientationLandscapeLeft UIInterfaceOrientationLandscapeRight UIInterfaceOrientationPortraitUpsideDown";
				IPHONEOS_DEPLOYMENT_TARGET = 18.0;
				LD_RUNPATH_SEARCH_PATHS = "@executable_path/Frameworks";
				"LD_RUNPATH_SEARCH_PATHS[sdk=macosx*]" = "@executable_path/../Frameworks";
				LIBRARY_SEARCH_PATHS = (
					"$(PROJECT_DIR)/macos",
					"$(PROJECT_DIR)/macos-release",
					"$(PROJECT_DIR)/macos-debug",
				);
				"LIBRARY_SEARCH_PATHS[sdk=macosx*][arch=arm64]" = (
					"$(PROJECT_DIR)/macos-release",
					"$(PROJECT_DIR)/macos",
					"$(SDKROOT)/usr/lib/i18n",
				);
				"LIBRARY_SEARCH_PATHS[sdk=macosx*][arch=x86_64]" = (
					"$(PROJECT_DIR)/macos-release",
					"$(PROJECT_DIR)/macos",
					"$(SDKROOT)/usr/lib/i18n",
				);
				MACOSX_DEPLOYMENT_TARGET = 15.0;
				MARKETING_VERSION = 1.0;
				ONLY_ACTIVE_ARCH = YES;
				OTHER_CPLUSPLUSFLAGS = (
					"$(OTHER_CFLAGS)",
					"-fexperimental-library",
					"-Wno-module-import-in-extern-c",
				);
				PRODUCT_BUNDLE_IDENTIFIER = com.mandelbrotsc.PhotoBook;
				PRODUCT_NAME = "$(TARGET_NAME)";
				SDKROOT = auto;
				SUPPORTED_PLATFORMS = "iphoneos iphonesimulator macosx";
				SWIFT_EMIT_LOC_STRINGS = YES;
				SWIFT_OBJC_BRIDGING_HEADER = "PhotoBook/PhotoBook-Bridging-Header.h";
				SWIFT_PRECOMPILE_BRIDGING_HEADER = YES;
				SWIFT_VERSION = 5.0;
				TARGETED_DEVICE_FAMILY = "1,2";
			};
			name = Release;
		};
/* End XCBuildConfiguration section */

/* Begin XCConfigurationList section */
		73C4EC992AA0C0E0006C4108 /* Build configuration list for PBXProject "PhotoBook" */ = {
			isa = XCConfigurationList;
			buildConfigurations = (
				73C4ECC12AA0C0E3006C4108 /* Debug */,
				73C4ECC22AA0C0E3006C4108 /* Release */,
			);
			defaultConfigurationIsVisible = 0;
			defaultConfigurationName = Debug;
		};
		73C4ECC32AA0C0E3006C4108 /* Build configuration list for PBXNativeTarget "PhotoBook" */ = {
			isa = XCConfigurationList;
			buildConfigurations = (
				73C4ECC42AA0C0E3006C4108 /* Debug */,
				73C4ECC52AA0C0E3006C4108 /* Release */,
			);
			defaultConfigurationIsVisible = 0;
			defaultConfigurationName = Debug;
		};
		73C4ECC62AA0C0E3006C4108 /* Build configuration list for PBXNativeTarget "PhotoBookTests" */ = {
			isa = XCConfigurationList;
			buildConfigurations = (
				73C4ECC72AA0C0E3006C4108 /* Debug */,
				73C4ECC82AA0C0E3006C4108 /* Release */,
			);
			defaultConfigurationIsVisible = 0;
			defaultConfigurationName = Debug;
		};
		73C4ECC92AA0C0E3006C4108 /* Build configuration list for PBXNativeTarget "PhotoBookUITests" */ = {
			isa = XCConfigurationList;
			buildConfigurations = (
				73C4ECCA2AA0C0E3006C4108 /* Debug */,
				73C4ECCB2AA0C0E3006C4108 /* Release */,
			);
			defaultConfigurationIsVisible = 0;
			defaultConfigurationName = Debug;
		};
		73F93E6D2D87055000C388A1 /* Build configuration list for PBXNativeTarget "PhotoBook-Release" */ = {
			isa = XCConfigurationList;
			buildConfigurations = (
				73F93E6E2D87055000C388A1 /* Debug */,
				73F93E6F2D87055000C388A1 /* Release */,
			);
			defaultConfigurationIsVisible = 0;
			defaultConfigurationName = Debug;
		};
/* End XCConfigurationList section */

/* Begin XCRemoteSwiftPackageReference section */
		737EEEE12D4FBF95003C342E /* XCRemoteSwiftPackageReference "bugsnag-cocoa" */ = {
			isa = XCRemoteSwiftPackageReference;
			repositoryURL = "https://github.com/bugsnag/bugsnag-cocoa";
			requirement = {
				kind = upToNextMajorVersion;
				minimumVersion = 6.31.0;
			};
		};
/* End XCRemoteSwiftPackageReference section */

/* Begin XCSwiftPackageProductDependency section */
		737EEEE22D4FBF95003C342E /* Bugsnag */ = {
			isa = XCSwiftPackageProductDependency;
			package = 737EEEE12D4FBF95003C342E /* XCRemoteSwiftPackageReference "bugsnag-cocoa" */;
			productName = Bugsnag;
		};
		737EEEE42D4FBF95003C342E /* BugsnagNetworkRequestPlugin */ = {
			isa = XCSwiftPackageProductDependency;
			package = 737EEEE12D4FBF95003C342E /* XCRemoteSwiftPackageReference "bugsnag-cocoa" */;
			productName = BugsnagNetworkRequestPlugin;
		};
		737EEEE62D4FC16C003C342E /* Bugsnag */ = {
			isa = XCSwiftPackageProductDependency;
			package = 737EEEE12D4FBF95003C342E /* XCRemoteSwiftPackageReference "bugsnag-cocoa" */;
			productName = Bugsnag;
		};
		737EEEE82D4FC16C003C342E /* BugsnagNetworkRequestPlugin */ = {
			isa = XCSwiftPackageProductDependency;
			package = 737EEEE12D4FBF95003C342E /* XCRemoteSwiftPackageReference "bugsnag-cocoa" */;
			productName = BugsnagNetworkRequestPlugin;
		};
		73F948E52D870EB100C388A1 /* Bugsnag */ = {
			isa = XCSwiftPackageProductDependency;
			package = 737EEEE12D4FBF95003C342E /* XCRemoteSwiftPackageReference "bugsnag-cocoa" */;
			productName = Bugsnag;
		};
		73F948E72D870EB100C388A1 /* BugsnagNetworkRequestPlugin */ = {
			isa = XCSwiftPackageProductDependency;
			package = 737EEEE12D4FBF95003C342E /* XCRemoteSwiftPackageReference "bugsnag-cocoa" */;
			productName = BugsnagNetworkRequestPlugin;
		};
/* End XCSwiftPackageProductDependency section */
	};
	rootObject = 73C4EC962AA0C0E0006C4108 /* Project object */;
}
