// !$*UTF8*$!
{
	archiveVersion = 1;
	classes = {
	};
	objectVersion = 56;
	objects = {

/* Begin PBXBuildFile section */
		7302B2E62C15F06B003777D1 /* Photobook.m in Sources */ = {isa = PBXBuildFile; fileRef = 7302B2E52C15F06B003777D1 /* Photobook.m */; };
		73049E212C160EA9009EA667 /* PhotoBook-Bridging-Header.m in Sources */ = {isa = PBXBuildFile; fileRef = 73049E202C160EA9009EA667 /* PhotoBook-Bridging-Header.m */; };
		73769A1E2AEEFA6400E9B5C2 /* TableContentView.swift in Sources */ = {isa = PBXBuildFile; fileRef = 73769A1D2AEEFA6400E9B5C2 /* TableContentView.swift */; };
		73C4ECA22AA0C0E1006C4108 /* PhotoBookApp.swift in Sources */ = {isa = PBXBuildFile; fileRef = 73C4ECA12AA0C0E1006C4108 /* PhotoBookApp.swift */; };
		73C4ECA42AA0C0E1006C4108 /* DashboardView.swift in Sources */ = {isa = PBXBuildFile; fileRef = 73C4ECA32AA0C0E1006C4108 /* DashboardView.swift */; };
		73C4ECA62AA0C0E3006C4108 /* Assets.xcassets in Resources */ = {isa = PBXBuildFile; fileRef = 73C4ECA52AA0C0E3006C4108 /* Assets.xcassets */; };
		73C4ECAA2AA0C0E3006C4108 /* Preview Assets.xcassets in Resources */ = {isa = PBXBuildFile; fileRef = 73C4ECA92AA0C0E3006C4108 /* Preview Assets.xcassets */; };
		73C4ECB42AA0C0E3006C4108 /* PhotoBookTests.swift in Sources */ = {isa = PBXBuildFile; fileRef = 73C4ECB32AA0C0E3006C4108 /* PhotoBookTests.swift */; };
		73C4ECBE2AA0C0E3006C4108 /* PhotoBookUITests.swift in Sources */ = {isa = PBXBuildFile; fileRef = 73C4ECBD2AA0C0E3006C4108 /* PhotoBookUITests.swift */; };
		73C4ECC02AA0C0E3006C4108 /* PhotoBookUITestsLaunchTests.swift in Sources */ = {isa = PBXBuildFile; fileRef = 73C4ECBF2AA0C0E3006C4108 /* PhotoBookUITestsLaunchTests.swift */; };
/* End PBXBuildFile section */

/* Begin PBXContainerItemProxy section */
		73C4ECB02AA0C0E3006C4108 /* PBXContainerItemProxy */ = {
			isa = PBXContainerItemProxy;
			containerPortal = 73C4EC962AA0C0E0006C4108 /* Project object */;
			proxyType = 1;
			remoteGlobalIDString = 73C4EC9D2AA0C0E1006C4108;
			remoteInfo = PhotoBook;
		};
		73C4ECBA2AA0C0E3006C4108 /* PBXContainerItemProxy */ = {
			isa = PBXContainerItemProxy;
			containerPortal = 73C4EC962AA0C0E0006C4108 /* Project object */;
			proxyType = 1;
			remoteGlobalIDString = 73C4EC9D2AA0C0E1006C4108;
			remoteInfo = PhotoBook;
		};
/* End PBXContainerItemProxy section */

/* Begin PBXFileReference section */
		7302B2E42C15F06B003777D1 /* PhotoBook-Bridging-Header.h */ = {isa = PBXFileReference; explicitFileType = sourcecode.cpp.h; path = "PhotoBook-Bridging-Header.h"; sourceTree = "<group>"; };
		7302B2E52C15F06B003777D1 /* Photobook.m */ = {isa = PBXFileReference; lastKnownFileType = sourcecode.c.objc; path = Photobook.m; sourceTree = "<group>"; };
		73049DC92C1600CC009EA667 /* Exportable.h */ = {isa = PBXFileReference; fileEncoding = 4; lastKnownFileType = sourcecode.c.h; path = Exportable.h; sourceTree = "<group>"; };
		73049DCA2C1600CC009EA667 /* ExportLogic.h */ = {isa = PBXFileReference; fileEncoding = 4; lastKnownFileType = sourcecode.c.h; path = ExportLogic.h; sourceTree = "<group>"; };
		73049DCB2C1600CC009EA667 /* Html.h */ = {isa = PBXFileReference; fileEncoding = 4; lastKnownFileType = sourcecode.c.h; path = Html.h; sourceTree = "<group>"; };
		73049DCC2C1600CC009EA667 /* Jpg.h */ = {isa = PBXFileReference; fileEncoding = 4; lastKnownFileType = sourcecode.c.h; path = Jpg.h; sourceTree = "<group>"; };
		73049DCD2C1600CC009EA667 /* Pdf.h */ = {isa = PBXFileReference; fileEncoding = 4; lastKnownFileType = sourcecode.c.h; path = Pdf.h; sourceTree = "<group>"; };
		73049DCE2C1600CC009EA667 /* PdfLibharu.h */ = {isa = PBXFileReference; fileEncoding = 4; lastKnownFileType = sourcecode.c.h; path = PdfLibharu.h; sourceTree = "<group>"; };
		73049DCF2C1600CC009EA667 /* PdfPoDoFo.h */ = {isa = PBXFileReference; fileEncoding = 4; lastKnownFileType = sourcecode.c.h; path = PdfPoDoFo.h; sourceTree = "<group>"; };
		73049DD12C1600CC009EA667 /* Image.h */ = {isa = PBXFileReference; fileEncoding = 4; lastKnownFileType = sourcecode.c.h; path = Image.h; sourceTree = "<group>"; };
		73049DD22C1600CC009EA667 /* ImageFactory.h */ = {isa = PBXFileReference; fileEncoding = 4; lastKnownFileType = sourcecode.c.h; path = ImageFactory.h; sourceTree = "<group>"; };
		73049DD32C1600CC009EA667 /* ImageOperations.h */ = {isa = PBXFileReference; fileEncoding = 4; lastKnownFileType = sourcecode.c.h; path = ImageOperations.h; sourceTree = "<group>"; };
		73049DD42C1600CC009EA667 /* ImageReader.h */ = {isa = PBXFileReference; fileEncoding = 4; lastKnownFileType = sourcecode.c.h; path = ImageReader.h; sourceTree = "<group>"; };
		73049DD52C1600CC009EA667 /* ImageSetWriter.h */ = {isa = PBXFileReference; fileEncoding = 4; lastKnownFileType = sourcecode.c.h; path = ImageSetWriter.h; sourceTree = "<group>"; };
		73049DD62C1600CC009EA667 /* RegularImage.h */ = {isa = PBXFileReference; fileEncoding = 4; lastKnownFileType = sourcecode.c.h; path = RegularImage.h; sourceTree = "<group>"; };
		73049DD72C1600CC009EA667 /* TextImage.h */ = {isa = PBXFileReference; fileEncoding = 4; lastKnownFileType = sourcecode.c.h; path = TextImage.h; sourceTree = "<group>"; };
		73049DD82C1600CC009EA667 /* VirtualImage.h */ = {isa = PBXFileReference; fileEncoding = 4; lastKnownFileType = sourcecode.c.h; path = VirtualImage.h; sourceTree = "<group>"; };
		73049DDA2C1600CC009EA667 /* FilePersistence.h */ = {isa = PBXFileReference; fileEncoding = 4; lastKnownFileType = sourcecode.c.h; path = FilePersistence.h; sourceTree = "<group>"; };
		73049DDB2C1600CC009EA667 /* Persistence.h */ = {isa = PBXFileReference; fileEncoding = 4; lastKnownFileType = sourcecode.c.h; path = Persistence.h; sourceTree = "<group>"; };
		73049DDC2C1600CC009EA667 /* ProjectPersistence.h */ = {isa = PBXFileReference; fileEncoding = 4; lastKnownFileType = sourcecode.c.h; path = ProjectPersistence.h; sourceTree = "<group>"; };
		73049DDD2C1600CC009EA667 /* SerializationStrategy.h */ = {isa = PBXFileReference; fileEncoding = 4; lastKnownFileType = sourcecode.c.h; path = SerializationStrategy.h; sourceTree = "<group>"; };
		73049DDE2C1600CC009EA667 /* SQLPersistence.h */ = {isa = PBXFileReference; fileEncoding = 4; lastKnownFileType = sourcecode.c.h; path = SQLPersistence.h; sourceTree = "<group>"; };
		73049DE02C1600CC009EA667 /* PaperSettings.h */ = {isa = PBXFileReference; fileEncoding = 4; lastKnownFileType = sourcecode.c.h; path = PaperSettings.h; sourceTree = "<group>"; };
		73049DE12C1600CC009EA667 /* PathCache.h */ = {isa = PBXFileReference; fileEncoding = 4; lastKnownFileType = sourcecode.c.h; path = PathCache.h; sourceTree = "<group>"; };
		73049DE22C1600CC009EA667 /* Project.h */ = {isa = PBXFileReference; fileEncoding = 4; lastKnownFileType = sourcecode.c.h; path = Project.h; sourceTree = "<group>"; };
		73049DE32C1600CC009EA667 /* ProjectMetadata.h */ = {isa = PBXFileReference; fileEncoding = 4; lastKnownFileType = sourcecode.c.h; path = ProjectMetadata.h; sourceTree = "<group>"; };
		73049DE42C1600CC009EA667 /* ProjectSnapshot.h */ = {isa = PBXFileReference; fileEncoding = 4; lastKnownFileType = sourcecode.c.h; path = ProjectSnapshot.h; sourceTree = "<group>"; };
		73049DE82C1600CC009EA667 /* SequentialTaskConsumer.h */ = {isa = PBXFileReference; fileEncoding = 4; lastKnownFileType = sourcecode.c.h; path = SequentialTaskConsumer.h; sourceTree = "<group>"; };
		73049DE92C1600CC009EA667 /* Tasks.h */ = {isa = PBXFileReference; fileEncoding = 4; lastKnownFileType = sourcecode.c.h; path = Tasks.h; sourceTree = "<group>"; };
		73049DEA2C1600CC009EA667 /* ThumbnailsProcessor.h */ = {isa = PBXFileReference; fileEncoding = 4; lastKnownFileType = sourcecode.c.h; path = ThumbnailsProcessor.h; sourceTree = "<group>"; };
		73049DEC2C1600CC009EA667 /* CircularIterator.h */ = {isa = PBXFileReference; fileEncoding = 4; lastKnownFileType = sourcecode.c.h; path = CircularIterator.h; sourceTree = "<group>"; };
		73049DED2C1600CC009EA667 /* Concepts.h */ = {isa = PBXFileReference; fileEncoding = 4; lastKnownFileType = sourcecode.c.h; path = Concepts.h; sourceTree = "<group>"; };
		73049DEE2C1600CC009EA667 /* Error.h */ = {isa = PBXFileReference; fileEncoding = 4; lastKnownFileType = sourcecode.c.h; path = Error.h; sourceTree = "<group>"; };
		73049DEF2C1600CC009EA667 /* FileInfo.h */ = {isa = PBXFileReference; fileEncoding = 4; lastKnownFileType = sourcecode.c.h; path = FileInfo.h; sourceTree = "<group>"; };
		73049DF02C1600CC009EA667 /* IteratorWithState.h */ = {isa = PBXFileReference; fileEncoding = 4; lastKnownFileType = sourcecode.c.h; path = IteratorWithState.h; sourceTree = "<group>"; };
		73049DF12C1600CC009EA667 /* Observable.h */ = {isa = PBXFileReference; fileEncoding = 4; lastKnownFileType = sourcecode.c.h; path = Observable.h; sourceTree = "<group>"; };
		73049DF22C1600CC009EA667 /* Timer.h */ = {isa = PBXFileReference; fileEncoding = 4; lastKnownFileType = sourcecode.c.h; path = Timer.h; sourceTree = "<group>"; };
		73049DF32C1600CC009EA667 /* Traits.h */ = {isa = PBXFileReference; fileEncoding = 4; lastKnownFileType = sourcecode.c.h; path = Traits.h; sourceTree = "<group>"; };
		73049DF42C1600CC009EA667 /* Util.h */ = {isa = PBXFileReference; fileEncoding = 4; lastKnownFileType = sourcecode.c.h; path = Util.h; sourceTree = "<group>"; };
		73049DF62C1600CC009EA667 /* AspectRatio.h */ = {isa = PBXFileReference; fileEncoding = 4; lastKnownFileType = sourcecode.c.h; path = AspectRatio.h; sourceTree = "<group>"; };
		73049DF72C1600CC009EA667 /* BasicSVGModel.h */ = {isa = PBXFileReference; fileEncoding = 4; lastKnownFileType = sourcecode.c.h; path = BasicSVGModel.h; sourceTree = "<group>"; };
		73049DF82C1600CC009EA667 /* CollageLibraryAssistant.h */ = {isa = PBXFileReference; fileEncoding = 4; lastKnownFileType = sourcecode.c.h; path = CollageLibraryAssistant.h; sourceTree = "<group>"; };
		73049DF92C1600CC009EA667 /* Command.h */ = {isa = PBXFileReference; fileEncoding = 4; lastKnownFileType = sourcecode.c.h; path = Command.h; sourceTree = "<group>"; };
		73049DFA2C1600CC009EA667 /* Config.h */ = {isa = PBXFileReference; fileEncoding = 4; lastKnownFileType = sourcecode.c.h; path = Config.h; sourceTree = "<group>"; };
		73049DFB2C1600CC009EA667 /* DataManager.h */ = {isa = PBXFileReference; fileEncoding = 4; lastKnownFileType = sourcecode.c.h; path = DataManager.h; sourceTree = "<group>"; };
		73049DFC2C1600CC009EA667 /* DrawingService.h */ = {isa = PBXFileReference; fileEncoding = 4; lastKnownFileType = sourcecode.c.h; path = DrawingService.h; sourceTree = "<group>"; };
		73049DFD2C1600CC009EA667 /* Enums.h */ = {isa = PBXFileReference; fileEncoding = 4; lastKnownFileType = sourcecode.c.h; path = Enums.h; sourceTree = "<group>"; };
		73049DFE2C1600CC009EA667 /* FileComparator.h */ = {isa = PBXFileReference; fileEncoding = 4; lastKnownFileType = sourcecode.c.h; path = FileComparator.h; sourceTree = "<group>"; };
		73049DFF2C1600CC009EA667 /* ImageMonitor.h */ = {isa = PBXFileReference; fileEncoding = 4; lastKnownFileType = sourcecode.c.h; path = ImageMonitor.h; sourceTree = "<group>"; };
		73049E002C1600CC009EA667 /* ImportFoldersLogic.h */ = {isa = PBXFileReference; fileEncoding = 4; lastKnownFileType = sourcecode.c.h; path = ImportFoldersLogic.h; sourceTree = "<group>"; };
		73049E022C1600CC009EA667 /* MetadataReader.h */ = {isa = PBXFileReference; fileEncoding = 4; lastKnownFileType = sourcecode.c.h; path = MetadataReader.h; sourceTree = "<group>"; };
		73049E032C1600CC009EA667 /* PhotoBook.h */ = {isa = PBXFileReference; fileEncoding = 4; lastKnownFileType = sourcecode.c.h; path = PhotoBook.h; sourceTree = "<group>"; };
		73049E042C1600CC009EA667 /* PhotobookListener.h */ = {isa = PBXFileReference; fileEncoding = 4; lastKnownFileType = sourcecode.c.h; path = PhotobookListener.h; sourceTree = "<group>"; };
		73049E052C1600CC009EA667 /* Platform.h */ = {isa = PBXFileReference; fileEncoding = 4; lastKnownFileType = sourcecode.c.h; path = Platform.h; sourceTree = "<group>"; };
		73049E062C1600CC009EA667 /* ProgressManager.h */ = {isa = PBXFileReference; fileEncoding = 4; lastKnownFileType = sourcecode.c.h; path = ProgressManager.h; sourceTree = "<group>"; };
		73049E072C1600CC009EA667 /* RowProcessingData.h */ = {isa = PBXFileReference; fileEncoding = 4; lastKnownFileType = sourcecode.c.h; path = RowProcessingData.h; sourceTree = "<group>"; };
		73049E082C1600CC009EA667 /* RuntimeUUID.h */ = {isa = PBXFileReference; fileEncoding = 4; lastKnownFileType = sourcecode.c.h; path = RuntimeUUID.h; sourceTree = "<group>"; };
		73049E092C1600CC009EA667 /* StagedImages.h */ = {isa = PBXFileReference; fileEncoding = 4; lastKnownFileType = sourcecode.c.h; path = StagedImages.h; sourceTree = "<group>"; };
		73049E0A2C1600CC009EA667 /* SVGInflater.h */ = {isa = PBXFileReference; fileEncoding = 4; lastKnownFileType = sourcecode.c.h; path = SVGInflater.h; sourceTree = "<group>"; };
		73049E0B2C1600CC009EA667 /* TaskCruncher.h */ = {isa = PBXFileReference; fileEncoding = 4; lastKnownFileType = sourcecode.c.h; path = TaskCruncher.h; sourceTree = "<group>"; };
		73049E0C2C1600CC009EA667 /* ThreadScheduler.h */ = {isa = PBXFileReference; fileEncoding = 4; lastKnownFileType = sourcecode.c.h; path = ThreadScheduler.h; sourceTree = "<group>"; };
		73049E0D2C1600CC009EA667 /* Visitor.h */ = {isa = PBXFileReference; fileEncoding = 4; lastKnownFileType = sourcecode.c.h; path = Visitor.h; sourceTree = "<group>"; };
		73049E0E2C1600CC009EA667 /* WorkersManager.h */ = {isa = PBXFileReference; fileEncoding = 4; lastKnownFileType = sourcecode.c.h; path = WorkersManager.h; sourceTree = "<group>"; };
		73049E202C160EA9009EA667 /* PhotoBook-Bridging-Header.m */ = {isa = PBXFileReference; lastKnownFileType = sourcecode.c.objc; path = "PhotoBook-Bridging-Header.m"; sourceTree = "<group>"; };
		73769A1D2AEEFA6400E9B5C2 /* TableContentView.swift */ = {isa = PBXFileReference; lastKnownFileType = sourcecode.swift; path = TableContentView.swift; sourceTree = "<group>"; };
		73C4EC9E2AA0C0E1006C4108 /* PhotoBook.app */ = {isa = PBXFileReference; explicitFileType = wrapper.application; includeInIndex = 0; path = PhotoBook.app; sourceTree = BUILT_PRODUCTS_DIR; };
		73C4ECA12AA0C0E1006C4108 /* PhotoBookApp.swift */ = {isa = PBXFileReference; lastKnownFileType = sourcecode.swift; path = PhotoBookApp.swift; sourceTree = "<group>"; };
		73C4ECA32AA0C0E1006C4108 /* DashboardView.swift */ = {isa = PBXFileReference; lastKnownFileType = sourcecode.swift; path = DashboardView.swift; sourceTree = "<group>"; };
		73C4ECA52AA0C0E3006C4108 /* Assets.xcassets */ = {isa = PBXFileReference; lastKnownFileType = folder.assetcatalog; path = Assets.xcassets; sourceTree = "<group>"; };
		73C4ECA72AA0C0E3006C4108 /* PhotoBook.entitlements */ = {isa = PBXFileReference; lastKnownFileType = text.plist.entitlements; path = PhotoBook.entitlements; sourceTree = "<group>"; };
		73C4ECA92AA0C0E3006C4108 /* Preview Assets.xcassets */ = {isa = PBXFileReference; lastKnownFileType = folder.assetcatalog; path = "Preview Assets.xcassets"; sourceTree = "<group>"; };
		73C4ECAF2AA0C0E3006C4108 /* PhotoBookTests.xctest */ = {isa = PBXFileReference; explicitFileType = wrapper.cfbundle; includeInIndex = 0; path = PhotoBookTests.xctest; sourceTree = BUILT_PRODUCTS_DIR; };
		73C4ECB32AA0C0E3006C4108 /* PhotoBookTests.swift */ = {isa = PBXFileReference; lastKnownFileType = sourcecode.swift; path = PhotoBookTests.swift; sourceTree = "<group>"; };
		73C4ECB92AA0C0E3006C4108 /* PhotoBookUITests.xctest */ = {isa = PBXFileReference; explicitFileType = wrapper.cfbundle; includeInIndex = 0; path = PhotoBookUITests.xctest; sourceTree = BUILT_PRODUCTS_DIR; };
		73C4ECBD2AA0C0E3006C4108 /* PhotoBookUITests.swift */ = {isa = PBXFileReference; lastKnownFileType = sourcecode.swift; path = PhotoBookUITests.swift; sourceTree = "<group>"; };
		73C4ECBF2AA0C0E3006C4108 /* PhotoBookUITestsLaunchTests.swift */ = {isa = PBXFileReference; lastKnownFileType = sourcecode.swift; path = PhotoBookUITestsLaunchTests.swift; sourceTree = "<group>"; };
/* End PBXFileReference section */

/* Begin PBXFrameworksBuildPhase section */
		73C4EC9B2AA0C0E1006C4108 /* Frameworks */ = {
			isa = PBXFrameworksBuildPhase;
			buildActionMask = 2147483647;
			files = (
			);
			runOnlyForDeploymentPostprocessing = 0;
		};
		73C4ECAC2AA0C0E3006C4108 /* Frameworks */ = {
			isa = PBXFrameworksBuildPhase;
			buildActionMask = 2147483647;
			files = (
			);
			runOnlyForDeploymentPostprocessing = 0;
		};
		73C4ECB62AA0C0E3006C4108 /* Frameworks */ = {
			isa = PBXFrameworksBuildPhase;
			buildActionMask = 2147483647;
			files = (
			);
			runOnlyForDeploymentPostprocessing = 0;
		};
/* End PBXFrameworksBuildPhase section */

/* Begin PBXGroup section */
		73049DD02C1600CC009EA667 /* export */ = {
			isa = PBXGroup;
			children = (
				73049DC92C1600CC009EA667 /* Exportable.h */,
				73049DCA2C1600CC009EA667 /* ExportLogic.h */,
				73049DCB2C1600CC009EA667 /* Html.h */,
				73049DCC2C1600CC009EA667 /* Jpg.h */,
				73049DCD2C1600CC009EA667 /* Pdf.h */,
				73049DCE2C1600CC009EA667 /* PdfLibharu.h */,
				73049DCF2C1600CC009EA667 /* PdfPoDoFo.h */,
			);
			path = export;
			sourceTree = "<group>";
		};
		73049DD92C1600CC009EA667 /* image */ = {
			isa = PBXGroup;
			children = (
				73049DD12C1600CC009EA667 /* Image.h */,
				73049DD22C1600CC009EA667 /* ImageFactory.h */,
				73049DD32C1600CC009EA667 /* ImageOperations.h */,
				73049DD42C1600CC009EA667 /* ImageReader.h */,
				73049DD52C1600CC009EA667 /* ImageSetWriter.h */,
				73049DD62C1600CC009EA667 /* RegularImage.h */,
				73049DD72C1600CC009EA667 /* TextImage.h */,
				73049DD82C1600CC009EA667 /* VirtualImage.h */,
			);
			path = image;
			sourceTree = "<group>";
		};
		73049DDF2C1600CC009EA667 /* persistence */ = {
			isa = PBXGroup;
			children = (
				73049DDA2C1600CC009EA667 /* FilePersistence.h */,
				73049DDB2C1600CC009EA667 /* Persistence.h */,
				73049DDC2C1600CC009EA667 /* ProjectPersistence.h */,
				73049DDD2C1600CC009EA667 /* SerializationStrategy.h */,
				73049DDE2C1600CC009EA667 /* SQLPersistence.h */,
			);
			path = persistence;
			sourceTree = "<group>";
		};
		73049DE52C1600CC009EA667 /* project */ = {
			isa = PBXGroup;
			children = (
				73049DE02C1600CC009EA667 /* PaperSettings.h */,
				73049DE12C1600CC009EA667 /* PathCache.h */,
				73049DE22C1600CC009EA667 /* Project.h */,
				73049DE32C1600CC009EA667 /* ProjectMetadata.h */,
				73049DE42C1600CC009EA667 /* ProjectSnapshot.h */,
			);
			path = project;
			sourceTree = "<group>";
		};
		73049DEB2C1600CC009EA667 /* tasks */ = {
			isa = PBXGroup;
			children = (
				73049DE82C1600CC009EA667 /* SequentialTaskConsumer.h */,
				73049DE92C1600CC009EA667 /* Tasks.h */,
				73049DEA2C1600CC009EA667 /* ThumbnailsProcessor.h */,
			);
			path = tasks;
			sourceTree = "<group>";
		};
		73049DF52C1600CC009EA667 /* util */ = {
			isa = PBXGroup;
			children = (
				73049DEC2C1600CC009EA667 /* CircularIterator.h */,
				73049DED2C1600CC009EA667 /* Concepts.h */,
				73049DEE2C1600CC009EA667 /* Error.h */,
				73049DEF2C1600CC009EA667 /* FileInfo.h */,
				73049DF02C1600CC009EA667 /* IteratorWithState.h */,
				73049DF12C1600CC009EA667 /* Observable.h */,
				73049DF22C1600CC009EA667 /* Timer.h */,
				73049DF32C1600CC009EA667 /* Traits.h */,
				73049DF42C1600CC009EA667 /* Util.h */,
			);
			path = util;
			sourceTree = "<group>";
		};
		73049E0F2C1600CC009EA667 /* pb */ = {
			isa = PBXGroup;
			children = (
				73049DD02C1600CC009EA667 /* export */,
				73049DD92C1600CC009EA667 /* image */,
				73049DDF2C1600CC009EA667 /* persistence */,
				73049DE52C1600CC009EA667 /* project */,
				73049DEB2C1600CC009EA667 /* tasks */,
				73049DF52C1600CC009EA667 /* util */,
				73049DF62C1600CC009EA667 /* AspectRatio.h */,
				73049DF72C1600CC009EA667 /* BasicSVGModel.h */,
				73049DF82C1600CC009EA667 /* CollageLibraryAssistant.h */,
				73049DF92C1600CC009EA667 /* Command.h */,
				73049DFA2C1600CC009EA667 /* Config.h */,
				73049DFB2C1600CC009EA667 /* DataManager.h */,
				73049DFC2C1600CC009EA667 /* DrawingService.h */,
				73049DFD2C1600CC009EA667 /* Enums.h */,
				73049DFE2C1600CC009EA667 /* FileComparator.h */,
				73049DFF2C1600CC009EA667 /* ImageMonitor.h */,
				73049E002C1600CC009EA667 /* ImportFoldersLogic.h */,
				73049E022C1600CC009EA667 /* MetadataReader.h */,
				73049E032C1600CC009EA667 /* PhotoBook.h */,
				73049E042C1600CC009EA667 /* PhotobookListener.h */,
				73049E052C1600CC009EA667 /* Platform.h */,
				73049E062C1600CC009EA667 /* ProgressManager.h */,
				73049E072C1600CC009EA667 /* RowProcessingData.h */,
				73049E082C1600CC009EA667 /* RuntimeUUID.h */,
				73049E092C1600CC009EA667 /* StagedImages.h */,
				73049E0A2C1600CC009EA667 /* SVGInflater.h */,
				73049E0B2C1600CC009EA667 /* TaskCruncher.h */,
				73049E0C2C1600CC009EA667 /* ThreadScheduler.h */,
				73049E0D2C1600CC009EA667 /* Visitor.h */,
				73049E0E2C1600CC009EA667 /* WorkersManager.h */,
			);
			name = pb;
			path = ../../PB/include/pb;
			sourceTree = "<group>";
		};
		73C4EC952AA0C0E0006C4108 = {
			isa = PBXGroup;
			children = (
				73049E0F2C1600CC009EA667 /* pb */,
				73C4ECA02AA0C0E1006C4108 /* PhotoBook */,
				73C4ECB22AA0C0E3006C4108 /* PhotoBookTests */,
				73C4ECBC2AA0C0E3006C4108 /* PhotoBookUITests */,
				73C4EC9F2AA0C0E1006C4108 /* Products */,
			);
			sourceTree = "<group>";
		};
		73C4EC9F2AA0C0E1006C4108 /* Products */ = {
			isa = PBXGroup;
			children = (
				73C4EC9E2AA0C0E1006C4108 /* PhotoBook.app */,
				73C4ECAF2AA0C0E3006C4108 /* PhotoBookTests.xctest */,
				73C4ECB92AA0C0E3006C4108 /* PhotoBookUITests.xctest */,
			);
			name = Products;
			sourceTree = "<group>";
		};
		73C4ECA02AA0C0E1006C4108 /* PhotoBook */ = {
			isa = PBXGroup;
			children = (
				73C4ECA12AA0C0E1006C4108 /* PhotoBookApp.swift */,
				73C4ECA32AA0C0E1006C4108 /* DashboardView.swift */,
				73C4ECA52AA0C0E3006C4108 /* Assets.xcassets */,
				73C4ECA72AA0C0E3006C4108 /* PhotoBook.entitlements */,
				73C4ECA82AA0C0E3006C4108 /* Preview Content */,
				73769A1D2AEEFA6400E9B5C2 /* TableContentView.swift */,
				7302B2E52C15F06B003777D1 /* Photobook.m */,
				7302B2E42C15F06B003777D1 /* PhotoBook-Bridging-Header.h */,
				73049E202C160EA9009EA667 /* PhotoBook-Bridging-Header.m */,
			);
			path = PhotoBook;
			sourceTree = "<group>";
		};
		73C4ECA82AA0C0E3006C4108 /* Preview Content */ = {
			isa = PBXGroup;
			children = (
				73C4ECA92AA0C0E3006C4108 /* Preview Assets.xcassets */,
			);
			path = "Preview Content";
			sourceTree = "<group>";
		};
		73C4ECB22AA0C0E3006C4108 /* PhotoBookTests */ = {
			isa = PBXGroup;
			children = (
				73C4ECB32AA0C0E3006C4108 /* PhotoBookTests.swift */,
			);
			path = PhotoBookTests;
			sourceTree = "<group>";
		};
		73C4ECBC2AA0C0E3006C4108 /* PhotoBookUITests */ = {
			isa = PBXGroup;
			children = (
				73C4ECBD2AA0C0E3006C4108 /* PhotoBookUITests.swift */,
				73C4ECBF2AA0C0E3006C4108 /* PhotoBookUITestsLaunchTests.swift */,
			);
			path = PhotoBookUITests;
			sourceTree = "<group>";
		};
/* End PBXGroup section */

/* Begin PBXNativeTarget section */
		73C4EC9D2AA0C0E1006C4108 /* PhotoBook */ = {
			isa = PBXNativeTarget;
			buildConfigurationList = 73C4ECC32AA0C0E3006C4108 /* Build configuration list for PBXNativeTarget "PhotoBook" */;
			buildPhases = (
				73C4EC9A2AA0C0E1006C4108 /* Sources */,
				73C4EC9B2AA0C0E1006C4108 /* Frameworks */,
				73C4EC9C2AA0C0E1006C4108 /* Resources */,
			);
			buildRules = (
			);
			dependencies = (
			);
			name = PhotoBook;
			productName = PhotoBook;
			productReference = 73C4EC9E2AA0C0E1006C4108 /* PhotoBook.app */;
			productType = "com.apple.product-type.application";
		};
		73C4ECAE2AA0C0E3006C4108 /* PhotoBookTests */ = {
			isa = PBXNativeTarget;
			buildConfigurationList = 73C4ECC62AA0C0E3006C4108 /* Build configuration list for PBXNativeTarget "PhotoBookTests" */;
			buildPhases = (
				73C4ECAB2AA0C0E3006C4108 /* Sources */,
				73C4ECAC2AA0C0E3006C4108 /* Frameworks */,
				73C4ECAD2AA0C0E3006C4108 /* Resources */,
			);
			buildRules = (
			);
			dependencies = (
				73C4ECB12AA0C0E3006C4108 /* PBXTargetDependency */,
			);
			name = PhotoBookTests;
			productName = PhotoBookTests;
			productReference = 73C4ECAF2AA0C0E3006C4108 /* PhotoBookTests.xctest */;
			productType = "com.apple.product-type.bundle.unit-test";
		};
		73C4ECB82AA0C0E3006C4108 /* PhotoBookUITests */ = {
			isa = PBXNativeTarget;
			buildConfigurationList = 73C4ECC92AA0C0E3006C4108 /* Build configuration list for PBXNativeTarget "PhotoBookUITests" */;
			buildPhases = (
				73C4ECB52AA0C0E3006C4108 /* Sources */,
				73C4ECB62AA0C0E3006C4108 /* Frameworks */,
				73C4ECB72AA0C0E3006C4108 /* Resources */,
			);
			buildRules = (
			);
			dependencies = (
				73C4ECBB2AA0C0E3006C4108 /* PBXTargetDependency */,
			);
			name = PhotoBookUITests;
			productName = PhotoBookUITests;
			productReference = 73C4ECB92AA0C0E3006C4108 /* PhotoBookUITests.xctest */;
			productType = "com.apple.product-type.bundle.ui-testing";
		};
/* End PBXNativeTarget section */

/* Begin PBXProject section */
		73C4EC962AA0C0E0006C4108 /* Project object */ = {
			isa = PBXProject;
			attributes = {
				BuildIndependentTargetsInParallel = 1;
				LastSwiftUpdateCheck = 1430;
				LastUpgradeCheck = 1430;
				TargetAttributes = {
					73C4EC9D2AA0C0E1006C4108 = {
						CreatedOnToolsVersion = 14.3.1;
						LastSwiftMigration = 1540;
					};
					73C4ECAE2AA0C0E3006C4108 = {
						CreatedOnToolsVersion = 14.3.1;
						TestTargetID = 73C4EC9D2AA0C0E1006C4108;
					};
					73C4ECB82AA0C0E3006C4108 = {
						CreatedOnToolsVersion = 14.3.1;
						TestTargetID = 73C4EC9D2AA0C0E1006C4108;
					};
				};
			};
			buildConfigurationList = 73C4EC992AA0C0E0006C4108 /* Build configuration list for PBXProject "PhotoBook" */;
			compatibilityVersion = "Xcode 14.0";
			developmentRegion = en;
			hasScannedForEncodings = 0;
			knownRegions = (
				en,
				Base,
			);
			mainGroup = 73C4EC952AA0C0E0006C4108;
			productRefGroup = 73C4EC9F2AA0C0E1006C4108 /* Products */;
			projectDirPath = "";
			projectRoot = "";
			targets = (
				73C4EC9D2AA0C0E1006C4108 /* PhotoBook */,
				73C4ECAE2AA0C0E3006C4108 /* PhotoBookTests */,
				73C4ECB82AA0C0E3006C4108 /* PhotoBookUITests */,
			);
		};
/* End PBXProject section */

/* Begin PBXResourcesBuildPhase section */
		73C4EC9C2AA0C0E1006C4108 /* Resources */ = {
			isa = PBXResourcesBuildPhase;
			buildActionMask = 2147483647;
			files = (
				73C4ECAA2AA0C0E3006C4108 /* Preview Assets.xcassets in Resources */,
				73C4ECA62AA0C0E3006C4108 /* Assets.xcassets in Resources */,
			);
			runOnlyForDeploymentPostprocessing = 0;
		};
		73C4ECAD2AA0C0E3006C4108 /* Resources */ = {
			isa = PBXResourcesBuildPhase;
			buildActionMask = 2147483647;
			files = (
			);
			runOnlyForDeploymentPostprocessing = 0;
		};
		73C4ECB72AA0C0E3006C4108 /* Resources */ = {
			isa = PBXResourcesBuildPhase;
			buildActionMask = 2147483647;
			files = (
			);
			runOnlyForDeploymentPostprocessing = 0;
		};
/* End PBXResourcesBuildPhase section */

/* Begin PBXSourcesBuildPhase section */
		73C4EC9A2AA0C0E1006C4108 /* Sources */ = {
			isa = PBXSourcesBuildPhase;
			buildActionMask = 2147483647;
			files = (
				73049E212C160EA9009EA667 /* PhotoBook-Bridging-Header.m in Sources */,
				73C4ECA42AA0C0E1006C4108 /* DashboardView.swift in Sources */,
				73C4ECA22AA0C0E1006C4108 /* PhotoBookApp.swift in Sources */,
				73769A1E2AEEFA6400E9B5C2 /* TableContentView.swift in Sources */,
				7302B2E62C15F06B003777D1 /* Photobook.m in Sources */,
			);
			runOnlyForDeploymentPostprocessing = 0;
		};
		73C4ECAB2AA0C0E3006C4108 /* Sources */ = {
			isa = PBXSourcesBuildPhase;
			buildActionMask = 2147483647;
			files = (
				73C4ECB42AA0C0E3006C4108 /* PhotoBookTests.swift in Sources */,
			);
			runOnlyForDeploymentPostprocessing = 0;
		};
		73C4ECB52AA0C0E3006C4108 /* Sources */ = {
			isa = PBXSourcesBuildPhase;
			buildActionMask = 2147483647;
			files = (
				73C4ECC02AA0C0E3006C4108 /* PhotoBookUITestsLaunchTests.swift in Sources */,
				73C4ECBE2AA0C0E3006C4108 /* PhotoBookUITests.swift in Sources */,
			);
			runOnlyForDeploymentPostprocessing = 0;
		};
/* End PBXSourcesBuildPhase section */

/* Begin PBXTargetDependency section */
		73C4ECB12AA0C0E3006C4108 /* PBXTargetDependency */ = {
			isa = PBXTargetDependency;
			target = 73C4EC9D2AA0C0E1006C4108 /* PhotoBook */;
			targetProxy = 73C4ECB02AA0C0E3006C4108 /* PBXContainerItemProxy */;
		};
		73C4ECBB2AA0C0E3006C4108 /* PBXTargetDependency */ = {
			isa = PBXTargetDependency;
			target = 73C4EC9D2AA0C0E1006C4108 /* PhotoBook */;
			targetProxy = 73C4ECBA2AA0C0E3006C4108 /* PBXContainerItemProxy */;
		};
/* End PBXTargetDependency section */

/* Begin XCBuildConfiguration section */
		73C4ECC12AA0C0E3006C4108 /* Debug */ = {
			isa = XCBuildConfiguration;
			buildSettings = {
				ALWAYS_SEARCH_USER_PATHS = NO;
				CC = /usr/local/bin/clang;
				CLANG_ANALYZER_NONNULL = YES;
				CLANG_ANALYZER_NUMBER_OBJECT_CONVERSION = YES_AGGRESSIVE;
				CLANG_CXX_LANGUAGE_STANDARD = "c++20";
				CLANG_ENABLE_MODULES = YES;
				CLANG_ENABLE_OBJC_ARC = YES;
				CLANG_ENABLE_OBJC_WEAK = YES;
				CLANG_WARN_BLOCK_CAPTURE_AUTORELEASING = YES;
				CLANG_WARN_BOOL_CONVERSION = YES;
				CLANG_WARN_COMMA = YES;
				CLANG_WARN_CONSTANT_CONVERSION = YES;
				CLANG_WARN_DEPRECATED_OBJC_IMPLEMENTATIONS = YES;
				CLANG_WARN_DIRECT_OBJC_ISA_USAGE = YES_ERROR;
				CLANG_WARN_DOCUMENTATION_COMMENTS = YES;
				CLANG_WARN_EMPTY_BODY = YES;
				CLANG_WARN_ENUM_CONVERSION = YES;
				CLANG_WARN_INFINITE_RECURSION = YES;
				CLANG_WARN_INT_CONVERSION = YES;
				CLANG_WARN_NON_LITERAL_NULL_CONVERSION = YES;
				CLANG_WARN_OBJC_IMPLICIT_RETAIN_SELF = YES;
				CLANG_WARN_OBJC_LITERAL_CONVERSION = YES;
				CLANG_WARN_OBJC_ROOT_CLASS = YES_ERROR;
				CLANG_WARN_QUOTED_INCLUDE_IN_FRAMEWORK_HEADER = YES;
				CLANG_WARN_RANGE_LOOP_ANALYSIS = YES;
				CLANG_WARN_STRICT_PROTOTYPES = YES;
				CLANG_WARN_SUSPICIOUS_MOVE = YES;
				CLANG_WARN_UNGUARDED_AVAILABILITY = YES_AGGRESSIVE;
				CLANG_WARN_UNREACHABLE_CODE = YES;
				CLANG_WARN__DUPLICATE_METHOD_MATCH = YES;
				COMPILER_INDEX_STORE_ENABLE = NO;
				COPY_PHASE_STRIP = NO;
				CXX = "/usr/local/bin/clang++";
				DEBUG_INFORMATION_FORMAT = dwarf;
				ENABLE_STRICT_OBJC_MSGSEND = YES;
				ENABLE_TESTABILITY = YES;
				GCC_C_LANGUAGE_STANDARD = gnu11;
				GCC_DYNAMIC_NO_PIC = NO;
				GCC_INPUT_FILETYPE = sourcecode.cpp.objcpp;
				GCC_NO_COMMON_BLOCKS = YES;
				GCC_OPTIMIZATION_LEVEL = 0;
				GCC_PREPROCESSOR_DEFINITIONS = (
					"DEBUG=1",
					"$(inherited)",
				);
				GCC_VERSION = "";
				GCC_WARN_64_TO_32_BIT_CONVERSION = YES;
				GCC_WARN_ABOUT_RETURN_TYPE = YES_ERROR;
				GCC_WARN_UNDECLARED_SELECTOR = YES;
				GCC_WARN_UNINITIALIZED_AUTOS = YES_AGGRESSIVE;
				GCC_WARN_UNUSED_FUNCTION = YES;
				GCC_WARN_UNUSED_VARIABLE = YES;
				HEADER_SEARCH_PATHS = (
					../../PB/include,
					"../../vcpkg/installed/x64-osx/include",
					"../../vcpkg/installed/x64-osx/include/thread-pool-0.6.2",
				);
				MTL_ENABLE_DEBUG_INFO = INCLUDE_SOURCE;
				MTL_FAST_MATH = YES;
				ONLY_ACTIVE_ARCH = YES;
				SWIFT_ACTIVE_COMPILATION_CONDITIONS = DEBUG;
				SWIFT_OPTIMIZATION_LEVEL = "-Onone";
			};
			name = Debug;
		};
		73C4ECC22AA0C0E3006C4108 /* Release */ = {
			isa = XCBuildConfiguration;
			buildSettings = {
				ALWAYS_SEARCH_USER_PATHS = NO;
				CLANG_ANALYZER_NONNULL = YES;
				CLANG_ANALYZER_NUMBER_OBJECT_CONVERSION = YES_AGGRESSIVE;
				CLANG_CXX_LANGUAGE_STANDARD = "c++20";
				CLANG_ENABLE_MODULES = YES;
				CLANG_ENABLE_OBJC_ARC = YES;
				CLANG_ENABLE_OBJC_WEAK = YES;
				CLANG_WARN_BLOCK_CAPTURE_AUTORELEASING = YES;
				CLANG_WARN_BOOL_CONVERSION = YES;
				CLANG_WARN_COMMA = YES;
				CLANG_WARN_CONSTANT_CONVERSION = YES;
				CLANG_WARN_DEPRECATED_OBJC_IMPLEMENTATIONS = YES;
				CLANG_WARN_DIRECT_OBJC_ISA_USAGE = YES_ERROR;
				CLANG_WARN_DOCUMENTATION_COMMENTS = YES;
				CLANG_WARN_EMPTY_BODY = YES;
				CLANG_WARN_ENUM_CONVERSION = YES;
				CLANG_WARN_INFINITE_RECURSION = YES;
				CLANG_WARN_INT_CONVERSION = YES;
				CLANG_WARN_NON_LITERAL_NULL_CONVERSION = YES;
				CLANG_WARN_OBJC_IMPLICIT_RETAIN_SELF = YES;
				CLANG_WARN_OBJC_LITERAL_CONVERSION = YES;
				CLANG_WARN_OBJC_ROOT_CLASS = YES_ERROR;
				CLANG_WARN_QUOTED_INCLUDE_IN_FRAMEWORK_HEADER = YES;
				CLANG_WARN_RANGE_LOOP_ANALYSIS = YES;
				CLANG_WARN_STRICT_PROTOTYPES = YES;
				CLANG_WARN_SUSPICIOUS_MOVE = YES;
				CLANG_WARN_UNGUARDED_AVAILABILITY = YES_AGGRESSIVE;
				CLANG_WARN_UNREACHABLE_CODE = YES;
				CLANG_WARN__DUPLICATE_METHOD_MATCH = YES;
				COMPILER_INDEX_STORE_ENABLE = NO;
				COPY_PHASE_STRIP = NO;
				DEBUG_INFORMATION_FORMAT = "dwarf-with-dsym";
				ENABLE_NS_ASSERTIONS = NO;
				ENABLE_STRICT_OBJC_MSGSEND = YES;
				GCC_C_LANGUAGE_STANDARD = gnu11;
				GCC_INPUT_FILETYPE = sourcecode.cpp.objcpp;
				GCC_NO_COMMON_BLOCKS = YES;
				GCC_VERSION = "";
				GCC_WARN_64_TO_32_BIT_CONVERSION = YES;
				GCC_WARN_ABOUT_RETURN_TYPE = YES_ERROR;
				GCC_WARN_UNDECLARED_SELECTOR = YES;
				GCC_WARN_UNINITIALIZED_AUTOS = YES_AGGRESSIVE;
				GCC_WARN_UNUSED_FUNCTION = YES;
				GCC_WARN_UNUSED_VARIABLE = YES;
				HEADER_SEARCH_PATHS = (
					../../PB/include,
					"../../vcpkg/installed/x64-osx/include",
					"../../vcpkg/installed/x64-osx/include/thread-pool-0.6.2",
				);
				MTL_ENABLE_DEBUG_INFO = NO;
				MTL_FAST_MATH = YES;
				SWIFT_COMPILATION_MODE = wholemodule;
				SWIFT_OPTIMIZATION_LEVEL = "-O";
			};
			name = Release;
		};
		73C4ECC42AA0C0E3006C4108 /* Debug */ = {
			isa = XCBuildConfiguration;
			buildSettings = {
				ASSETCATALOG_COMPILER_APPICON_NAME = AppIcon;
				ASSETCATALOG_COMPILER_GLOBAL_ACCENT_COLOR_NAME = AccentColor;
				CLANG_ENABLE_MODULES = YES;
				CODE_SIGN_ENTITLEMENTS = PhotoBook/PhotoBook.entitlements;
				CODE_SIGN_STYLE = Automatic;
				CURRENT_PROJECT_VERSION = 1;
				DEVELOPMENT_ASSET_PATHS = "\"PhotoBook/Preview Content\"";
				ENABLE_PREVIEWS = YES;
				GCC_VERSION = "";
				GENERATE_INFOPLIST_FILE = YES;
				HEADER_SEARCH_PATHS = (
					../../PB/include,
					"../../vcpkg/installed/x64-osx/include",
					"../../vcpkg/installed/x64-osx/include/thread-pool-0.6.2",
				);
				"INFOPLIST_KEY_UIApplicationSceneManifest_Generation[sdk=iphoneos*]" = YES;
				"INFOPLIST_KEY_UIApplicationSceneManifest_Generation[sdk=iphonesimulator*]" = YES;
				"INFOPLIST_KEY_UIApplicationSupportsIndirectInputEvents[sdk=iphoneos*]" = YES;
				"INFOPLIST_KEY_UIApplicationSupportsIndirectInputEvents[sdk=iphonesimulator*]" = YES;
				"INFOPLIST_KEY_UILaunchScreen_Generation[sdk=iphoneos*]" = YES;
				"INFOPLIST_KEY_UILaunchScreen_Generation[sdk=iphonesimulator*]" = YES;
				"INFOPLIST_KEY_UIStatusBarStyle[sdk=iphoneos*]" = UIStatusBarStyleDefault;
				"INFOPLIST_KEY_UIStatusBarStyle[sdk=iphonesimulator*]" = UIStatusBarStyleDefault;
				INFOPLIST_KEY_UISupportedInterfaceOrientations_iPad = "UIInterfaceOrientationPortrait UIInterfaceOrientationPortraitUpsideDown UIInterfaceOrientationLandscapeLeft UIInterfaceOrientationLandscapeRight";
				INFOPLIST_KEY_UISupportedInterfaceOrientations_iPhone = "UIInterfaceOrientationPortrait UIInterfaceOrientationLandscapeLeft UIInterfaceOrientationLandscapeRight";
				IPHONEOS_DEPLOYMENT_TARGET = 16.4;
				LD_RUNPATH_SEARCH_PATHS = "@executable_path/Frameworks";
				"LD_RUNPATH_SEARCH_PATHS[sdk=macosx*]" = "@executable_path/../Frameworks";
				MACOSX_DEPLOYMENT_TARGET = 13.3;
				MARKETING_VERSION = 1.0;
				OTHER_CPLUSPLUSFLAGS = (
					"$(OTHER_CFLAGS)",
					"-stdlib=libc++",
					"-fexperimental-library",
				);
				PRODUCT_BUNDLE_IDENTIFIER = com.mandelbrotsc.PhotoBook;
				PRODUCT_NAME = "$(TARGET_NAME)";
				SDKROOT = auto;
				SUPPORTED_PLATFORMS = "iphoneos iphonesimulator macosx";
				SWIFT_EMIT_LOC_STRINGS = YES;
				SWIFT_OBJC_BRIDGING_HEADER = "PhotoBook/PhotoBook-Bridging-Header.h";
				SWIFT_OPTIMIZATION_LEVEL = "-Onone";
				SWIFT_PRECOMPILE_BRIDGING_HEADER = YES;
				SWIFT_VERSION = 5.0;
				TARGETED_DEVICE_FAMILY = "1,2";
			};
			name = Debug;
		};
		73C4ECC52AA0C0E3006C4108 /* Release */ = {
			isa = XCBuildConfiguration;
			buildSettings = {
				ASSETCATALOG_COMPILER_APPICON_NAME = AppIcon;
				ASSETCATALOG_COMPILER_GLOBAL_ACCENT_COLOR_NAME = AccentColor;
				CLANG_ENABLE_MODULES = YES;
				CODE_SIGN_ENTITLEMENTS = PhotoBook/PhotoBook.entitlements;
				CODE_SIGN_STYLE = Automatic;
				CURRENT_PROJECT_VERSION = 1;
				DEVELOPMENT_ASSET_PATHS = "\"PhotoBook/Preview Content\"";
				ENABLE_PREVIEWS = YES;
				GCC_VERSION = "";
				GENERATE_INFOPLIST_FILE = YES;
				HEADER_SEARCH_PATHS = (
					../../PB/include,
					"../../vcpkg/installed/x64-osx/include",
					"../../vcpkg/installed/x64-osx/include/thread-pool-0.6.2",
				);
				"INFOPLIST_KEY_UIApplicationSceneManifest_Generation[sdk=iphoneos*]" = YES;
				"INFOPLIST_KEY_UIApplicationSceneManifest_Generation[sdk=iphonesimulator*]" = YES;
				"INFOPLIST_KEY_UIApplicationSupportsIndirectInputEvents[sdk=iphoneos*]" = YES;
				"INFOPLIST_KEY_UIApplicationSupportsIndirectInputEvents[sdk=iphonesimulator*]" = YES;
				"INFOPLIST_KEY_UILaunchScreen_Generation[sdk=iphoneos*]" = YES;
				"INFOPLIST_KEY_UILaunchScreen_Generation[sdk=iphonesimulator*]" = YES;
				"INFOPLIST_KEY_UIStatusBarStyle[sdk=iphoneos*]" = UIStatusBarStyleDefault;
				"INFOPLIST_KEY_UIStatusBarStyle[sdk=iphonesimulator*]" = UIStatusBarStyleDefault;
				INFOPLIST_KEY_UISupportedInterfaceOrientations_iPad = "UIInterfaceOrientationPortrait UIInterfaceOrientationPortraitUpsideDown UIInterfaceOrientationLandscapeLeft UIInterfaceOrientationLandscapeRight";
				INFOPLIST_KEY_UISupportedInterfaceOrientations_iPhone = "UIInterfaceOrientationPortrait UIInterfaceOrientationLandscapeLeft UIInterfaceOrientationLandscapeRight";
				IPHONEOS_DEPLOYMENT_TARGET = 16.4;
				LD_RUNPATH_SEARCH_PATHS = "@executable_path/Frameworks";
				"LD_RUNPATH_SEARCH_PATHS[sdk=macosx*]" = "@executable_path/../Frameworks";
				MACOSX_DEPLOYMENT_TARGET = 13.3;
				MARKETING_VERSION = 1.0;
				OTHER_CPLUSPLUSFLAGS = (
					"$(OTHER_CFLAGS)",
					"-stdlib=libc++",
					"-fexperimental-library",
				);
				PRODUCT_BUNDLE_IDENTIFIER = com.mandelbrotsc.PhotoBook;
				PRODUCT_NAME = "$(TARGET_NAME)";
				SDKROOT = auto;
				SUPPORTED_PLATFORMS = "iphoneos iphonesimulator macosx";
				SWIFT_EMIT_LOC_STRINGS = YES;
				SWIFT_OBJC_BRIDGING_HEADER = "PhotoBook/PhotoBook-Bridging-Header.h";
				SWIFT_PRECOMPILE_BRIDGING_HEADER = YES;
				SWIFT_VERSION = 5.0;
				TARGETED_DEVICE_FAMILY = "1,2";
			};
			name = Release;
		};
		73C4ECC72AA0C0E3006C4108 /* Debug */ = {
			isa = XCBuildConfiguration;
			buildSettings = {
				ALWAYS_EMBED_SWIFT_STANDARD_LIBRARIES = YES;
				BUNDLE_LOADER = "$(TEST_HOST)";
				CODE_SIGN_STYLE = Automatic;
				CURRENT_PROJECT_VERSION = 1;
				GENERATE_INFOPLIST_FILE = YES;
				IPHONEOS_DEPLOYMENT_TARGET = 16.4;
				MACOSX_DEPLOYMENT_TARGET = 13.3;
				MARKETING_VERSION = 1.0;
				PRODUCT_BUNDLE_IDENTIFIER = com.mandelbrotsc.PhotoBookTests;
				PRODUCT_NAME = "$(TARGET_NAME)";
				SDKROOT = auto;
				SUPPORTED_PLATFORMS = "iphoneos iphonesimulator macosx";
				SWIFT_EMIT_LOC_STRINGS = NO;
				SWIFT_VERSION = 5.0;
				TARGETED_DEVICE_FAMILY = "1,2";
				TEST_HOST = "$(BUILT_PRODUCTS_DIR)/PhotoBook.app/$(BUNDLE_EXECUTABLE_FOLDER_PATH)/PhotoBook";
			};
			name = Debug;
		};
		73C4ECC82AA0C0E3006C4108 /* Release */ = {
			isa = XCBuildConfiguration;
			buildSettings = {
				ALWAYS_EMBED_SWIFT_STANDARD_LIBRARIES = YES;
				BUNDLE_LOADER = "$(TEST_HOST)";
				CODE_SIGN_STYLE = Automatic;
				CURRENT_PROJECT_VERSION = 1;
				GENERATE_INFOPLIST_FILE = YES;
				IPHONEOS_DEPLOYMENT_TARGET = 16.4;
				MACOSX_DEPLOYMENT_TARGET = 13.3;
				MARKETING_VERSION = 1.0;
				PRODUCT_BUNDLE_IDENTIFIER = com.mandelbrotsc.PhotoBookTests;
				PRODUCT_NAME = "$(TARGET_NAME)";
				SDKROOT = auto;
				SUPPORTED_PLATFORMS = "iphoneos iphonesimulator macosx";
				SWIFT_EMIT_LOC_STRINGS = NO;
				SWIFT_VERSION = 5.0;
				TARGETED_DEVICE_FAMILY = "1,2";
				TEST_HOST = "$(BUILT_PRODUCTS_DIR)/PhotoBook.app/$(BUNDLE_EXECUTABLE_FOLDER_PATH)/PhotoBook";
			};
			name = Release;
		};
		73C4ECCA2AA0C0E3006C4108 /* Debug */ = {
			isa = XCBuildConfiguration;
			buildSettings = {
				ALWAYS_EMBED_SWIFT_STANDARD_LIBRARIES = YES;
				CODE_SIGN_STYLE = Automatic;
				CURRENT_PROJECT_VERSION = 1;
				GENERATE_INFOPLIST_FILE = YES;
				IPHONEOS_DEPLOYMENT_TARGET = 16.4;
				MACOSX_DEPLOYMENT_TARGET = 13.3;
				MARKETING_VERSION = 1.0;
				PRODUCT_BUNDLE_IDENTIFIER = com.mandelbrotsc.PhotoBookUITests;
				PRODUCT_NAME = "$(TARGET_NAME)";
				SDKROOT = auto;
				SUPPORTED_PLATFORMS = "iphoneos iphonesimulator macosx";
				SWIFT_EMIT_LOC_STRINGS = NO;
				SWIFT_VERSION = 5.0;
				TARGETED_DEVICE_FAMILY = "1,2";
				TEST_TARGET_NAME = PhotoBook;
			};
			name = Debug;
		};
		73C4ECCB2AA0C0E3006C4108 /* Release */ = {
			isa = XCBuildConfiguration;
			buildSettings = {
				ALWAYS_EMBED_SWIFT_STANDARD_LIBRARIES = YES;
				CODE_SIGN_STYLE = Automatic;
				CURRENT_PROJECT_VERSION = 1;
				GENERATE_INFOPLIST_FILE = YES;
				IPHONEOS_DEPLOYMENT_TARGET = 16.4;
				MACOSX_DEPLOYMENT_TARGET = 13.3;
				MARKETING_VERSION = 1.0;
				PRODUCT_BUNDLE_IDENTIFIER = com.mandelbrotsc.PhotoBookUITests;
				PRODUCT_NAME = "$(TARGET_NAME)";
				SDKROOT = auto;
				SUPPORTED_PLATFORMS = "iphoneos iphonesimulator macosx";
				SWIFT_EMIT_LOC_STRINGS = NO;
				SWIFT_VERSION = 5.0;
				TARGETED_DEVICE_FAMILY = "1,2";
				TEST_TARGET_NAME = PhotoBook;
			};
			name = Release;
		};
/* End XCBuildConfiguration section */

/* Begin XCConfigurationList section */
		73C4EC992AA0C0E0006C4108 /* Build configuration list for PBXProject "PhotoBook" */ = {
			isa = XCConfigurationList;
			buildConfigurations = (
				73C4ECC12AA0C0E3006C4108 /* Debug */,
				73C4ECC22AA0C0E3006C4108 /* Release */,
			);
			defaultConfigurationIsVisible = 0;
			defaultConfigurationName = Release;
		};
		73C4ECC32AA0C0E3006C4108 /* Build configuration list for PBXNativeTarget "PhotoBook" */ = {
			isa = XCConfigurationList;
			buildConfigurations = (
				73C4ECC42AA0C0E3006C4108 /* Debug */,
				73C4ECC52AA0C0E3006C4108 /* Release */,
			);
			defaultConfigurationIsVisible = 0;
			defaultConfigurationName = Release;
		};
		73C4ECC62AA0C0E3006C4108 /* Build configuration list for PBXNativeTarget "PhotoBookTests" */ = {
			isa = XCConfigurationList;
			buildConfigurations = (
				73C4ECC72AA0C0E3006C4108 /* Debug */,
				73C4ECC82AA0C0E3006C4108 /* Release */,
			);
			defaultConfigurationIsVisible = 0;
			defaultConfigurationName = Release;
		};
		73C4ECC92AA0C0E3006C4108 /* Build configuration list for PBXNativeTarget "PhotoBookUITests" */ = {
			isa = XCConfigurationList;
			buildConfigurations = (
				73C4ECCA2AA0C0E3006C4108 /* Debug */,
				73C4ECCB2AA0C0E3006C4108 /* Release */,
			);
			defaultConfigurationIsVisible = 0;
			defaultConfigurationName = Release;
		};
/* End XCConfigurationList section */
	};
	rootObject = 73C4EC962AA0C0E0006C4108 /* Project object */;
}
