<?xml version="1.0" encoding="utf-8"?>
<Project ToolsVersion="4.0" xmlns="http://schemas.microsoft.com/developer/msbuild/2003">
  <ItemGroup>
    <ApplicationDefinition Include="App.xaml" />
  </ItemGroup>
  <ItemGroup>
    <Page Include="MainWindow.xaml" />
    <Page Include="TableContentPage.xaml" />
    <Page Include="Dashboard.xaml" />
    <Page Include="ColorScheme.xaml" />
  </ItemGroup>
  <ItemGroup>
    <Midl Include="App.idl" />
    <Midl Include="MainWindow.idl" />
    <Midl Include="ProjectItem.idl" />
    <Midl Include="ImageUIData.idl" />
  </ItemGroup>
  <ItemGroup>
    <ClCompile Include="pch.cpp" />
    <ClCompile Include="$(GeneratedFilesDir)module.g.cpp" />
    <ClCompile Include="PhotobookTableListener.cpp" />
    <ClCompile Include="ProjectItem.cpp" />
    <ClCompile Include="ImageUIData.cpp" />
    <ClCompile Include="PopUps.cpp" />
    <ClCompile Include="PlatformHelper.cpp" />
  </ItemGroup>
  <ItemGroup>
    <ClInclude Include="pch.h" />
    <ClInclude Include="PhotobookTableListener.h" />
    <ClInclude Include="ProjectItem.h" />
    <ClInclude Include="ImageUIData.h" />
    <ClInclude Include="PopUps.h" />
    <ClInclude Include="PlatformHelper.h" />
  </ItemGroup>
  <ItemGroup>
    <Image Include="Assets\Wide310x150Logo.scale-200.png">
      <Filter>Assets</Filter>
    </Image>
    <Image Include="Assets\StoreLogo.png">
      <Filter>Assets</Filter>
    </Image>
    <Image Include="Assets\Square150x150Logo.scale-200.png">
      <Filter>Assets</Filter>
    </Image>
    <Image Include="Assets\Square44x44Logo.targetsize-24_altform-unplated.png">
      <Filter>Assets</Filter>
    </Image>
    <Image Include="Assets\Square44x44Logo.scale-200.png">
      <Filter>Assets</Filter>
    </Image>
    <Image Include="Assets\SplashScreen.scale-200.png">
      <Filter>Assets</Filter>
    </Image>
    <Image Include="Assets\LockScreenLogo.scale-200.png">
      <Filter>Assets</Filter>
    </Image>
    <Image Include="Assets\folderIcon.png">
      <Filter>Assets</Filter>
    </Image>
    <Image Include="Assets\page-left-enabled.png">
      <Filter>Assets</Filter>
    </Image>
    <Image Include="Assets\page-right-enabled.png">
      <Filter>Assets</Filter>
    </Image>
    <Image Include="Assets\coffee-cup.png">
      <Filter>Assets</Filter>
    </Image>
    <Image Include="Assets\delete-circle.png">
      <Filter>Assets</Filter>
    </Image>
    <Image Include="Assets\loading-image.png">
      <Filter>Assets</Filter>
    </Image>
  </ItemGroup>
  <ItemGroup>
    <Filter Include="Assets">
      <UniqueIdentifier>{89aa7e2f-2234-47f8-9c83-1291d94a2545}</UniqueIdentifier>
    </Filter>
    <Filter Include="Assets\Fonts">
      <UniqueIdentifier>{865908e2-c694-4772-a745-10c5b425ae72}</UniqueIdentifier>
    </Filter>
    <Filter Include="x64-release">
      <UniqueIdentifier>{18ecb82c-a758-4769-8a27-d03225fdf09e}</UniqueIdentifier>
    </Filter>
    <Filter Include="x64-debug">
      <UniqueIdentifier>{6fbca756-4da0-467e-8109-8ec0d18980ff}</UniqueIdentifier>
    </Filter>
    <Filter Include="arm64-debug">
      <UniqueIdentifier>{b86c8aca-d553-43b4-b40d-4adc03c553da}</UniqueIdentifier>
    </Filter>
    <Filter Include="arm64-release">
      <UniqueIdentifier>{35c13e01-a22a-4e30-a54f-ea1d2c750d56}</UniqueIdentifier>
    </Filter>
  </ItemGroup>
  <ItemGroup>
    <Text Include="readme.txt" />
  </ItemGroup>
  <ItemGroup>
    <Manifest Include="app.manifest" />
  </ItemGroup>
  <ItemGroup>
    <AppxManifest Include="Package.appxmanifest" />
  </ItemGroup>
  <ItemGroup>
    <None Include="packages.config" />
    <None Include="Assets\LICENSE" />
    <None Include="PhotobookUI_TemporaryKey.pfx" />
  </ItemGroup>
  <ItemGroup>
    <Natvis Include="$(MSBuildThisFileDirectory)..\..\natvis\wil.natvis" />
  </ItemGroup>
  <ItemGroup>
    <Font Include="Assets\Fonts\Righteous-Regular.ttf">
      <Filter>Assets\Fonts</Filter>
    </Font>
  </ItemGroup>
  <ItemGroup>
    <CopyFileToFolders Include="..\..\PB\third-party\podofo-build\lib\x64\Release\brotlicommon.dll">
      <Filter>x64-release</Filter>
    </CopyFileToFolders>
    <CopyFileToFolders Include="..\..\PB\third-party\podofo-build\lib\x64\Release\brotlidec.dll">
      <Filter>x64-release</Filter>
    </CopyFileToFolders>
    <CopyFileToFolders Include="..\..\PB\third-party\podofo-build\lib\x64\Release\bz2.dll">
      <Filter>x64-release</Filter>
    </CopyFileToFolders>
    <CopyFileToFolders Include="..\..\PB\third-party\podofo-build\lib\x64\Release\fontconfig-1.dll">
      <Filter>x64-release</Filter>
    </CopyFileToFolders>
    <CopyFileToFolders Include="..\..\PB\third-party\podofo-build\lib\x64\Release\freetype.dll">
      <Filter>x64-release</Filter>
    </CopyFileToFolders>
    <CopyFileToFolders Include="..\..\PB\third-party\podofo-build\lib\x64\Release\iconv-2.dll">
      <Filter>x64-release</Filter>
    </CopyFileToFolders>
    <CopyFileToFolders Include="..\..\PB\third-party\podofo-build\lib\x64\Release\jpeg62.dll">
      <Filter>x64-release</Filter>
    </CopyFileToFolders>
    <CopyFileToFolders Include="..\..\PB\third-party\podofo-build\lib\x64\Release\libcrypto-3-x64.dll">
      <Filter>x64-release</Filter>
    </CopyFileToFolders>
    <CopyFileToFolders Include="..\..\PB\third-party\podofo-build\lib\x64\Release\libexpat.dll">
      <Filter>x64-release</Filter>
    </CopyFileToFolders>
    <CopyFileToFolders Include="..\..\PB\third-party\podofo-build\lib\x64\Release\liblzma.dll">
      <Filter>x64-release</Filter>
    </CopyFileToFolders>
    <CopyFileToFolders Include="..\..\PB\third-party\podofo-build\lib\x64\Release\libpng16.dll">
      <Filter>x64-release</Filter>
    </CopyFileToFolders>
    <CopyFileToFolders Include="..\..\PB\third-party\podofo-build\lib\x64\Release\libxml2.dll">
      <Filter>x64-release</Filter>
    </CopyFileToFolders>
    <CopyFileToFolders Include="..\..\PB\third-party\podofo-build\lib\x64\Release\podofo.dll">
      <Filter>x64-release</Filter>
    </CopyFileToFolders>
    <CopyFileToFolders Include="..\..\PB\third-party\podofo-build\lib\x64\Release\tiff.dll">
      <Filter>x64-release</Filter>
    </CopyFileToFolders>
    <CopyFileToFolders Include="..\..\PB\third-party\podofo-build\lib\x64\Release\zlib1.dll">
      <Filter>x64-release</Filter>
    </CopyFileToFolders>
    <CopyFileToFolders Include="..\..\PB\third-party\podofo-build\lib\arm64\Release\brotlicommon.dll">
      <Filter>arm64-release</Filter>
    </CopyFileToFolders>
    <CopyFileToFolders Include="..\..\PB\third-party\podofo-build\lib\arm64\Release\brotlidec.dll">
      <Filter>arm64-release</Filter>
    </CopyFileToFolders>
    <CopyFileToFolders Include="..\..\PB\third-party\podofo-build\lib\arm64\Release\bz2.dll">
      <Filter>arm64-release</Filter>
    </CopyFileToFolders>
    <CopyFileToFolders Include="..\..\PB\third-party\podofo-build\lib\arm64\Release\fontconfig-1.dll">
      <Filter>arm64-release</Filter>
    </CopyFileToFolders>
    <CopyFileToFolders Include="..\..\PB\third-party\podofo-build\lib\arm64\Release\freetype.dll">
      <Filter>arm64-release</Filter>
    </CopyFileToFolders>
    <CopyFileToFolders Include="..\..\PB\third-party\podofo-build\lib\arm64\Release\iconv-2.dll">
      <Filter>arm64-release</Filter>
    </CopyFileToFolders>
    <CopyFileToFolders Include="..\..\PB\third-party\podofo-build\lib\arm64\Release\jpeg62.dll">
      <Filter>arm64-release</Filter>
    </CopyFileToFolders>
    <CopyFileToFolders Include="..\..\PB\third-party\podofo-build\lib\arm64\Release\libcrypto-3-arm64.dll">
      <Filter>arm64-release</Filter>
    </CopyFileToFolders>
    <CopyFileToFolders Include="..\..\PB\third-party\podofo-build\lib\arm64\Release\libexpat.dll">
      <Filter>arm64-release</Filter>
    </CopyFileToFolders>
    <CopyFileToFolders Include="..\..\PB\third-party\podofo-build\lib\arm64\Release\liblzma.dll">
      <Filter>arm64-release</Filter>
    </CopyFileToFolders>
    <CopyFileToFolders Include="..\..\PB\third-party\podofo-build\lib\arm64\Release\libpng16.dll">
      <Filter>arm64-release</Filter>
    </CopyFileToFolders>
    <CopyFileToFolders Include="..\..\PB\third-party\podofo-build\lib\arm64\Release\libxml2.dll">
      <Filter>arm64-release</Filter>
    </CopyFileToFolders>
    <CopyFileToFolders Include="..\..\PB\third-party\podofo-build\lib\arm64\Release\podofo.dll">
      <Filter>arm64-release</Filter>
    </CopyFileToFolders>
    <CopyFileToFolders Include="..\..\PB\third-party\podofo-build\lib\arm64\Release\tiff.dll">
      <Filter>arm64-release</Filter>
    </CopyFileToFolders>
    <CopyFileToFolders Include="..\..\PB\third-party\podofo-build\lib\arm64\Release\zlib1.dll">
      <Filter>arm64-release</Filter>
    </CopyFileToFolders>
    <CopyFileToFolders Include="..\..\PB\third-party\podofo-build\lib\x64\Debug\brotlicommon.dll">
      <Filter>x64-debug</Filter>
    </CopyFileToFolders>
    <CopyFileToFolders Include="..\..\PB\third-party\podofo-build\lib\x64\Debug\brotlidec.dll">
      <Filter>x64-debug</Filter>
    </CopyFileToFolders>
    <CopyFileToFolders Include="..\..\PB\third-party\podofo-build\lib\x64\Debug\bz2d.dll">
      <Filter>x64-debug</Filter>
    </CopyFileToFolders>
    <CopyFileToFolders Include="..\..\PB\third-party\podofo-build\lib\x64\Debug\fontconfig-1.dll">
      <Filter>x64-debug</Filter>
    </CopyFileToFolders>
    <CopyFileToFolders Include="..\..\PB\third-party\podofo-build\lib\x64\Debug\freetyped.dll">
      <Filter>x64-debug</Filter>
    </CopyFileToFolders>
    <CopyFileToFolders Include="..\..\PB\third-party\podofo-build\lib\x64\Debug\iconv-2.dll">
      <Filter>x64-debug</Filter>
    </CopyFileToFolders>
    <CopyFileToFolders Include="..\..\PB\third-party\podofo-build\lib\x64\Debug\jpeg62.dll">
      <Filter>x64-debug</Filter>
    </CopyFileToFolders>
    <CopyFileToFolders Include="..\..\PB\third-party\podofo-build\lib\x64\Debug\libcrypto-3-x64.dll">
      <Filter>x64-debug</Filter>
    </CopyFileToFolders>
    <CopyFileToFolders Include="..\..\PB\third-party\podofo-build\lib\x64\Debug\libexpatd.dll">
      <Filter>x64-debug</Filter>
    </CopyFileToFolders>
    <CopyFileToFolders Include="..\..\PB\third-party\podofo-build\lib\x64\Debug\liblzma.dll">
      <Filter>x64-debug</Filter>
    </CopyFileToFolders>
    <CopyFileToFolders Include="..\..\PB\third-party\podofo-build\lib\x64\Debug\libpng16d.dll">
      <Filter>x64-debug</Filter>
    </CopyFileToFolders>
    <CopyFileToFolders Include="..\..\PB\third-party\podofo-build\lib\x64\Debug\libxml2.dll">
      <Filter>x64-debug</Filter>
    </CopyFileToFolders>
    <CopyFileToFolders Include="..\..\PB\third-party\podofo-build\lib\x64\Debug\podofo.dll">
      <Filter>x64-debug</Filter>
    </CopyFileToFolders>
    <CopyFileToFolders Include="..\..\PB\third-party\podofo-build\lib\x64\Debug\tiffd.dll">
      <Filter>x64-debug</Filter>
    </CopyFileToFolders>
    <CopyFileToFolders Include="..\..\PB\third-party\podofo-build\lib\x64\Debug\zlibd1.dll">
      <Filter>x64-debug</Filter>
    </CopyFileToFolders>
    <CopyFileToFolders Include="..\..\PB\third-party\podofo-build\lib\arm64\Debug\brotlicommon.dll">
      <Filter>arm64-debug</Filter>
    </CopyFileToFolders>
    <CopyFileToFolders Include="..\..\PB\third-party\podofo-build\lib\arm64\Debug\brotlidec.dll">
      <Filter>arm64-debug</Filter>
    </CopyFileToFolders>
    <CopyFileToFolders Include="..\..\PB\third-party\podofo-build\lib\arm64\Debug\bz2d.dll">
      <Filter>arm64-debug</Filter>
    </CopyFileToFolders>
    <CopyFileToFolders Include="..\..\PB\third-party\podofo-build\lib\arm64\Debug\fontconfig-1.dll">
      <Filter>arm64-debug</Filter>
    </CopyFileToFolders>
    <CopyFileToFolders Include="..\..\PB\third-party\podofo-build\lib\arm64\Debug\freetyped.dll">
      <Filter>arm64-debug</Filter>
    </CopyFileToFolders>
    <CopyFileToFolders Include="..\..\PB\third-party\podofo-build\lib\arm64\Debug\iconv-2.dll">
      <Filter>arm64-debug</Filter>
    </CopyFileToFolders>
    <CopyFileToFolders Include="..\..\PB\third-party\podofo-build\lib\arm64\Debug\jpeg62.dll">
      <Filter>arm64-debug</Filter>
    </CopyFileToFolders>
    <CopyFileToFolders Include="..\..\PB\third-party\podofo-build\lib\arm64\Debug\libcrypto-3-arm64.dll">
      <Filter>arm64-debug</Filter>
    </CopyFileToFolders>
    <CopyFileToFolders Include="..\..\PB\third-party\podofo-build\lib\arm64\Debug\libexpatd.dll">
      <Filter>arm64-debug</Filter>
    </CopyFileToFolders>
    <CopyFileToFolders Include="..\..\PB\third-party\podofo-build\lib\arm64\Debug\liblzma.dll">
      <Filter>arm64-debug</Filter>
    </CopyFileToFolders>
    <CopyFileToFolders Include="..\..\PB\third-party\podofo-build\lib\arm64\Debug\libpng16d.dll">
      <Filter>arm64-debug</Filter>
    </CopyFileToFolders>
    <CopyFileToFolders Include="..\..\PB\third-party\podofo-build\lib\arm64\Debug\libxml2.dll">
      <Filter>arm64-debug</Filter>
    </CopyFileToFolders>
    <CopyFileToFolders Include="..\..\PB\third-party\podofo-build\lib\arm64\Debug\podofo.dll">
      <Filter>arm64-debug</Filter>
    </CopyFileToFolders>
    <CopyFileToFolders Include="..\..\PB\third-party\podofo-build\lib\arm64\Debug\tiffd.dll">
      <Filter>arm64-debug</Filter>
    </CopyFileToFolders>
    <CopyFileToFolders Include="..\..\PB\third-party\podofo-build\lib\arm64\Debug\zlibd1.dll">
      <Filter>arm64-debug</Filter>
    </CopyFileToFolders>
  </ItemGroup>
</Project>