
Microsoft Visual Studio Solution File, Format Version 12.00
# Visual Studio Version 17
VisualStudioVersion = 17.7.34024.191
MinimumVisualStudioVersion = 10.0.40219.1
Project("{8BC9CEB8-8B4A-11D0-8D11-00A0C91BC942}") = "PhotobookUI", "PhotobookUI.vcxproj", "{89AA7E2F-2234-47F8-9C83-1291D94A2545}"
EndProject
Project("{8BC9CEB8-8B4A-11D0-8D11-00A0C91BC942}") = "pblib", "..\..\PB\build\pblib.vcxproj", "{4D898E61-5742-370E-B025-DDAB686B7B27}"
EndProject
Project("{8BC9CEB8-8B4A-11D0-8D11-00A0C91BC942}") = "pbtests", "..\..\PB\build\pbtests.vcxproj", "{8DA45B55-E3D4-3B24-9F34-B0DB3B18A4AD}"
EndProject
Global
	GlobalSection(SolutionConfigurationPlatforms) = preSolution
		Debug|ARM64 = Debug|ARM64
		Debug|x64 = Debug|x64
		Debug|x86 = Debug|x86
		MinSizeRel|ARM64 = MinSizeRel|ARM64
		MinSizeRel|x64 = MinSizeRel|x64
		MinSizeRel|x86 = MinSizeRel|x86
		Release|ARM64 = Release|ARM64
		Release|x64 = Release|x64
		Release|x86 = Release|x86
		RelWithDebInfo|ARM64 = RelWithDebInfo|ARM64
		RelWithDebInfo|x64 = RelWithDebInfo|x64
		RelWithDebInfo|x86 = RelWithDebInfo|x86
	EndGlobalSection
	GlobalSection(ProjectConfigurationPlatforms) = postSolution
		{89AA7E2F-2234-47F8-9C83-1291D94A2545}.Debug|ARM64.ActiveCfg = Debug|ARM64
		{89AA7E2F-2234-47F8-9C83-1291D94A2545}.Debug|ARM64.Build.0 = Debug|ARM64
		{89AA7E2F-2234-47F8-9C83-1291D94A2545}.Debug|ARM64.Deploy.0 = Debug|ARM64
		{89AA7E2F-2234-47F8-9C83-1291D94A2545}.Debug|x64.ActiveCfg = Debug|x64
		{89AA7E2F-2234-47F8-9C83-1291D94A2545}.Debug|x64.Build.0 = Debug|x64
		{89AA7E2F-2234-47F8-9C83-1291D94A2545}.Debug|x64.Deploy.0 = Debug|x64
		{89AA7E2F-2234-47F8-9C83-1291D94A2545}.Debug|x86.ActiveCfg = Debug|Win32
		{89AA7E2F-2234-47F8-9C83-1291D94A2545}.Debug|x86.Build.0 = Debug|Win32
		{89AA7E2F-2234-47F8-9C83-1291D94A2545}.Debug|x86.Deploy.0 = Debug|Win32
		{89AA7E2F-2234-47F8-9C83-1291D94A2545}.MinSizeRel|ARM64.ActiveCfg = Release|ARM64
		{89AA7E2F-2234-47F8-9C83-1291D94A2545}.MinSizeRel|ARM64.Build.0 = Release|ARM64
		{89AA7E2F-2234-47F8-9C83-1291D94A2545}.MinSizeRel|ARM64.Deploy.0 = Release|ARM64
		{89AA7E2F-2234-47F8-9C83-1291D94A2545}.MinSizeRel|x64.ActiveCfg = Release|x64
		{89AA7E2F-2234-47F8-9C83-1291D94A2545}.MinSizeRel|x64.Build.0 = Release|x64
		{89AA7E2F-2234-47F8-9C83-1291D94A2545}.MinSizeRel|x64.Deploy.0 = Release|x64
		{89AA7E2F-2234-47F8-9C83-1291D94A2545}.MinSizeRel|x86.ActiveCfg = Release|Win32
		{89AA7E2F-2234-47F8-9C83-1291D94A2545}.MinSizeRel|x86.Build.0 = Release|Win32
		{89AA7E2F-2234-47F8-9C83-1291D94A2545}.MinSizeRel|x86.Deploy.0 = Release|Win32
		{89AA7E2F-2234-47F8-9C83-1291D94A2545}.Release|ARM64.ActiveCfg = Release|ARM64
		{89AA7E2F-2234-47F8-9C83-1291D94A2545}.Release|ARM64.Build.0 = Release|ARM64
		{89AA7E2F-2234-47F8-9C83-1291D94A2545}.Release|ARM64.Deploy.0 = Release|ARM64
		{89AA7E2F-2234-47F8-9C83-1291D94A2545}.Release|x64.ActiveCfg = Release|x64
		{89AA7E2F-2234-47F8-9C83-1291D94A2545}.Release|x64.Build.0 = Release|x64
		{89AA7E2F-2234-47F8-9C83-1291D94A2545}.Release|x64.Deploy.0 = Release|x64
		{89AA7E2F-2234-47F8-9C83-1291D94A2545}.Release|x86.ActiveCfg = Release|Win32
		{89AA7E2F-2234-47F8-9C83-1291D94A2545}.Release|x86.Build.0 = Release|Win32
		{89AA7E2F-2234-47F8-9C83-1291D94A2545}.Release|x86.Deploy.0 = Release|Win32
		{89AA7E2F-2234-47F8-9C83-1291D94A2545}.RelWithDebInfo|ARM64.ActiveCfg = Release|ARM64
		{89AA7E2F-2234-47F8-9C83-1291D94A2545}.RelWithDebInfo|ARM64.Build.0 = Release|ARM64
		{89AA7E2F-2234-47F8-9C83-1291D94A2545}.RelWithDebInfo|ARM64.Deploy.0 = Release|ARM64
		{89AA7E2F-2234-47F8-9C83-1291D94A2545}.RelWithDebInfo|x64.ActiveCfg = Release|x64
		{89AA7E2F-2234-47F8-9C83-1291D94A2545}.RelWithDebInfo|x64.Build.0 = Release|x64
		{89AA7E2F-2234-47F8-9C83-1291D94A2545}.RelWithDebInfo|x64.Deploy.0 = Release|x64
		{89AA7E2F-2234-47F8-9C83-1291D94A2545}.RelWithDebInfo|x86.ActiveCfg = Release|Win32
		{89AA7E2F-2234-47F8-9C83-1291D94A2545}.RelWithDebInfo|x86.Build.0 = Release|Win32
		{89AA7E2F-2234-47F8-9C83-1291D94A2545}.RelWithDebInfo|x86.Deploy.0 = Release|Win32
		{4D898E61-5742-370E-B025-DDAB686B7B27}.Debug|ARM64.ActiveCfg = Debug|x64
		{4D898E61-5742-370E-B025-DDAB686B7B27}.Debug|ARM64.Build.0 = Debug|x64
		{4D898E61-5742-370E-B025-DDAB686B7B27}.Debug|x64.ActiveCfg = Debug|x64
		{4D898E61-5742-370E-B025-DDAB686B7B27}.Debug|x64.Build.0 = Debug|x64
		{4D898E61-5742-370E-B025-DDAB686B7B27}.Debug|x86.ActiveCfg = Debug|x64
		{4D898E61-5742-370E-B025-DDAB686B7B27}.Debug|x86.Build.0 = Debug|x64
		{4D898E61-5742-370E-B025-DDAB686B7B27}.MinSizeRel|ARM64.ActiveCfg = MinSizeRel|x64
		{4D898E61-5742-370E-B025-DDAB686B7B27}.MinSizeRel|ARM64.Build.0 = MinSizeRel|x64
		{4D898E61-5742-370E-B025-DDAB686B7B27}.MinSizeRel|x64.ActiveCfg = MinSizeRel|x64
		{4D898E61-5742-370E-B025-DDAB686B7B27}.MinSizeRel|x64.Build.0 = MinSizeRel|x64
		{4D898E61-5742-370E-B025-DDAB686B7B27}.MinSizeRel|x86.ActiveCfg = MinSizeRel|x64
		{4D898E61-5742-370E-B025-DDAB686B7B27}.MinSizeRel|x86.Build.0 = MinSizeRel|x64
		{4D898E61-5742-370E-B025-DDAB686B7B27}.Release|ARM64.ActiveCfg = Release|x64
		{4D898E61-5742-370E-B025-DDAB686B7B27}.Release|ARM64.Build.0 = Release|x64
		{4D898E61-5742-370E-B025-DDAB686B7B27}.Release|x64.ActiveCfg = Release|x64
		{4D898E61-5742-370E-B025-DDAB686B7B27}.Release|x64.Build.0 = Release|x64
		{4D898E61-5742-370E-B025-DDAB686B7B27}.Release|x86.ActiveCfg = Release|x64
		{4D898E61-5742-370E-B025-DDAB686B7B27}.Release|x86.Build.0 = Release|x64
		{4D898E61-5742-370E-B025-DDAB686B7B27}.RelWithDebInfo|ARM64.ActiveCfg = RelWithDebInfo|x64
		{4D898E61-5742-370E-B025-DDAB686B7B27}.RelWithDebInfo|ARM64.Build.0 = RelWithDebInfo|x64
		{4D898E61-5742-370E-B025-DDAB686B7B27}.RelWithDebInfo|x64.ActiveCfg = RelWithDebInfo|x64
		{4D898E61-5742-370E-B025-DDAB686B7B27}.RelWithDebInfo|x64.Build.0 = RelWithDebInfo|x64
		{4D898E61-5742-370E-B025-DDAB686B7B27}.RelWithDebInfo|x86.ActiveCfg = RelWithDebInfo|x64
		{4D898E61-5742-370E-B025-DDAB686B7B27}.RelWithDebInfo|x86.Build.0 = RelWithDebInfo|x64
		{8DA45B55-E3D4-3B24-9F34-B0DB3B18A4AD}.Debug|ARM64.ActiveCfg = Debug|x64
		{8DA45B55-E3D4-3B24-9F34-B0DB3B18A4AD}.Debug|ARM64.Build.0 = Debug|x64
		{8DA45B55-E3D4-3B24-9F34-B0DB3B18A4AD}.Debug|x64.ActiveCfg = Debug|x64
		{8DA45B55-E3D4-3B24-9F34-B0DB3B18A4AD}.Debug|x64.Build.0 = Debug|x64
		{8DA45B55-E3D4-3B24-9F34-B0DB3B18A4AD}.Debug|x86.ActiveCfg = Debug|x64
		{8DA45B55-E3D4-3B24-9F34-B0DB3B18A4AD}.Debug|x86.Build.0 = Debug|x64
		{8DA45B55-E3D4-3B24-9F34-B0DB3B18A4AD}.MinSizeRel|ARM64.ActiveCfg = MinSizeRel|x64
		{8DA45B55-E3D4-3B24-9F34-B0DB3B18A4AD}.MinSizeRel|ARM64.Build.0 = MinSizeRel|x64
		{8DA45B55-E3D4-3B24-9F34-B0DB3B18A4AD}.MinSizeRel|x64.ActiveCfg = MinSizeRel|x64
		{8DA45B55-E3D4-3B24-9F34-B0DB3B18A4AD}.MinSizeRel|x64.Build.0 = MinSizeRel|x64
		{8DA45B55-E3D4-3B24-9F34-B0DB3B18A4AD}.MinSizeRel|x86.ActiveCfg = MinSizeRel|x64
		{8DA45B55-E3D4-3B24-9F34-B0DB3B18A4AD}.MinSizeRel|x86.Build.0 = MinSizeRel|x64
		{8DA45B55-E3D4-3B24-9F34-B0DB3B18A4AD}.Release|ARM64.ActiveCfg = Release|x64
		{8DA45B55-E3D4-3B24-9F34-B0DB3B18A4AD}.Release|ARM64.Build.0 = Release|x64
		{8DA45B55-E3D4-3B24-9F34-B0DB3B18A4AD}.Release|x64.ActiveCfg = Release|x64
		{8DA45B55-E3D4-3B24-9F34-B0DB3B18A4AD}.Release|x64.Build.0 = Release|x64
		{8DA45B55-E3D4-3B24-9F34-B0DB3B18A4AD}.Release|x86.ActiveCfg = Release|x64
		{8DA45B55-E3D4-3B24-9F34-B0DB3B18A4AD}.Release|x86.Build.0 = Release|x64
		{8DA45B55-E3D4-3B24-9F34-B0DB3B18A4AD}.RelWithDebInfo|ARM64.ActiveCfg = RelWithDebInfo|x64
		{8DA45B55-E3D4-3B24-9F34-B0DB3B18A4AD}.RelWithDebInfo|ARM64.Build.0 = RelWithDebInfo|x64
		{8DA45B55-E3D4-3B24-9F34-B0DB3B18A4AD}.RelWithDebInfo|x64.ActiveCfg = RelWithDebInfo|x64
		{8DA45B55-E3D4-3B24-9F34-B0DB3B18A4AD}.RelWithDebInfo|x64.Build.0 = RelWithDebInfo|x64
		{8DA45B55-E3D4-3B24-9F34-B0DB3B18A4AD}.RelWithDebInfo|x86.ActiveCfg = RelWithDebInfo|x64
		{8DA45B55-E3D4-3B24-9F34-B0DB3B18A4AD}.RelWithDebInfo|x86.Build.0 = RelWithDebInfo|x64
	EndGlobalSection
	GlobalSection(SolutionProperties) = preSolution
		HideSolutionNode = FALSE
	EndGlobalSection
	GlobalSection(ExtensibilityGlobals) = postSolution
		SolutionGuid = {80EEC313-7621-44B9-8014-4E30963320AD}
	EndGlobalSection
EndGlobal
