<?xml version="1.0" encoding="utf-8"?>
<Project ToolsVersion="4.0" xmlns="http://schemas.microsoft.com/developer/msbuild/2003">
  <ItemGroup>
    <ApplicationDefinition Include="App.xaml" />
  </ItemGroup>
  <ItemGroup>
    <Page Include="MainWindow.xaml" />
    <Page Include="TableContentPage.xaml" />
    <Page Include="Dashboard.xaml" />
    <Page Include="ColorScheme.xaml" />
  </ItemGroup>
  <ItemGroup>
    <Midl Include="App.idl" />
    <Midl Include="MainWindow.idl" />
    <Midl Include="ProjectItem.idl" />
    <Midl Include="ImageUIData.idl" />
  </ItemGroup>
  <ItemGroup>
    <ClCompile Include="pch.cpp" />
    <ClCompile Include="$(GeneratedFilesDir)module.g.cpp" />
    <ClCompile Include="PhotobookTableListener.cpp" />
    <ClCompile Include="ProjectItem.cpp" />
    <ClCompile Include="ImageUIData.cpp" />
    <ClCompile Include="PopUps.cpp" />
  </ItemGroup>
  <ItemGroup>
    <ClInclude Include="pch.h" />
    <ClInclude Include="PhotobookTableListener.h" />
    <ClInclude Include="ProjectItem.h" />
    <ClInclude Include="ImageUIData.h" />
    <ClInclude Include="PopUps.h" />
  </ItemGroup>
  <ItemGroup>
    <Image Include="Assets\Wide310x150Logo.scale-200.png">
      <Filter>Assets</Filter>
    </Image>
    <Image Include="Assets\StoreLogo.png">
      <Filter>Assets</Filter>
    </Image>
    <Image Include="Assets\Square150x150Logo.scale-200.png">
      <Filter>Assets</Filter>
    </Image>
    <Image Include="Assets\Square44x44Logo.targetsize-24_altform-unplated.png">
      <Filter>Assets</Filter>
    </Image>
    <Image Include="Assets\Square44x44Logo.scale-200.png">
      <Filter>Assets</Filter>
    </Image>
    <Image Include="Assets\SplashScreen.scale-200.png">
      <Filter>Assets</Filter>
    </Image>
    <Image Include="Assets\LockScreenLogo.scale-200.png">
      <Filter>Assets</Filter>
    </Image>
    <Image Include="Assets\folderIcon.png">
      <Filter>Assets</Filter>
    </Image>
    <Image Include="Assets\page-left-enabled.png">
      <Filter>Assets</Filter>
    </Image>
    <Image Include="Assets\page-right-enabled.png">
      <Filter>Assets</Filter>
    </Image>
    <Image Include="Assets\coffee-cup.png">
      <Filter>Assets</Filter>
    </Image>
  </ItemGroup>
  <ItemGroup>
    <Filter Include="Assets">
      <UniqueIdentifier>{89aa7e2f-2234-47f8-9c83-1291d94a2545}</UniqueIdentifier>
    </Filter>
    <Filter Include="Assets\Fonts">
      <UniqueIdentifier>{865908e2-c694-4772-a745-10c5b425ae72}</UniqueIdentifier>
    </Filter>
  </ItemGroup>
  <ItemGroup>
    <Text Include="readme.txt" />
  </ItemGroup>
  <ItemGroup>
    <Manifest Include="app.manifest" />
  </ItemGroup>
  <ItemGroup>
    <AppxManifest Include="Package.appxmanifest" />
  </ItemGroup>
  <ItemGroup>
    <None Include="packages.config" />
    <None Include="Assets\LICENSE" />
  </ItemGroup>
  <ItemGroup>
    <Natvis Include="$(MSBuildThisFileDirectory)..\..\natvis\wil.natvis" />
  </ItemGroup>
  <ItemGroup>
    <Font Include="Assets\Fonts\Righteous-Regular.ttf">
      <Filter>Assets\Fonts</Filter>
    </Font>
  </ItemGroup>
</Project>