
Microsoft Visual Studio Solution File, Format Version 12.00
# Visual Studio Version 17
VisualStudioVersion = 17.7.34024.191
MinimumVisualStudioVersion = 10.0.40219.1
Project("{8BC9CEB8-8B4A-11D0-8D11-00A0C91BC942}") = "PhotobookUI", "PhotobookUI.vcxproj", "{89AA7E2F-2234-47F8-9C83-1291D94A2545}"
EndProject
Project("{8BC9CEB8-8B4A-11D0-8D11-00A0C91BC942}") = "pblib-x64", "..\..\PB\build-x64\pblib-x64.vcxproj", "{3BFB5EE2-1DB2-3BC3-81E9-78536D688777}"
EndProject
Project("{8BC9CEB8-8B4A-11D0-8D11-00A0C91BC942}") = "pblib-ARM64", "..\..\PB\build-ARM64\pblib-ARM64.vcxproj", "{575FF54D-69A8-3D49-B6DD-118F340BFDD4}"
EndProject
Project("{8BC9CEB8-8B4A-11D0-8D11-00A0C91BC942}") = "pbtests-x64", "..\..\PB\build-x64\pbtests-x64.vcxproj", "{A8012EF2-16C0-375A-89D1-76FD68842FAA}"
EndProject
Project("{8BC9CEB8-8B4A-11D0-8D11-00A0C91BC942}") = "pbtests-ARM64", "..\..\PB\build-ARM64\pbtests-ARM64.vcxproj", "{8863B643-8DED-393D-930B-C972B0F696F1}"
EndProject
Project("{8BC9CEB8-8B4A-11D0-8D11-00A0C91BC942}") = "PhotobookAdapter", "..\PhotobookAdapter\PhotobookAdapter.vcxproj", "{BC728A85-20E4-441B-B501-9E12498E0EB5}"
EndProject
Project("{9A19103F-16F7-4668-BE54-9A1E7A4F7556}") = "PhotobookNetAdapter", "..\PhotobookNetAdapter\PhotobookNetAdapter.csproj", "{2A9ACD5D-C004-4F7C-9777-7B1F92CA6E51}"
EndProject
Project("{2150E333-8FDC-42A3-9474-1A3956D46DE8}") = "Solution Items", "Solution Items", "{107F44FF-28A6-4ADF-8F62-721C021BFF80}"
	ProjectSection(SolutionItems) = preProject
		Directory.Build.props = Directory.Build.props
	EndProjectSection
EndProject
Global
	GlobalSection(SolutionConfigurationPlatforms) = preSolution
		Debug|Any CPU = Debug|Any CPU
		Debug|ARM64 = Debug|ARM64
		Debug|x64 = Debug|x64
		Debug|x86 = Debug|x86
		MinSizeRel|Any CPU = MinSizeRel|Any CPU
		MinSizeRel|ARM64 = MinSizeRel|ARM64
		MinSizeRel|x64 = MinSizeRel|x64
		MinSizeRel|x86 = MinSizeRel|x86
		Release|Any CPU = Release|Any CPU
		Release|ARM64 = Release|ARM64
		Release|x64 = Release|x64
		Release|x86 = Release|x86
		RelWithDebInfo|Any CPU = RelWithDebInfo|Any CPU
		RelWithDebInfo|ARM64 = RelWithDebInfo|ARM64
		RelWithDebInfo|x64 = RelWithDebInfo|x64
		RelWithDebInfo|x86 = RelWithDebInfo|x86
	EndGlobalSection
	GlobalSection(ProjectConfigurationPlatforms) = postSolution
		{89AA7E2F-2234-47F8-9C83-1291D94A2545}.Debug|Any CPU.ActiveCfg = Debug|x64
		{89AA7E2F-2234-47F8-9C83-1291D94A2545}.Debug|Any CPU.Build.0 = Debug|x64
		{89AA7E2F-2234-47F8-9C83-1291D94A2545}.Debug|Any CPU.Deploy.0 = Debug|x64
		{89AA7E2F-2234-47F8-9C83-1291D94A2545}.Debug|ARM64.ActiveCfg = Debug|ARM64
		{89AA7E2F-2234-47F8-9C83-1291D94A2545}.Debug|ARM64.Build.0 = Debug|ARM64
		{89AA7E2F-2234-47F8-9C83-1291D94A2545}.Debug|ARM64.Deploy.0 = Debug|ARM64
		{89AA7E2F-2234-47F8-9C83-1291D94A2545}.Debug|x64.ActiveCfg = Debug|x64
		{89AA7E2F-2234-47F8-9C83-1291D94A2545}.Debug|x64.Build.0 = Debug|x64
		{89AA7E2F-2234-47F8-9C83-1291D94A2545}.Debug|x64.Deploy.0 = Debug|x64
		{89AA7E2F-2234-47F8-9C83-1291D94A2545}.Debug|x86.ActiveCfg = Debug|x64
		{89AA7E2F-2234-47F8-9C83-1291D94A2545}.MinSizeRel|Any CPU.ActiveCfg = Release|x64
		{89AA7E2F-2234-47F8-9C83-1291D94A2545}.MinSizeRel|Any CPU.Build.0 = Release|x64
		{89AA7E2F-2234-47F8-9C83-1291D94A2545}.MinSizeRel|Any CPU.Deploy.0 = Release|x64
		{89AA7E2F-2234-47F8-9C83-1291D94A2545}.MinSizeRel|ARM64.ActiveCfg = Release|ARM64
		{89AA7E2F-2234-47F8-9C83-1291D94A2545}.MinSizeRel|ARM64.Build.0 = Release|ARM64
		{89AA7E2F-2234-47F8-9C83-1291D94A2545}.MinSizeRel|ARM64.Deploy.0 = Release|ARM64
		{89AA7E2F-2234-47F8-9C83-1291D94A2545}.MinSizeRel|x64.ActiveCfg = Release|x64
		{89AA7E2F-2234-47F8-9C83-1291D94A2545}.MinSizeRel|x64.Build.0 = Release|x64
		{89AA7E2F-2234-47F8-9C83-1291D94A2545}.MinSizeRel|x64.Deploy.0 = Release|x64
		{89AA7E2F-2234-47F8-9C83-1291D94A2545}.MinSizeRel|x86.ActiveCfg = Release|x64
		{89AA7E2F-2234-47F8-9C83-1291D94A2545}.Release|Any CPU.ActiveCfg = Release|x64
		{89AA7E2F-2234-47F8-9C83-1291D94A2545}.Release|Any CPU.Build.0 = Release|x64
		{89AA7E2F-2234-47F8-9C83-1291D94A2545}.Release|Any CPU.Deploy.0 = Release|x64
		{89AA7E2F-2234-47F8-9C83-1291D94A2545}.Release|ARM64.ActiveCfg = Release|ARM64
		{89AA7E2F-2234-47F8-9C83-1291D94A2545}.Release|ARM64.Build.0 = Release|ARM64
		{89AA7E2F-2234-47F8-9C83-1291D94A2545}.Release|ARM64.Deploy.0 = Release|ARM64
		{89AA7E2F-2234-47F8-9C83-1291D94A2545}.Release|x64.ActiveCfg = Release|x64
		{89AA7E2F-2234-47F8-9C83-1291D94A2545}.Release|x64.Build.0 = Release|x64
		{89AA7E2F-2234-47F8-9C83-1291D94A2545}.Release|x64.Deploy.0 = Release|x64
		{89AA7E2F-2234-47F8-9C83-1291D94A2545}.Release|x86.ActiveCfg = Release|x64
		{89AA7E2F-2234-47F8-9C83-1291D94A2545}.RelWithDebInfo|Any CPU.ActiveCfg = Release|x64
		{89AA7E2F-2234-47F8-9C83-1291D94A2545}.RelWithDebInfo|Any CPU.Build.0 = Release|x64
		{89AA7E2F-2234-47F8-9C83-1291D94A2545}.RelWithDebInfo|Any CPU.Deploy.0 = Release|x64
		{89AA7E2F-2234-47F8-9C83-1291D94A2545}.RelWithDebInfo|ARM64.ActiveCfg = Release|ARM64
		{89AA7E2F-2234-47F8-9C83-1291D94A2545}.RelWithDebInfo|ARM64.Build.0 = Release|ARM64
		{89AA7E2F-2234-47F8-9C83-1291D94A2545}.RelWithDebInfo|ARM64.Deploy.0 = Release|ARM64
		{89AA7E2F-2234-47F8-9C83-1291D94A2545}.RelWithDebInfo|x64.ActiveCfg = Release|x64
		{89AA7E2F-2234-47F8-9C83-1291D94A2545}.RelWithDebInfo|x64.Build.0 = Release|x64
		{89AA7E2F-2234-47F8-9C83-1291D94A2545}.RelWithDebInfo|x64.Deploy.0 = Release|x64
		{89AA7E2F-2234-47F8-9C83-1291D94A2545}.RelWithDebInfo|x86.ActiveCfg = Release|x64
		{3BFB5EE2-1DB2-3BC3-81E9-78536D688777}.Debug|Any CPU.ActiveCfg = Debug|x64
		{3BFB5EE2-1DB2-3BC3-81E9-78536D688777}.Debug|Any CPU.Build.0 = Debug|x64
		{3BFB5EE2-1DB2-3BC3-81E9-78536D688777}.Debug|ARM64.ActiveCfg = Debug|x64
		{3BFB5EE2-1DB2-3BC3-81E9-78536D688777}.Debug|ARM64.Build.0 = Debug|x64
		{3BFB5EE2-1DB2-3BC3-81E9-78536D688777}.Debug|x64.ActiveCfg = Debug|x64
		{3BFB5EE2-1DB2-3BC3-81E9-78536D688777}.Debug|x64.Build.0 = Debug|x64
		{3BFB5EE2-1DB2-3BC3-81E9-78536D688777}.Debug|x86.ActiveCfg = Debug|x64
		{3BFB5EE2-1DB2-3BC3-81E9-78536D688777}.Debug|x86.Build.0 = Debug|x64
		{3BFB5EE2-1DB2-3BC3-81E9-78536D688777}.MinSizeRel|Any CPU.ActiveCfg = MinSizeRel|x64
		{3BFB5EE2-1DB2-3BC3-81E9-78536D688777}.MinSizeRel|Any CPU.Build.0 = MinSizeRel|x64
		{3BFB5EE2-1DB2-3BC3-81E9-78536D688777}.MinSizeRel|ARM64.ActiveCfg = MinSizeRel|x64
		{3BFB5EE2-1DB2-3BC3-81E9-78536D688777}.MinSizeRel|ARM64.Build.0 = MinSizeRel|x64
		{3BFB5EE2-1DB2-3BC3-81E9-78536D688777}.MinSizeRel|x64.ActiveCfg = MinSizeRel|x64
		{3BFB5EE2-1DB2-3BC3-81E9-78536D688777}.MinSizeRel|x64.Build.0 = MinSizeRel|x64
		{3BFB5EE2-1DB2-3BC3-81E9-78536D688777}.MinSizeRel|x86.ActiveCfg = MinSizeRel|x64
		{3BFB5EE2-1DB2-3BC3-81E9-78536D688777}.MinSizeRel|x86.Build.0 = MinSizeRel|x64
		{3BFB5EE2-1DB2-3BC3-81E9-78536D688777}.Release|Any CPU.ActiveCfg = Release|x64
		{3BFB5EE2-1DB2-3BC3-81E9-78536D688777}.Release|Any CPU.Build.0 = Release|x64
		{3BFB5EE2-1DB2-3BC3-81E9-78536D688777}.Release|ARM64.ActiveCfg = Release|x64
		{3BFB5EE2-1DB2-3BC3-81E9-78536D688777}.Release|ARM64.Build.0 = Release|x64
		{3BFB5EE2-1DB2-3BC3-81E9-78536D688777}.Release|x64.ActiveCfg = Release|x64
		{3BFB5EE2-1DB2-3BC3-81E9-78536D688777}.Release|x64.Build.0 = Release|x64
		{3BFB5EE2-1DB2-3BC3-81E9-78536D688777}.Release|x86.ActiveCfg = Release|x64
		{3BFB5EE2-1DB2-3BC3-81E9-78536D688777}.Release|x86.Build.0 = Release|x64
		{3BFB5EE2-1DB2-3BC3-81E9-78536D688777}.RelWithDebInfo|Any CPU.ActiveCfg = RelWithDebInfo|x64
		{3BFB5EE2-1DB2-3BC3-81E9-78536D688777}.RelWithDebInfo|Any CPU.Build.0 = RelWithDebInfo|x64
		{3BFB5EE2-1DB2-3BC3-81E9-78536D688777}.RelWithDebInfo|ARM64.ActiveCfg = RelWithDebInfo|x64
		{3BFB5EE2-1DB2-3BC3-81E9-78536D688777}.RelWithDebInfo|ARM64.Build.0 = RelWithDebInfo|x64
		{3BFB5EE2-1DB2-3BC3-81E9-78536D688777}.RelWithDebInfo|x64.ActiveCfg = RelWithDebInfo|x64
		{3BFB5EE2-1DB2-3BC3-81E9-78536D688777}.RelWithDebInfo|x64.Build.0 = RelWithDebInfo|x64
		{3BFB5EE2-1DB2-3BC3-81E9-78536D688777}.RelWithDebInfo|x86.ActiveCfg = RelWithDebInfo|x64
		{3BFB5EE2-1DB2-3BC3-81E9-78536D688777}.RelWithDebInfo|x86.Build.0 = RelWithDebInfo|x64
		{575FF54D-69A8-3D49-B6DD-118F340BFDD4}.Debug|Any CPU.ActiveCfg = Debug|ARM64
		{575FF54D-69A8-3D49-B6DD-118F340BFDD4}.Debug|Any CPU.Build.0 = Debug|ARM64
		{575FF54D-69A8-3D49-B6DD-118F340BFDD4}.Debug|ARM64.ActiveCfg = Debug|ARM64
		{575FF54D-69A8-3D49-B6DD-118F340BFDD4}.Debug|ARM64.Build.0 = Debug|ARM64
		{575FF54D-69A8-3D49-B6DD-118F340BFDD4}.Debug|x64.ActiveCfg = Debug|ARM64
		{575FF54D-69A8-3D49-B6DD-118F340BFDD4}.Debug|x64.Build.0 = Debug|ARM64
		{575FF54D-69A8-3D49-B6DD-118F340BFDD4}.Debug|x86.ActiveCfg = Debug|ARM64
		{575FF54D-69A8-3D49-B6DD-118F340BFDD4}.Debug|x86.Build.0 = Debug|ARM64
		{575FF54D-69A8-3D49-B6DD-118F340BFDD4}.MinSizeRel|Any CPU.ActiveCfg = MinSizeRel|ARM64
		{575FF54D-69A8-3D49-B6DD-118F340BFDD4}.MinSizeRel|Any CPU.Build.0 = MinSizeRel|ARM64
		{575FF54D-69A8-3D49-B6DD-118F340BFDD4}.MinSizeRel|ARM64.ActiveCfg = MinSizeRel|ARM64
		{575FF54D-69A8-3D49-B6DD-118F340BFDD4}.MinSizeRel|ARM64.Build.0 = MinSizeRel|ARM64
		{575FF54D-69A8-3D49-B6DD-118F340BFDD4}.MinSizeRel|x64.ActiveCfg = MinSizeRel|ARM64
		{575FF54D-69A8-3D49-B6DD-118F340BFDD4}.MinSizeRel|x64.Build.0 = MinSizeRel|ARM64
		{575FF54D-69A8-3D49-B6DD-118F340BFDD4}.MinSizeRel|x86.ActiveCfg = MinSizeRel|ARM64
		{575FF54D-69A8-3D49-B6DD-118F340BFDD4}.MinSizeRel|x86.Build.0 = MinSizeRel|ARM64
		{575FF54D-69A8-3D49-B6DD-118F340BFDD4}.Release|Any CPU.ActiveCfg = Release|ARM64
		{575FF54D-69A8-3D49-B6DD-118F340BFDD4}.Release|Any CPU.Build.0 = Release|ARM64
		{575FF54D-69A8-3D49-B6DD-118F340BFDD4}.Release|ARM64.ActiveCfg = Release|ARM64
		{575FF54D-69A8-3D49-B6DD-118F340BFDD4}.Release|ARM64.Build.0 = Release|ARM64
		{575FF54D-69A8-3D49-B6DD-118F340BFDD4}.Release|x64.ActiveCfg = Release|ARM64
		{575FF54D-69A8-3D49-B6DD-118F340BFDD4}.Release|x64.Build.0 = Release|ARM64
		{575FF54D-69A8-3D49-B6DD-118F340BFDD4}.Release|x86.ActiveCfg = Release|ARM64
		{575FF54D-69A8-3D49-B6DD-118F340BFDD4}.Release|x86.Build.0 = Release|ARM64
		{575FF54D-69A8-3D49-B6DD-118F340BFDD4}.RelWithDebInfo|Any CPU.ActiveCfg = RelWithDebInfo|ARM64
		{575FF54D-69A8-3D49-B6DD-118F340BFDD4}.RelWithDebInfo|Any CPU.Build.0 = RelWithDebInfo|ARM64
		{575FF54D-69A8-3D49-B6DD-118F340BFDD4}.RelWithDebInfo|ARM64.ActiveCfg = RelWithDebInfo|ARM64
		{575FF54D-69A8-3D49-B6DD-118F340BFDD4}.RelWithDebInfo|ARM64.Build.0 = RelWithDebInfo|ARM64
		{575FF54D-69A8-3D49-B6DD-118F340BFDD4}.RelWithDebInfo|x64.ActiveCfg = RelWithDebInfo|ARM64
		{575FF54D-69A8-3D49-B6DD-118F340BFDD4}.RelWithDebInfo|x64.Build.0 = RelWithDebInfo|ARM64
		{575FF54D-69A8-3D49-B6DD-118F340BFDD4}.RelWithDebInfo|x86.ActiveCfg = RelWithDebInfo|ARM64
		{575FF54D-69A8-3D49-B6DD-118F340BFDD4}.RelWithDebInfo|x86.Build.0 = RelWithDebInfo|ARM64
		{A8012EF2-16C0-375A-89D1-76FD68842FAA}.Debug|Any CPU.ActiveCfg = Debug|x64
		{A8012EF2-16C0-375A-89D1-76FD68842FAA}.Debug|Any CPU.Build.0 = Debug|x64
		{A8012EF2-16C0-375A-89D1-76FD68842FAA}.Debug|ARM64.ActiveCfg = Debug|x64
		{A8012EF2-16C0-375A-89D1-76FD68842FAA}.Debug|ARM64.Build.0 = Debug|x64
		{A8012EF2-16C0-375A-89D1-76FD68842FAA}.Debug|x64.ActiveCfg = Debug|x64
		{A8012EF2-16C0-375A-89D1-76FD68842FAA}.Debug|x64.Build.0 = Debug|x64
		{A8012EF2-16C0-375A-89D1-76FD68842FAA}.Debug|x86.ActiveCfg = Debug|x64
		{A8012EF2-16C0-375A-89D1-76FD68842FAA}.Debug|x86.Build.0 = Debug|x64
		{A8012EF2-16C0-375A-89D1-76FD68842FAA}.MinSizeRel|Any CPU.ActiveCfg = MinSizeRel|x64
		{A8012EF2-16C0-375A-89D1-76FD68842FAA}.MinSizeRel|Any CPU.Build.0 = MinSizeRel|x64
		{A8012EF2-16C0-375A-89D1-76FD68842FAA}.MinSizeRel|ARM64.ActiveCfg = MinSizeRel|x64
		{A8012EF2-16C0-375A-89D1-76FD68842FAA}.MinSizeRel|ARM64.Build.0 = MinSizeRel|x64
		{A8012EF2-16C0-375A-89D1-76FD68842FAA}.MinSizeRel|x64.ActiveCfg = MinSizeRel|x64
		{A8012EF2-16C0-375A-89D1-76FD68842FAA}.MinSizeRel|x64.Build.0 = MinSizeRel|x64
		{A8012EF2-16C0-375A-89D1-76FD68842FAA}.MinSizeRel|x86.ActiveCfg = MinSizeRel|x64
		{A8012EF2-16C0-375A-89D1-76FD68842FAA}.MinSizeRel|x86.Build.0 = MinSizeRel|x64
		{A8012EF2-16C0-375A-89D1-76FD68842FAA}.Release|Any CPU.ActiveCfg = Release|x64
		{A8012EF2-16C0-375A-89D1-76FD68842FAA}.Release|Any CPU.Build.0 = Release|x64
		{A8012EF2-16C0-375A-89D1-76FD68842FAA}.Release|ARM64.ActiveCfg = Release|x64
		{A8012EF2-16C0-375A-89D1-76FD68842FAA}.Release|ARM64.Build.0 = Release|x64
		{A8012EF2-16C0-375A-89D1-76FD68842FAA}.Release|x64.ActiveCfg = Release|x64
		{A8012EF2-16C0-375A-89D1-76FD68842FAA}.Release|x64.Build.0 = Release|x64
		{A8012EF2-16C0-375A-89D1-76FD68842FAA}.Release|x86.ActiveCfg = Release|x64
		{A8012EF2-16C0-375A-89D1-76FD68842FAA}.Release|x86.Build.0 = Release|x64
		{A8012EF2-16C0-375A-89D1-76FD68842FAA}.RelWithDebInfo|Any CPU.ActiveCfg = RelWithDebInfo|x64
		{A8012EF2-16C0-375A-89D1-76FD68842FAA}.RelWithDebInfo|Any CPU.Build.0 = RelWithDebInfo|x64
		{A8012EF2-16C0-375A-89D1-76FD68842FAA}.RelWithDebInfo|ARM64.ActiveCfg = RelWithDebInfo|x64
		{A8012EF2-16C0-375A-89D1-76FD68842FAA}.RelWithDebInfo|ARM64.Build.0 = RelWithDebInfo|x64
		{A8012EF2-16C0-375A-89D1-76FD68842FAA}.RelWithDebInfo|x64.ActiveCfg = RelWithDebInfo|x64
		{A8012EF2-16C0-375A-89D1-76FD68842FAA}.RelWithDebInfo|x64.Build.0 = RelWithDebInfo|x64
		{A8012EF2-16C0-375A-89D1-76FD68842FAA}.RelWithDebInfo|x86.ActiveCfg = RelWithDebInfo|x64
		{A8012EF2-16C0-375A-89D1-76FD68842FAA}.RelWithDebInfo|x86.Build.0 = RelWithDebInfo|x64
		{8863B643-8DED-393D-930B-C972B0F696F1}.Debug|Any CPU.ActiveCfg = Debug|ARM64
		{8863B643-8DED-393D-930B-C972B0F696F1}.Debug|Any CPU.Build.0 = Debug|ARM64
		{8863B643-8DED-393D-930B-C972B0F696F1}.Debug|ARM64.ActiveCfg = Debug|ARM64
		{8863B643-8DED-393D-930B-C972B0F696F1}.Debug|ARM64.Build.0 = Debug|ARM64
		{8863B643-8DED-393D-930B-C972B0F696F1}.Debug|x64.ActiveCfg = Debug|ARM64
		{8863B643-8DED-393D-930B-C972B0F696F1}.Debug|x64.Build.0 = Debug|ARM64
		{8863B643-8DED-393D-930B-C972B0F696F1}.Debug|x86.ActiveCfg = Debug|ARM64
		{8863B643-8DED-393D-930B-C972B0F696F1}.Debug|x86.Build.0 = Debug|ARM64
		{8863B643-8DED-393D-930B-C972B0F696F1}.MinSizeRel|Any CPU.ActiveCfg = MinSizeRel|ARM64
		{8863B643-8DED-393D-930B-C972B0F696F1}.MinSizeRel|Any CPU.Build.0 = MinSizeRel|ARM64
		{8863B643-8DED-393D-930B-C972B0F696F1}.MinSizeRel|ARM64.ActiveCfg = MinSizeRel|ARM64
		{8863B643-8DED-393D-930B-C972B0F696F1}.MinSizeRel|ARM64.Build.0 = MinSizeRel|ARM64
		{8863B643-8DED-393D-930B-C972B0F696F1}.MinSizeRel|x64.ActiveCfg = MinSizeRel|ARM64
		{8863B643-8DED-393D-930B-C972B0F696F1}.MinSizeRel|x64.Build.0 = MinSizeRel|ARM64
		{8863B643-8DED-393D-930B-C972B0F696F1}.MinSizeRel|x86.ActiveCfg = MinSizeRel|ARM64
		{8863B643-8DED-393D-930B-C972B0F696F1}.MinSizeRel|x86.Build.0 = MinSizeRel|ARM64
		{8863B643-8DED-393D-930B-C972B0F696F1}.Release|Any CPU.ActiveCfg = Release|ARM64
		{8863B643-8DED-393D-930B-C972B0F696F1}.Release|Any CPU.Build.0 = Release|ARM64
		{8863B643-8DED-393D-930B-C972B0F696F1}.Release|ARM64.ActiveCfg = Release|ARM64
		{8863B643-8DED-393D-930B-C972B0F696F1}.Release|ARM64.Build.0 = Release|ARM64
		{8863B643-8DED-393D-930B-C972B0F696F1}.Release|x64.ActiveCfg = Release|ARM64
		{8863B643-8DED-393D-930B-C972B0F696F1}.Release|x64.Build.0 = Release|ARM64
		{8863B643-8DED-393D-930B-C972B0F696F1}.Release|x86.ActiveCfg = Release|ARM64
		{8863B643-8DED-393D-930B-C972B0F696F1}.Release|x86.Build.0 = Release|ARM64
		{8863B643-8DED-393D-930B-C972B0F696F1}.RelWithDebInfo|Any CPU.ActiveCfg = RelWithDebInfo|ARM64
		{8863B643-8DED-393D-930B-C972B0F696F1}.RelWithDebInfo|Any CPU.Build.0 = RelWithDebInfo|ARM64
		{8863B643-8DED-393D-930B-C972B0F696F1}.RelWithDebInfo|ARM64.ActiveCfg = RelWithDebInfo|ARM64
		{8863B643-8DED-393D-930B-C972B0F696F1}.RelWithDebInfo|ARM64.Build.0 = RelWithDebInfo|ARM64
		{8863B643-8DED-393D-930B-C972B0F696F1}.RelWithDebInfo|x64.ActiveCfg = RelWithDebInfo|ARM64
		{8863B643-8DED-393D-930B-C972B0F696F1}.RelWithDebInfo|x64.Build.0 = RelWithDebInfo|ARM64
		{8863B643-8DED-393D-930B-C972B0F696F1}.RelWithDebInfo|x86.ActiveCfg = RelWithDebInfo|ARM64
		{8863B643-8DED-393D-930B-C972B0F696F1}.RelWithDebInfo|x86.Build.0 = RelWithDebInfo|ARM64
		{BC728A85-20E4-441B-B501-9E12498E0EB5}.Debug|Any CPU.ActiveCfg = Debug|x64
		{BC728A85-20E4-441B-B501-9E12498E0EB5}.Debug|Any CPU.Build.0 = Debug|x64
		{BC728A85-20E4-441B-B501-9E12498E0EB5}.Debug|ARM64.ActiveCfg = Debug|ARM64
		{BC728A85-20E4-441B-B501-9E12498E0EB5}.Debug|ARM64.Build.0 = Debug|ARM64
		{BC728A85-20E4-441B-B501-9E12498E0EB5}.Debug|x64.ActiveCfg = Debug|x64
		{BC728A85-20E4-441B-B501-9E12498E0EB5}.Debug|x64.Build.0 = Debug|x64
		{BC728A85-20E4-441B-B501-9E12498E0EB5}.Debug|x86.ActiveCfg = Debug|Win32
		{BC728A85-20E4-441B-B501-9E12498E0EB5}.Debug|x86.Build.0 = Debug|Win32
		{BC728A85-20E4-441B-B501-9E12498E0EB5}.MinSizeRel|Any CPU.ActiveCfg = Debug|x64
		{BC728A85-20E4-441B-B501-9E12498E0EB5}.MinSizeRel|Any CPU.Build.0 = Debug|x64
		{BC728A85-20E4-441B-B501-9E12498E0EB5}.MinSizeRel|ARM64.ActiveCfg = Debug|ARM64
		{BC728A85-20E4-441B-B501-9E12498E0EB5}.MinSizeRel|ARM64.Build.0 = Debug|ARM64
		{BC728A85-20E4-441B-B501-9E12498E0EB5}.MinSizeRel|x64.ActiveCfg = Debug|x64
		{BC728A85-20E4-441B-B501-9E12498E0EB5}.MinSizeRel|x64.Build.0 = Debug|x64
		{BC728A85-20E4-441B-B501-9E12498E0EB5}.MinSizeRel|x86.ActiveCfg = Debug|Win32
		{BC728A85-20E4-441B-B501-9E12498E0EB5}.MinSizeRel|x86.Build.0 = Debug|Win32
		{BC728A85-20E4-441B-B501-9E12498E0EB5}.Release|Any CPU.ActiveCfg = Release|x64
		{BC728A85-20E4-441B-B501-9E12498E0EB5}.Release|Any CPU.Build.0 = Release|x64
		{BC728A85-20E4-441B-B501-9E12498E0EB5}.Release|ARM64.ActiveCfg = Release|ARM64
		{BC728A85-20E4-441B-B501-9E12498E0EB5}.Release|ARM64.Build.0 = Release|ARM64
		{BC728A85-20E4-441B-B501-9E12498E0EB5}.Release|x64.ActiveCfg = Release|x64
		{BC728A85-20E4-441B-B501-9E12498E0EB5}.Release|x64.Build.0 = Release|x64
		{BC728A85-20E4-441B-B501-9E12498E0EB5}.Release|x86.ActiveCfg = Release|Win32
		{BC728A85-20E4-441B-B501-9E12498E0EB5}.Release|x86.Build.0 = Release|Win32
		{BC728A85-20E4-441B-B501-9E12498E0EB5}.RelWithDebInfo|Any CPU.ActiveCfg = Release|x64
		{BC728A85-20E4-441B-B501-9E12498E0EB5}.RelWithDebInfo|Any CPU.Build.0 = Release|x64
		{BC728A85-20E4-441B-B501-9E12498E0EB5}.RelWithDebInfo|ARM64.ActiveCfg = Release|ARM64
		{BC728A85-20E4-441B-B501-9E12498E0EB5}.RelWithDebInfo|ARM64.Build.0 = Release|ARM64
		{BC728A85-20E4-441B-B501-9E12498E0EB5}.RelWithDebInfo|x64.ActiveCfg = Release|x64
		{BC728A85-20E4-441B-B501-9E12498E0EB5}.RelWithDebInfo|x64.Build.0 = Release|x64
		{BC728A85-20E4-441B-B501-9E12498E0EB5}.RelWithDebInfo|x86.ActiveCfg = Release|Win32
		{BC728A85-20E4-441B-B501-9E12498E0EB5}.RelWithDebInfo|x86.Build.0 = Release|Win32
		{2A9ACD5D-C004-4F7C-9777-7B1F92CA6E51}.Debug|Any CPU.ActiveCfg = Debug|Any CPU
		{2A9ACD5D-C004-4F7C-9777-7B1F92CA6E51}.Debug|Any CPU.Build.0 = Debug|Any CPU
		{2A9ACD5D-C004-4F7C-9777-7B1F92CA6E51}.Debug|ARM64.ActiveCfg = Debug|Any CPU
		{2A9ACD5D-C004-4F7C-9777-7B1F92CA6E51}.Debug|ARM64.Build.0 = Debug|Any CPU
		{2A9ACD5D-C004-4F7C-9777-7B1F92CA6E51}.Debug|x64.ActiveCfg = Debug|Any CPU
		{2A9ACD5D-C004-4F7C-9777-7B1F92CA6E51}.Debug|x64.Build.0 = Debug|Any CPU
		{2A9ACD5D-C004-4F7C-9777-7B1F92CA6E51}.Debug|x86.ActiveCfg = Debug|Any CPU
		{2A9ACD5D-C004-4F7C-9777-7B1F92CA6E51}.Debug|x86.Build.0 = Debug|Any CPU
		{2A9ACD5D-C004-4F7C-9777-7B1F92CA6E51}.MinSizeRel|Any CPU.ActiveCfg = Debug|Any CPU
		{2A9ACD5D-C004-4F7C-9777-7B1F92CA6E51}.MinSizeRel|Any CPU.Build.0 = Debug|Any CPU
		{2A9ACD5D-C004-4F7C-9777-7B1F92CA6E51}.MinSizeRel|ARM64.ActiveCfg = Debug|Any CPU
		{2A9ACD5D-C004-4F7C-9777-7B1F92CA6E51}.MinSizeRel|ARM64.Build.0 = Debug|Any CPU
		{2A9ACD5D-C004-4F7C-9777-7B1F92CA6E51}.MinSizeRel|x64.ActiveCfg = Debug|Any CPU
		{2A9ACD5D-C004-4F7C-9777-7B1F92CA6E51}.MinSizeRel|x64.Build.0 = Debug|Any CPU
		{2A9ACD5D-C004-4F7C-9777-7B1F92CA6E51}.MinSizeRel|x86.ActiveCfg = Debug|Any CPU
		{2A9ACD5D-C004-4F7C-9777-7B1F92CA6E51}.MinSizeRel|x86.Build.0 = Debug|Any CPU
		{2A9ACD5D-C004-4F7C-9777-7B1F92CA6E51}.Release|Any CPU.ActiveCfg = Release|Any CPU
		{2A9ACD5D-C004-4F7C-9777-7B1F92CA6E51}.Release|Any CPU.Build.0 = Release|Any CPU
		{2A9ACD5D-C004-4F7C-9777-7B1F92CA6E51}.Release|ARM64.ActiveCfg = Release|Any CPU
		{2A9ACD5D-C004-4F7C-9777-7B1F92CA6E51}.Release|ARM64.Build.0 = Release|Any CPU
		{2A9ACD5D-C004-4F7C-9777-7B1F92CA6E51}.Release|x64.ActiveCfg = Release|Any CPU
		{2A9ACD5D-C004-4F7C-9777-7B1F92CA6E51}.Release|x64.Build.0 = Release|Any CPU
		{2A9ACD5D-C004-4F7C-9777-7B1F92CA6E51}.Release|x86.ActiveCfg = Release|Any CPU
		{2A9ACD5D-C004-4F7C-9777-7B1F92CA6E51}.Release|x86.Build.0 = Release|Any CPU
		{2A9ACD5D-C004-4F7C-9777-7B1F92CA6E51}.RelWithDebInfo|Any CPU.ActiveCfg = Release|Any CPU
		{2A9ACD5D-C004-4F7C-9777-7B1F92CA6E51}.RelWithDebInfo|Any CPU.Build.0 = Release|Any CPU
		{2A9ACD5D-C004-4F7C-9777-7B1F92CA6E51}.RelWithDebInfo|ARM64.ActiveCfg = Release|Any CPU
		{2A9ACD5D-C004-4F7C-9777-7B1F92CA6E51}.RelWithDebInfo|ARM64.Build.0 = Release|Any CPU
		{2A9ACD5D-C004-4F7C-9777-7B1F92CA6E51}.RelWithDebInfo|x64.ActiveCfg = Release|Any CPU
		{2A9ACD5D-C004-4F7C-9777-7B1F92CA6E51}.RelWithDebInfo|x64.Build.0 = Release|Any CPU
		{2A9ACD5D-C004-4F7C-9777-7B1F92CA6E51}.RelWithDebInfo|x86.ActiveCfg = Release|Any CPU
		{2A9ACD5D-C004-4F7C-9777-7B1F92CA6E51}.RelWithDebInfo|x86.Build.0 = Release|Any CPU
	EndGlobalSection
	GlobalSection(SolutionProperties) = preSolution
		HideSolutionNode = FALSE
	EndGlobalSection
	GlobalSection(ExtensibilityGlobals) = postSolution
		SolutionGuid = {80EEC313-7621-44B9-8014-4E30963320AD}
	EndGlobalSection
EndGlobal
